// !$*UTF8*$!
{
	archiveVersion = 1;
	classes = {
	};
	objectVersion = 46;
	objects = {

/* Begin PBXBuildFile section */
		FD2EE1041D86CA1C00700C58 /* ExcerptRenderer.swift in Sources */ = {isa = PBXBuildFile; fileRef = FD2EE1031D86CA1C00700C58 /* ExcerptRenderer.swift */; };
		FD2EE1061D86CCD900700C58 /* Paginate.swift in Sources */ = {isa = PBXBuildFile; fileRef = FD2EE1051D86CCD900700C58 /* Paginate.swift */; };
		FD3915821D7DB7BE00F7F5F7 /* main.swift in Sources */ = {isa = PBXBuildFile; fileRef = FD8531B11D4A2A3500658286 /* main.swift */; };
		FD3915831D7DB80C00F7F5F7 /* SpeltKit.framework in Frameworks */ = {isa = PBXBuildFile; fileRef = FD8531BD1D4A2A6200658286 /* SpeltKit.framework */; };
		FD3915841D7DB80C00F7F5F7 /* SpeltKit.framework in Embed Frameworks */ = {isa = PBXBuildFile; fileRef = FD8531BD1D4A2A6200658286 /* SpeltKit.framework */; settings = {ATTRIBUTES = (CodeSignOnCopy, RemoveHeadersOnCopy, ); }; };
		FD39158A1D7DC56000F7F5F7 /* SwiftSass.framework in Copy Frameworks to Products Directory */ = {isa = PBXBuildFile; fileRef = FDB9A8AA1D54BF230016CDB7 /* SwiftSass.framework */; };
		FD39158B1D7DC56000F7F5F7 /* PathKit.framework in Copy Frameworks to Products Directory */ = {isa = PBXBuildFile; fileRef = FD6D607B1D4BA3B100A7C277 /* PathKit.framework */; };
		FD39158C1D7DC56000F7F5F7 /* SwiftYAML.framework in Copy Frameworks to Products Directory */ = {isa = PBXBuildFile; fileRef = FD6D5FE81D4B7B1A00A7C277 /* SwiftYAML.framework */; };
		FD39158D1D7DC56000F7F5F7 /* Hoedown.framework in Copy Frameworks to Products Directory */ = {isa = PBXBuildFile; fileRef = FD8531E31D4A3A7400658286 /* Hoedown.framework */; };
		FD39158E1D7DC56000F7F5F7 /* SwiftHoedown.framework in Copy Frameworks to Products Directory */ = {isa = PBXBuildFile; fileRef = FD8531E01D4A3A4C00658286 /* SwiftHoedown.framework */; };
		FD3915921D7DCBAE00F7F5F7 /* Commandant.framework in Frameworks */ = {isa = PBXBuildFile; fileRef = FD3915901D7DCBAE00F7F5F7 /* Commandant.framework */; };
		FD3915931D7DCBAE00F7F5F7 /* Result.framework in Frameworks */ = {isa = PBXBuildFile; fileRef = FD3915911D7DCBAE00F7F5F7 /* Result.framework */; };
		FD3915941D7DCBB800F7F5F7 /* Commandant.framework in Copy Frameworks to embed in Framework */ = {isa = PBXBuildFile; fileRef = FD3915901D7DCBAE00F7F5F7 /* Commandant.framework */; settings = {ATTRIBUTES = (CodeSignOnCopy, RemoveHeadersOnCopy, ); }; };
		FD3915951D7DCBBB00F7F5F7 /* Result.framework in Copy Frameworks to embed in Framework */ = {isa = PBXBuildFile; fileRef = FD3915911D7DCBAE00F7F5F7 /* Result.framework */; settings = {ATTRIBUTES = (CodeSignOnCopy, RemoveHeadersOnCopy, ); }; };
		FD3915961D7DCBBF00F7F5F7 /* Commandant.framework in Copy Frameworks to Products Directory */ = {isa = PBXBuildFile; fileRef = FD3915901D7DCBAE00F7F5F7 /* Commandant.framework */; };
		FD3915971D7DCBC100F7F5F7 /* Result.framework in Copy Frameworks to Products Directory */ = {isa = PBXBuildFile; fileRef = FD3915911D7DCBAE00F7F5F7 /* Result.framework */; };
		FD3915991D7EEF8600F7F5F7 /* Build.swift in Sources */ = {isa = PBXBuildFile; fileRef = FD3915981D7EEF8600F7F5F7 /* Build.swift */; };
		FD39159E1D7F015E00F7F5F7 /* GCDWebServers.framework in Frameworks */ = {isa = PBXBuildFile; fileRef = FD39159C1D7F015E00F7F5F7 /* GCDWebServers.framework */; };
		FD39159F1D7F015E00F7F5F7 /* Witness.framework in Frameworks */ = {isa = PBXBuildFile; fileRef = FD39159D1D7F015E00F7F5F7 /* Witness.framework */; };
		FD3915A01D7F016600F7F5F7 /* GCDWebServers.framework in Copy Frameworks to embed in Framework */ = {isa = PBXBuildFile; fileRef = FD39159C1D7F015E00F7F5F7 /* GCDWebServers.framework */; settings = {ATTRIBUTES = (CodeSignOnCopy, RemoveHeadersOnCopy, ); }; };
		FD3915A11D7F016600F7F5F7 /* Witness.framework in Copy Frameworks to embed in Framework */ = {isa = PBXBuildFile; fileRef = FD39159D1D7F015E00F7F5F7 /* Witness.framework */; settings = {ATTRIBUTES = (CodeSignOnCopy, RemoveHeadersOnCopy, ); }; };
		FD3915A21D7F016A00F7F5F7 /* GCDWebServers.framework in Copy Frameworks to Products Directory */ = {isa = PBXBuildFile; fileRef = FD39159C1D7F015E00F7F5F7 /* GCDWebServers.framework */; };
		FD3915A31D7F016A00F7F5F7 /* Witness.framework in Copy Frameworks to Products Directory */ = {isa = PBXBuildFile; fileRef = FD39159D1D7F015E00F7F5F7 /* Witness.framework */; };
		FD3915A51D7F01B300F7F5F7 /* Serve.swift in Sources */ = {isa = PBXBuildFile; fileRef = FD3915A41D7F01B300F7F5F7 /* Serve.swift */; };
		FD3915A61D7F01B700F7F5F7 /* SiteServer.swift in Sources */ = {isa = PBXBuildFile; fileRef = FD39159A1D7F011600F7F5F7 /* SiteServer.swift */; };
		FD3915A81D7F13A500F7F5F7 /* SiteObserver.swift in Sources */ = {isa = PBXBuildFile; fileRef = FD3915A71D7F13A500F7F5F7 /* SiteObserver.swift */; };
		FD4B9B501D880335009061F8 /* New.swift in Sources */ = {isa = PBXBuildFile; fileRef = FD4B9B4E1D8801F1009061F8 /* New.swift */; };
		FD6D5FD81D4A3C1100A7C277 /* SiteReaderTests.swift in Sources */ = {isa = PBXBuildFile; fileRef = FD6D5FD71D4A3C1100A7C277 /* SiteReaderTests.swift */; };
		FD6D5FE11D4A4BE600A7C277 /* String+Paths.swift in Sources */ = {isa = PBXBuildFile; fileRef = FD6D5FE01D4A4BE600A7C277 /* String+Paths.swift */; };
		FD6D5FE51D4B4E7100A7C277 /* Document.swift in Sources */ = {isa = PBXBuildFile; fileRef = FD6D5FE41D4B4E7100A7C277 /* Document.swift */; };
		FD6D5FE71D4B778E00A7C277 /* Metadata.swift in Sources */ = {isa = PBXBuildFile; fileRef = FD6D5FE61D4B778E00A7C277 /* Metadata.swift */; };
		FD6D5FEA1D4B7B2700A7C277 /* SwiftYAML.framework in Frameworks */ = {isa = PBXBuildFile; fileRef = FD6D5FE81D4B7B1A00A7C277 /* SwiftYAML.framework */; };
		FD6D5FEC1D4B7B6B00A7C277 /* NSRegularExpression+Utilities.swift in Sources */ = {isa = PBXBuildFile; fileRef = FD6D5FEB1D4B7B6B00A7C277 /* NSRegularExpression+Utilities.swift */; };
		FD6D5FEE1D4B7F8700A7C277 /* Utilities.swift in Sources */ = {isa = PBXBuildFile; fileRef = FD6D5FED1D4B7F8700A7C277 /* Utilities.swift */; };
		FD6D5FF01D4B8FD400A7C277 /* SiteBuilder.swift in Sources */ = {isa = PBXBuildFile; fileRef = FD6D5FEF1D4B8FD400A7C277 /* SiteBuilder.swift */; };
		FD6D5FF41D4B90BC00A7C277 /* SiteRendererTests.swift in Sources */ = {isa = PBXBuildFile; fileRef = FD6D5FF31D4B90BC00A7C277 /* SiteRendererTests.swift */; };
		FD6D5FF61D4B90F000A7C277 /* SiteRenderer.swift in Sources */ = {isa = PBXBuildFile; fileRef = FD6D5FF51D4B90F000A7C277 /* SiteRenderer.swift */; };
		FD6D5FF81D4B91F800A7C277 /* YAMLDateFormatter.swift in Sources */ = {isa = PBXBuildFile; fileRef = FD6D5FF71D4B91F800A7C277 /* YAMLDateFormatter.swift */; };
		FD6D5FFB1D4B969B00A7C277 /* Permalinks.swift in Sources */ = {isa = PBXBuildFile; fileRef = FD6D5FFA1D4B969B00A7C277 /* Permalinks.swift */; };
		FD6D5FFD1D4B975400A7C277 /* File.swift in Sources */ = {isa = PBXBuildFile; fileRef = FD6D5FFC1D4B975400A7C277 /* File.swift */; };
		FD6D60611D4BA19D00A7C277 /* Context.swift in Sources */ = {isa = PBXBuildFile; fileRef = FD6D60521D4BA19D00A7C277 /* Context.swift */; };
		FD6D60621D4BA19D00A7C277 /* Filters.swift in Sources */ = {isa = PBXBuildFile; fileRef = FD6D60531D4BA19D00A7C277 /* Filters.swift */; };
		FD6D60641D4BA19D00A7C277 /* Lexer.swift in Sources */ = {isa = PBXBuildFile; fileRef = FD6D60551D4BA19D00A7C277 /* Lexer.swift */; };
		FD6D60651D4BA19D00A7C277 /* Namespace.swift in Sources */ = {isa = PBXBuildFile; fileRef = FD6D60561D4BA19D00A7C277 /* Namespace.swift */; };
		FD6D60661D4BA19D00A7C277 /* Node.swift in Sources */ = {isa = PBXBuildFile; fileRef = FD6D60571D4BA19D00A7C277 /* Node.swift */; };
		FD6D60671D4BA19D00A7C277 /* Parser.swift in Sources */ = {isa = PBXBuildFile; fileRef = FD6D60581D4BA19D00A7C277 /* Parser.swift */; };
		FD6D60681D4BA19D00A7C277 /* String+Extensions.swift in Sources */ = {isa = PBXBuildFile; fileRef = FD6D60591D4BA19D00A7C277 /* String+Extensions.swift */; };
		FD6D60691D4BA19D00A7C277 /* Template.swift in Sources */ = {isa = PBXBuildFile; fileRef = FD6D605A1D4BA19D00A7C277 /* Template.swift */; };
		FD6D606A1D4BA19D00A7C277 /* Include.swift in Sources */ = {isa = PBXBuildFile; fileRef = FD6D605C1D4BA19D00A7C277 /* Include.swift */; };
		FD6D606B1D4BA19D00A7C277 /* Inheritence.swift in Sources */ = {isa = PBXBuildFile; fileRef = FD6D605D1D4BA19D00A7C277 /* Inheritence.swift */; };
		FD6D606C1D4BA19D00A7C277 /* TemplateLoader.swift in Sources */ = {isa = PBXBuildFile; fileRef = FD6D605E1D4BA19D00A7C277 /* TemplateLoader.swift */; };
		FD6D606D1D4BA19D00A7C277 /* Tokenizer.swift in Sources */ = {isa = PBXBuildFile; fileRef = FD6D605F1D4BA19D00A7C277 /* Tokenizer.swift */; };
		FD6D606E1D4BA19D00A7C277 /* Variable.swift in Sources */ = {isa = PBXBuildFile; fileRef = FD6D60601D4BA19D00A7C277 /* Variable.swift */; };
		FD6D60701D4BA21B00A7C277 /* TemplateRenderer.swift in Sources */ = {isa = PBXBuildFile; fileRef = FD6D606F1D4BA21B00A7C277 /* TemplateRenderer.swift */; };
		FD6D60721D4BA27900A7C277 /* Stencil+Spelt.swift in Sources */ = {isa = PBXBuildFile; fileRef = FD6D60711D4BA27900A7C277 /* Stencil+Spelt.swift */; };
		FD6D60741D4BA2AE00A7C277 /* Stencil+MathFilters.swift in Sources */ = {isa = PBXBuildFile; fileRef = FD6D60731D4BA2AE00A7C277 /* Stencil+MathFilters.swift */; };
		FD6D60761D4BA2D500A7C277 /* String+HTML.swift in Sources */ = {isa = PBXBuildFile; fileRef = FD6D60751D4BA2D500A7C277 /* String+HTML.swift */; };
		FD6D60781D4BA30700A7C277 /* String+XML.swift in Sources */ = {isa = PBXBuildFile; fileRef = FD6D60771D4BA30700A7C277 /* String+XML.swift */; };
		FD6D607A1D4BA36A00A7C277 /* MarkdownConverter.swift in Sources */ = {isa = PBXBuildFile; fileRef = FD6D60791D4BA36A00A7C277 /* MarkdownConverter.swift */; };
		FD6D607C1D4BA3B100A7C277 /* PathKit.framework in Frameworks */ = {isa = PBXBuildFile; fileRef = FD6D607B1D4BA3B100A7C277 /* PathKit.framework */; };
		FD6D607E1D4BA51000A7C277 /* Error.swift in Sources */ = {isa = PBXBuildFile; fileRef = FD6D607D1D4BA51000A7C277 /* Error.swift */; };
		FD8531CD1D4A2A6200658286 /* SpeltKit.h in Headers */ = {isa = PBXBuildFile; fileRef = FD8531BF1D4A2A6200658286 /* SpeltKit.h */; settings = {ATTRIBUTES = (Public, ); }; };
		FD8531D81D4A2A8D00658286 /* Post.swift in Sources */ = {isa = PBXBuildFile; fileRef = FD8531B31D4A2A3500658286 /* Post.swift */; };
		FD8531D91D4A2A8D00658286 /* Site.swift in Sources */ = {isa = PBXBuildFile; fileRef = FD8531B41D4A2A3500658286 /* Site.swift */; };
		FD8531DA1D4A2A8D00658286 /* SiteReader.swift in Sources */ = {isa = PBXBuildFile; fileRef = FD8531B51D4A2A3500658286 /* SiteReader.swift */; };
		FD8531DB1D4A2A8D00658286 /* StaticFile.swift in Sources */ = {isa = PBXBuildFile; fileRef = FD8531B61D4A2A3500658286 /* StaticFile.swift */; };
		FD8531E21D4A3A7200658286 /* SwiftHoedown.framework in Frameworks */ = {isa = PBXBuildFile; fileRef = FD8531E01D4A3A4C00658286 /* SwiftHoedown.framework */; };
		FD8531E41D4A3A7400658286 /* Hoedown.framework in Frameworks */ = {isa = PBXBuildFile; fileRef = FD8531E31D4A3A7400658286 /* Hoedown.framework */; };
		FD94A8BA1D75B279000D3888 /* PostTests.swift in Sources */ = {isa = PBXBuildFile; fileRef = FD94A8B91D75B279000D3888 /* PostTests.swift */; };
		FD94A8BD1D75C1D9000D3888 /* SiteConfiguration.swift in Sources */ = {isa = PBXBuildFile; fileRef = FD94A8BB1D75C1AA000D3888 /* SiteConfiguration.swift */; };
		FDB926321D6B4CA200B8D5D3 /* SiteBuilderTests.swift in Sources */ = {isa = PBXBuildFile; fileRef = FDB926311D6B4CA200B8D5D3 /* SiteBuilderTests.swift */; };
		FDB9A8A91D54B99B0016CDB7 /* SassConverter.swift in Sources */ = {isa = PBXBuildFile; fileRef = FDB9A8A81D54B99B0016CDB7 /* SassConverter.swift */; };
		FDB9A8AB1D54BF230016CDB7 /* SwiftSass.framework in Frameworks */ = {isa = PBXBuildFile; fileRef = FDB9A8AA1D54BF230016CDB7 /* SwiftSass.framework */; };
		FDE1D6221D7DB72D009A1A77 /* SwiftSass.framework in Copy Frameworks to embed in Framework */ = {isa = PBXBuildFile; fileRef = FDB9A8AA1D54BF230016CDB7 /* SwiftSass.framework */; settings = {ATTRIBUTES = (CodeSignOnCopy, RemoveHeadersOnCopy, ); }; };
		FDE1D6231D7DB72D009A1A77 /* PathKit.framework in Copy Frameworks to embed in Framework */ = {isa = PBXBuildFile; fileRef = FD6D607B1D4BA3B100A7C277 /* PathKit.framework */; settings = {ATTRIBUTES = (CodeSignOnCopy, RemoveHeadersOnCopy, ); }; };
		FDE1D6241D7DB72D009A1A77 /* SwiftYAML.framework in Copy Frameworks to embed in Framework */ = {isa = PBXBuildFile; fileRef = FD6D5FE81D4B7B1A00A7C277 /* SwiftYAML.framework */; settings = {ATTRIBUTES = (CodeSignOnCopy, RemoveHeadersOnCopy, ); }; };
		FDE1D6251D7DB72D009A1A77 /* Hoedown.framework in Copy Frameworks to embed in Framework */ = {isa = PBXBuildFile; fileRef = FD8531E31D4A3A7400658286 /* Hoedown.framework */; settings = {ATTRIBUTES = (CodeSignOnCopy, RemoveHeadersOnCopy, ); }; };
		FDE1D6261D7DB72D009A1A77 /* SwiftHoedown.framework in Copy Frameworks to embed in Framework */ = {isa = PBXBuildFile; fileRef = FD8531E01D4A3A4C00658286 /* SwiftHoedown.framework */; settings = {ATTRIBUTES = (CodeSignOnCopy, RemoveHeadersOnCopy, ); }; };
		FDF93A071D84554200C9C8FF /* CollectionRenderer.swift in Sources */ = {isa = PBXBuildFile; fileRef = FDF93A061D84554100C9C8FF /* CollectionRenderer.swift */; };
/* End PBXBuildFile section */

/* Begin PBXContainerItemProxy section */
		FD3915851D7DB80C00F7F5F7 /* PBXContainerItemProxy */ = {
			isa = PBXContainerItemProxy;
			containerPortal = FD85319D1D4A29B700658286 /* Project object */;
			proxyType = 1;
			remoteGlobalIDString = FD8531BC1D4A2A6200658286;
			remoteInfo = SpeltKit;
		};
		FD8531C71D4A2A6200658286 /* PBXContainerItemProxy */ = {
			isa = PBXContainerItemProxy;
			containerPortal = FD85319D1D4A29B700658286 /* Project object */;
			proxyType = 1;
			remoteGlobalIDString = FD8531BC1D4A2A6200658286;
			remoteInfo = Spelt;
		};
/* End PBXContainerItemProxy section */

/* Begin PBXCopyFilesBuildPhase section */
		FD3915871D7DB80C00F7F5F7 /* Embed Frameworks */ = {
			isa = PBXCopyFilesBuildPhase;
			buildActionMask = 2147483647;
			dstPath = "";
			dstSubfolderSpec = 10;
			files = (
				FD3915841D7DB80C00F7F5F7 /* SpeltKit.framework in Embed Frameworks */,
			);
			name = "Embed Frameworks";
			runOnlyForDeploymentPostprocessing = 0;
		};
		FD3915891D7DC55500F7F5F7 /* Copy Frameworks to Products Directory */ = {
			isa = PBXCopyFilesBuildPhase;
			buildActionMask = 2147483647;
			dstPath = "";
			dstSubfolderSpec = 16;
			files = (
				FD3915A21D7F016A00F7F5F7 /* GCDWebServers.framework in Copy Frameworks to Products Directory */,
				FD3915A31D7F016A00F7F5F7 /* Witness.framework in Copy Frameworks to Products Directory */,
				FD39158A1D7DC56000F7F5F7 /* SwiftSass.framework in Copy Frameworks to Products Directory */,
				FD3915961D7DCBBF00F7F5F7 /* Commandant.framework in Copy Frameworks to Products Directory */,
				FD3915971D7DCBC100F7F5F7 /* Result.framework in Copy Frameworks to Products Directory */,
				FD39158B1D7DC56000F7F5F7 /* PathKit.framework in Copy Frameworks to Products Directory */,
				FD39158C1D7DC56000F7F5F7 /* SwiftYAML.framework in Copy Frameworks to Products Directory */,
				FD39158D1D7DC56000F7F5F7 /* Hoedown.framework in Copy Frameworks to Products Directory */,
				FD39158E1D7DC56000F7F5F7 /* SwiftHoedown.framework in Copy Frameworks to Products Directory */,
			);
			name = "Copy Frameworks to Products Directory";
			runOnlyForDeploymentPostprocessing = 0;
		};
		FDE1D6211D7DB717009A1A77 /* Copy Frameworks to embed in Framework */ = {
			isa = PBXCopyFilesBuildPhase;
			buildActionMask = 2147483647;
			dstPath = "";
			dstSubfolderSpec = 10;
			files = (
				FDE1D6221D7DB72D009A1A77 /* SwiftSass.framework in Copy Frameworks to embed in Framework */,
				FDE1D6231D7DB72D009A1A77 /* PathKit.framework in Copy Frameworks to embed in Framework */,
				FD3915951D7DCBBB00F7F5F7 /* Result.framework in Copy Frameworks to embed in Framework */,
				FD3915941D7DCBB800F7F5F7 /* Commandant.framework in Copy Frameworks to embed in Framework */,
				FDE1D6241D7DB72D009A1A77 /* SwiftYAML.framework in Copy Frameworks to embed in Framework */,
				FDE1D6251D7DB72D009A1A77 /* Hoedown.framework in Copy Frameworks to embed in Framework */,
				FDE1D6261D7DB72D009A1A77 /* SwiftHoedown.framework in Copy Frameworks to embed in Framework */,
				FD3915A01D7F016600F7F5F7 /* GCDWebServers.framework in Copy Frameworks to embed in Framework */,
				FD3915A11D7F016600F7F5F7 /* Witness.framework in Copy Frameworks to embed in Framework */,
			);
			name = "Copy Frameworks to embed in Framework";
			runOnlyForDeploymentPostprocessing = 0;
		};
/* End PBXCopyFilesBuildPhase section */

/* Begin PBXFileReference section */
		FD2EE1031D86CA1C00700C58 /* ExcerptRenderer.swift */ = {isa = PBXFileReference; fileEncoding = 4; lastKnownFileType = sourcecode.swift; path = ExcerptRenderer.swift; sourceTree = "<group>"; };
		FD2EE1051D86CCD900700C58 /* Paginate.swift */ = {isa = PBXFileReference; fileEncoding = 4; lastKnownFileType = sourcecode.swift; path = Paginate.swift; sourceTree = "<group>"; };
		FD3915751D7DB78E00F7F5F7 /* spelt.app */ = {isa = PBXFileReference; explicitFileType = wrapper.application; includeInIndex = 0; path = spelt.app; sourceTree = BUILT_PRODUCTS_DIR; };
		FD39157E1D7DB78E00F7F5F7 /* Info.plist */ = {isa = PBXFileReference; lastKnownFileType = text.plist.xml; path = Info.plist; sourceTree = "<group>"; };
		FD3915901D7DCBAE00F7F5F7 /* Commandant.framework */ = {isa = PBXFileReference; lastKnownFileType = wrapper.framework; name = Commandant.framework; path = Carthage/Build/Mac/Commandant.framework; sourceTree = "<group>"; };
		FD3915911D7DCBAE00F7F5F7 /* Result.framework */ = {isa = PBXFileReference; lastKnownFileType = wrapper.framework; name = Result.framework; path = Carthage/Build/Mac/Result.framework; sourceTree = "<group>"; };
		FD3915981D7EEF8600F7F5F7 /* Build.swift */ = {isa = PBXFileReference; fileEncoding = 4; lastKnownFileType = sourcecode.swift; path = Build.swift; sourceTree = "<group>"; };
		FD39159A1D7F011600F7F5F7 /* SiteServer.swift */ = {isa = PBXFileReference; fileEncoding = 4; lastKnownFileType = sourcecode.swift; path = SiteServer.swift; sourceTree = "<group>"; };
		FD39159C1D7F015E00F7F5F7 /* GCDWebServers.framework */ = {isa = PBXFileReference; lastKnownFileType = wrapper.framework; name = GCDWebServers.framework; path = Carthage/Build/Mac/GCDWebServers.framework; sourceTree = "<group>"; };
		FD39159D1D7F015E00F7F5F7 /* Witness.framework */ = {isa = PBXFileReference; lastKnownFileType = wrapper.framework; name = Witness.framework; path = Carthage/Build/Mac/Witness.framework; sourceTree = "<group>"; };
		FD3915A41D7F01B300F7F5F7 /* Serve.swift */ = {isa = PBXFileReference; fileEncoding = 4; lastKnownFileType = sourcecode.swift; path = Serve.swift; sourceTree = "<group>"; };
		FD3915A71D7F13A500F7F5F7 /* SiteObserver.swift */ = {isa = PBXFileReference; fileEncoding = 4; lastKnownFileType = sourcecode.swift; path = SiteObserver.swift; sourceTree = "<group>"; };
		FD4B9B4E1D8801F1009061F8 /* New.swift */ = {isa = PBXFileReference; fileEncoding = 4; lastKnownFileType = sourcecode.swift; path = New.swift; sourceTree = "<group>"; };
		FD6D5FD71D4A3C1100A7C277 /* SiteReaderTests.swift */ = {isa = PBXFileReference; fileEncoding = 4; lastKnownFileType = sourcecode.swift; path = SiteReaderTests.swift; sourceTree = "<group>"; };
		FD6D5FE01D4A4BE600A7C277 /* String+Paths.swift */ = {isa = PBXFileReference; fileEncoding = 4; lastKnownFileType = sourcecode.swift; path = "String+Paths.swift"; sourceTree = "<group>"; };
		FD6D5FE41D4B4E7100A7C277 /* Document.swift */ = {isa = PBXFileReference; fileEncoding = 4; lastKnownFileType = sourcecode.swift; path = Document.swift; sourceTree = "<group>"; };
		FD6D5FE61D4B778E00A7C277 /* Metadata.swift */ = {isa = PBXFileReference; fileEncoding = 4; lastKnownFileType = sourcecode.swift; path = Metadata.swift; sourceTree = "<group>"; };
		FD6D5FE81D4B7B1A00A7C277 /* SwiftYAML.framework */ = {isa = PBXFileReference; lastKnownFileType = wrapper.framework; name = SwiftYAML.framework; path = Carthage/Build/Mac/SwiftYAML.framework; sourceTree = "<group>"; };
		FD6D5FEB1D4B7B6B00A7C277 /* NSRegularExpression+Utilities.swift */ = {isa = PBXFileReference; fileEncoding = 4; lastKnownFileType = sourcecode.swift; path = "NSRegularExpression+Utilities.swift"; sourceTree = "<group>"; };
		FD6D5FED1D4B7F8700A7C277 /* Utilities.swift */ = {isa = PBXFileReference; fileEncoding = 4; lastKnownFileType = sourcecode.swift; path = Utilities.swift; sourceTree = "<group>"; };
		FD6D5FEF1D4B8FD400A7C277 /* SiteBuilder.swift */ = {isa = PBXFileReference; fileEncoding = 4; lastKnownFileType = sourcecode.swift; path = SiteBuilder.swift; sourceTree = "<group>"; };
		FD6D5FF31D4B90BC00A7C277 /* SiteRendererTests.swift */ = {isa = PBXFileReference; fileEncoding = 4; lastKnownFileType = sourcecode.swift; path = SiteRendererTests.swift; sourceTree = "<group>"; };
		FD6D5FF51D4B90F000A7C277 /* SiteRenderer.swift */ = {isa = PBXFileReference; fileEncoding = 4; lastKnownFileType = sourcecode.swift; path = SiteRenderer.swift; sourceTree = "<group>"; };
		FD6D5FF71D4B91F800A7C277 /* YAMLDateFormatter.swift */ = {isa = PBXFileReference; fileEncoding = 4; lastKnownFileType = sourcecode.swift; path = YAMLDateFormatter.swift; sourceTree = "<group>"; };
		FD6D5FFA1D4B969B00A7C277 /* Permalinks.swift */ = {isa = PBXFileReference; fileEncoding = 4; lastKnownFileType = sourcecode.swift; path = Permalinks.swift; sourceTree = "<group>"; };
		FD6D5FFC1D4B975400A7C277 /* File.swift */ = {isa = PBXFileReference; fileEncoding = 4; lastKnownFileType = sourcecode.swift; path = File.swift; sourceTree = "<group>"; };
		FD6D60521D4BA19D00A7C277 /* Context.swift */ = {isa = PBXFileReference; fileEncoding = 4; lastKnownFileType = sourcecode.swift; path = Context.swift; sourceTree = "<group>"; };
		FD6D60531D4BA19D00A7C277 /* Filters.swift */ = {isa = PBXFileReference; fileEncoding = 4; lastKnownFileType = sourcecode.swift; path = Filters.swift; sourceTree = "<group>"; };
		FD6D60551D4BA19D00A7C277 /* Lexer.swift */ = {isa = PBXFileReference; fileEncoding = 4; lastKnownFileType = sourcecode.swift; path = Lexer.swift; sourceTree = "<group>"; };
		FD6D60561D4BA19D00A7C277 /* Namespace.swift */ = {isa = PBXFileReference; fileEncoding = 4; lastKnownFileType = sourcecode.swift; path = Namespace.swift; sourceTree = "<group>"; };
		FD6D60571D4BA19D00A7C277 /* Node.swift */ = {isa = PBXFileReference; fileEncoding = 4; lastKnownFileType = sourcecode.swift; path = Node.swift; sourceTree = "<group>"; };
		FD6D60581D4BA19D00A7C277 /* Parser.swift */ = {isa = PBXFileReference; fileEncoding = 4; lastKnownFileType = sourcecode.swift; path = Parser.swift; sourceTree = "<group>"; };
		FD6D60591D4BA19D00A7C277 /* String+Extensions.swift */ = {isa = PBXFileReference; fileEncoding = 4; lastKnownFileType = sourcecode.swift; path = "String+Extensions.swift"; sourceTree = "<group>"; };
		FD6D605A1D4BA19D00A7C277 /* Template.swift */ = {isa = PBXFileReference; fileEncoding = 4; lastKnownFileType = sourcecode.swift; path = Template.swift; sourceTree = "<group>"; };
		FD6D605C1D4BA19D00A7C277 /* Include.swift */ = {isa = PBXFileReference; fileEncoding = 4; lastKnownFileType = sourcecode.swift; path = Include.swift; sourceTree = "<group>"; };
		FD6D605D1D4BA19D00A7C277 /* Inheritence.swift */ = {isa = PBXFileReference; fileEncoding = 4; lastKnownFileType = sourcecode.swift; path = Inheritence.swift; sourceTree = "<group>"; };
		FD6D605E1D4BA19D00A7C277 /* TemplateLoader.swift */ = {isa = PBXFileReference; fileEncoding = 4; lastKnownFileType = sourcecode.swift; path = TemplateLoader.swift; sourceTree = "<group>"; };
		FD6D605F1D4BA19D00A7C277 /* Tokenizer.swift */ = {isa = PBXFileReference; fileEncoding = 4; lastKnownFileType = sourcecode.swift; path = Tokenizer.swift; sourceTree = "<group>"; };
		FD6D60601D4BA19D00A7C277 /* Variable.swift */ = {isa = PBXFileReference; fileEncoding = 4; lastKnownFileType = sourcecode.swift; path = Variable.swift; sourceTree = "<group>"; };
		FD6D606F1D4BA21B00A7C277 /* TemplateRenderer.swift */ = {isa = PBXFileReference; fileEncoding = 4; lastKnownFileType = sourcecode.swift; path = TemplateRenderer.swift; sourceTree = "<group>"; };
		FD6D60711D4BA27900A7C277 /* Stencil+Spelt.swift */ = {isa = PBXFileReference; fileEncoding = 4; lastKnownFileType = sourcecode.swift; path = "Stencil+Spelt.swift"; sourceTree = "<group>"; };
		FD6D60731D4BA2AE00A7C277 /* Stencil+MathFilters.swift */ = {isa = PBXFileReference; fileEncoding = 4; lastKnownFileType = sourcecode.swift; path = "Stencil+MathFilters.swift"; sourceTree = "<group>"; };
		FD6D60751D4BA2D500A7C277 /* String+HTML.swift */ = {isa = PBXFileReference; fileEncoding = 4; lastKnownFileType = sourcecode.swift; path = "String+HTML.swift"; sourceTree = "<group>"; };
		FD6D60771D4BA30700A7C277 /* String+XML.swift */ = {isa = PBXFileReference; fileEncoding = 4; lastKnownFileType = sourcecode.swift; path = "String+XML.swift"; sourceTree = "<group>"; };
		FD6D60791D4BA36A00A7C277 /* MarkdownConverter.swift */ = {isa = PBXFileReference; fileEncoding = 4; lastKnownFileType = sourcecode.swift; path = MarkdownConverter.swift; sourceTree = "<group>"; };
		FD6D607B1D4BA3B100A7C277 /* PathKit.framework */ = {isa = PBXFileReference; lastKnownFileType = wrapper.framework; name = PathKit.framework; path = Carthage/Build/Mac/PathKit.framework; sourceTree = "<group>"; };
		FD6D607D1D4BA51000A7C277 /* Error.swift */ = {isa = PBXFileReference; fileEncoding = 4; lastKnownFileType = sourcecode.swift; path = Error.swift; sourceTree = "<group>"; };
		FD8531B11D4A2A3500658286 /* main.swift */ = {isa = PBXFileReference; lastKnownFileType = sourcecode.swift; path = main.swift; sourceTree = "<group>"; };
		FD8531B31D4A2A3500658286 /* Post.swift */ = {isa = PBXFileReference; lastKnownFileType = sourcecode.swift; path = Post.swift; sourceTree = "<group>"; };
		FD8531B41D4A2A3500658286 /* Site.swift */ = {isa = PBXFileReference; lastKnownFileType = sourcecode.swift; path = Site.swift; sourceTree = "<group>"; };
		FD8531B51D4A2A3500658286 /* SiteReader.swift */ = {isa = PBXFileReference; lastKnownFileType = sourcecode.swift; path = SiteReader.swift; sourceTree = "<group>"; };
		FD8531B61D4A2A3500658286 /* StaticFile.swift */ = {isa = PBXFileReference; lastKnownFileType = sourcecode.swift; path = StaticFile.swift; sourceTree = "<group>"; };
		FD8531BD1D4A2A6200658286 /* SpeltKit.framework */ = {isa = PBXFileReference; explicitFileType = wrapper.framework; includeInIndex = 0; path = SpeltKit.framework; sourceTree = BUILT_PRODUCTS_DIR; };
		FD8531BF1D4A2A6200658286 /* SpeltKit.h */ = {isa = PBXFileReference; lastKnownFileType = sourcecode.c.h; path = SpeltKit.h; sourceTree = "<group>"; };
		FD8531C01D4A2A6200658286 /* Info.plist */ = {isa = PBXFileReference; lastKnownFileType = text.plist.xml; path = Info.plist; sourceTree = "<group>"; };
		FD8531C51D4A2A6200658286 /* SpeltTests.xctest */ = {isa = PBXFileReference; explicitFileType = wrapper.cfbundle; includeInIndex = 0; path = SpeltTests.xctest; sourceTree = BUILT_PRODUCTS_DIR; };
		FD8531CC1D4A2A6200658286 /* Info.plist */ = {isa = PBXFileReference; lastKnownFileType = text.plist.xml; path = Info.plist; sourceTree = "<group>"; };
		FD8531E01D4A3A4C00658286 /* SwiftHoedown.framework */ = {isa = PBXFileReference; lastKnownFileType = wrapper.framework; name = SwiftHoedown.framework; path = Carthage/Build/Mac/SwiftHoedown.framework; sourceTree = "<group>"; };
		FD8531E31D4A3A7400658286 /* Hoedown.framework */ = {isa = PBXFileReference; lastKnownFileType = wrapper.framework; name = Hoedown.framework; path = Carthage/Build/Mac/Hoedown.framework; sourceTree = "<group>"; };
		FD94A8B91D75B279000D3888 /* PostTests.swift */ = {isa = PBXFileReference; fileEncoding = 4; lastKnownFileType = sourcecode.swift; path = PostTests.swift; sourceTree = "<group>"; };
		FD94A8BB1D75C1AA000D3888 /* SiteConfiguration.swift */ = {isa = PBXFileReference; fileEncoding = 4; lastKnownFileType = sourcecode.swift; path = SiteConfiguration.swift; sourceTree = "<group>"; };
		FDB926311D6B4CA200B8D5D3 /* SiteBuilderTests.swift */ = {isa = PBXFileReference; fileEncoding = 4; lastKnownFileType = sourcecode.swift; path = SiteBuilderTests.swift; sourceTree = "<group>"; };
		FDB9A8A81D54B99B0016CDB7 /* SassConverter.swift */ = {isa = PBXFileReference; fileEncoding = 4; lastKnownFileType = sourcecode.swift; path = SassConverter.swift; sourceTree = "<group>"; };
		FDB9A8AA1D54BF230016CDB7 /* SwiftSass.framework */ = {isa = PBXFileReference; lastKnownFileType = wrapper.framework; name = SwiftSass.framework; path = Carthage/Build/Mac/SwiftSass.framework; sourceTree = "<group>"; };
		FDF93A061D84554100C9C8FF /* CollectionRenderer.swift */ = {isa = PBXFileReference; fileEncoding = 4; lastKnownFileType = sourcecode.swift; path = CollectionRenderer.swift; sourceTree = "<group>"; };
/* End PBXFileReference section */

/* Begin PBXFrameworksBuildPhase section */
		FD3915721D7DB78E00F7F5F7 /* Frameworks */ = {
			isa = PBXFrameworksBuildPhase;
			buildActionMask = 2147483647;
			files = (
				FD3915831D7DB80C00F7F5F7 /* SpeltKit.framework in Frameworks */,
			);
			runOnlyForDeploymentPostprocessing = 0;
		};
		FD8531B91D4A2A6200658286 /* Frameworks */ = {
			isa = PBXFrameworksBuildPhase;
			buildActionMask = 2147483647;
			files = (
				FD39159E1D7F015E00F7F5F7 /* GCDWebServers.framework in Frameworks */,
				FD39159F1D7F015E00F7F5F7 /* Witness.framework in Frameworks */,
				FD3915921D7DCBAE00F7F5F7 /* Commandant.framework in Frameworks */,
				FD3915931D7DCBAE00F7F5F7 /* Result.framework in Frameworks */,
				FD8531E21D4A3A7200658286 /* SwiftHoedown.framework in Frameworks */,
				FD8531E41D4A3A7400658286 /* Hoedown.framework in Frameworks */,
				FD6D607C1D4BA3B100A7C277 /* PathKit.framework in Frameworks */,
				FDB9A8AB1D54BF230016CDB7 /* SwiftSass.framework in Frameworks */,
				FD6D5FEA1D4B7B2700A7C277 /* SwiftYAML.framework in Frameworks */,
			);
			runOnlyForDeploymentPostprocessing = 0;
		};
		FD8531C21D4A2A6200658286 /* Frameworks */ = {
			isa = PBXFrameworksBuildPhase;
			buildActionMask = 2147483647;
			files = (
			);
			runOnlyForDeploymentPostprocessing = 0;
		};
/* End PBXFrameworksBuildPhase section */

/* Begin PBXGroup section */
		FD3915761D7DB78E00F7F5F7 /* spelt */ = {
			isa = PBXGroup;
			children = (
				FD39157E1D7DB78E00F7F5F7 /* Info.plist */,
			);
			path = spelt;
			sourceTree = "<group>";
		};
		FD6D5FE21D4A4FBC00A7C277 /* Helpers */ = {
			isa = PBXGroup;
			children = (
				FD6D60771D4BA30700A7C277 /* String+XML.swift */,
				FD6D60751D4BA2D500A7C277 /* String+HTML.swift */,
				FD6D5FF71D4B91F800A7C277 /* YAMLDateFormatter.swift */,
				FD6D5FE01D4A4BE600A7C277 /* String+Paths.swift */,
				FD6D5FEB1D4B7B6B00A7C277 /* NSRegularExpression+Utilities.swift */,
				FD6D60711D4BA27900A7C277 /* Stencil+Spelt.swift */,
				FD6D60731D4BA2AE00A7C277 /* Stencil+MathFilters.swift */,
			);
			name = Helpers;
			sourceTree = "<group>";
		};
		FD6D5FE31D4A4FC700A7C277 /* Model */ = {
			isa = PBXGroup;
			children = (
				FD6D5FED1D4B7F8700A7C277 /* Utilities.swift */,
				FD6D5FE61D4B778E00A7C277 /* Metadata.swift */,
				FD8531B31D4A2A3500658286 /* Post.swift */,
				FD6D5FFC1D4B975400A7C277 /* File.swift */,
				FD8531B41D4A2A3500658286 /* Site.swift */,
				FD8531B61D4A2A3500658286 /* StaticFile.swift */,
				FD6D5FE41D4B4E7100A7C277 /* Document.swift */,
				FD94A8BB1D75C1AA000D3888 /* SiteConfiguration.swift */,
			);
			name = Model;
			sourceTree = "<group>";
		};
		FD6D5FF91D4B968C00A7C277 /* Renderers */ = {
			isa = PBXGroup;
			children = (
				FD6D5FFA1D4B969B00A7C277 /* Permalinks.swift */,
				FD6D606F1D4BA21B00A7C277 /* TemplateRenderer.swift */,
				FDF93A061D84554100C9C8FF /* CollectionRenderer.swift */,
				FD2EE1031D86CA1C00700C58 /* ExcerptRenderer.swift */,
				FD2EE1051D86CCD900700C58 /* Paginate.swift */,
			);
			name = Renderers;
			sourceTree = "<group>";
		};
		FD6D60511D4BA19D00A7C277 /* Stencil */ = {
			isa = PBXGroup;
			children = (
				FD6D605B1D4BA19D00A7C277 /* TemplateLoader */,
				FD6D60521D4BA19D00A7C277 /* Context.swift */,
				FD6D60531D4BA19D00A7C277 /* Filters.swift */,
				FD6D60551D4BA19D00A7C277 /* Lexer.swift */,
				FD6D60561D4BA19D00A7C277 /* Namespace.swift */,
				FD6D60571D4BA19D00A7C277 /* Node.swift */,
				FD6D60581D4BA19D00A7C277 /* Parser.swift */,
				FD6D60591D4BA19D00A7C277 /* String+Extensions.swift */,
				FD6D605A1D4BA19D00A7C277 /* Template.swift */,
				FD6D605E1D4BA19D00A7C277 /* TemplateLoader.swift */,
				FD6D605F1D4BA19D00A7C277 /* Tokenizer.swift */,
				FD6D60601D4BA19D00A7C277 /* Variable.swift */,
			);
			name = Stencil;
			path = Stencil/Stencil;
			sourceTree = SOURCE_ROOT;
		};
		FD6D605B1D4BA19D00A7C277 /* TemplateLoader */ = {
			isa = PBXGroup;
			children = (
				FD6D605C1D4BA19D00A7C277 /* Include.swift */,
				FD6D605D1D4BA19D00A7C277 /* Inheritence.swift */,
			);
			path = TemplateLoader;
			sourceTree = "<group>";
		};
		FD85319C1D4A29B700658286 = {
			isa = PBXGroup;
			children = (
				FD8531AF1D4A2A3500658286 /* Sources */,
				FD8531BE1D4A2A6200658286 /* Spelt */,
				FD8531C91D4A2A6200658286 /* SpeltTests */,
				FD3915761D7DB78E00F7F5F7 /* spelt */,
				FD8531A81D4A2A1200658286 /* Products */,
				FD8531DD1D4A3A4400658286 /* Frameworks */,
			);
			sourceTree = "<group>";
		};
		FD8531A81D4A2A1200658286 /* Products */ = {
			isa = PBXGroup;
			children = (
				FD8531BD1D4A2A6200658286 /* SpeltKit.framework */,
				FD8531C51D4A2A6200658286 /* SpeltTests.xctest */,
				FD3915751D7DB78E00F7F5F7 /* spelt.app */,
			);
			name = Products;
			sourceTree = "<group>";
		};
		FD8531AF1D4A2A3500658286 /* Sources */ = {
			isa = PBXGroup;
			children = (
				FD8531B01D4A2A3500658286 /* CLI */,
				FD8531B21D4A2A3500658286 /* Spelt */,
			);
			path = Sources;
			sourceTree = "<group>";
		};
		FD8531B01D4A2A3500658286 /* CLI */ = {
			isa = PBXGroup;
			children = (
				FD8531B11D4A2A3500658286 /* main.swift */,
				FD3915981D7EEF8600F7F5F7 /* Build.swift */,
				FD3915A41D7F01B300F7F5F7 /* Serve.swift */,
				FD4B9B4E1D8801F1009061F8 /* New.swift */,
			);
			path = CLI;
			sourceTree = "<group>";
		};
		FD8531B21D4A2A3500658286 /* Spelt */ = {
			isa = PBXGroup;
			children = (
				FD6D607D1D4BA51000A7C277 /* Error.swift */,
				FD8531B51D4A2A3500658286 /* SiteReader.swift */,
				FD6D5FEF1D4B8FD400A7C277 /* SiteBuilder.swift */,
				FD6D5FF51D4B90F000A7C277 /* SiteRenderer.swift */,
				FD39159A1D7F011600F7F5F7 /* SiteServer.swift */,
				FD3915A71D7F13A500F7F5F7 /* SiteObserver.swift */,
				FDB9A8A71D54B6BA0016CDB7 /* Converters */,
				FD6D5FF91D4B968C00A7C277 /* Renderers */,
				FD6D5FE31D4A4FC700A7C277 /* Model */,
				FD6D5FE21D4A4FBC00A7C277 /* Helpers */,
				FD6D60511D4BA19D00A7C277 /* Stencil */,
			);
			path = Spelt;
			sourceTree = "<group>";
		};
		FD8531BE1D4A2A6200658286 /* Spelt */ = {
			isa = PBXGroup;
			children = (
				FD8531BF1D4A2A6200658286 /* SpeltKit.h */,
				FD8531C01D4A2A6200658286 /* Info.plist */,
			);
			path = Spelt;
			sourceTree = "<group>";
		};
		FD8531C91D4A2A6200658286 /* SpeltTests */ = {
			isa = PBXGroup;
			children = (
				FD6D5FD71D4A3C1100A7C277 /* SiteReaderTests.swift */,
				FD6D5FF31D4B90BC00A7C277 /* SiteRendererTests.swift */,
				FDB926311D6B4CA200B8D5D3 /* SiteBuilderTests.swift */,
				FD94A8B91D75B279000D3888 /* PostTests.swift */,
				FD8531CC1D4A2A6200658286 /* Info.plist */,
			);
			path = SpeltTests;
			sourceTree = "<group>";
		};
		FD8531DD1D4A3A4400658286 /* Frameworks */ = {
			isa = PBXGroup;
			children = (
				FD39159C1D7F015E00F7F5F7 /* GCDWebServers.framework */,
				FD39159D1D7F015E00F7F5F7 /* Witness.framework */,
				FD3915901D7DCBAE00F7F5F7 /* Commandant.framework */,
				FD3915911D7DCBAE00F7F5F7 /* Result.framework */,
				FDB9A8AA1D54BF230016CDB7 /* SwiftSass.framework */,
				FD6D607B1D4BA3B100A7C277 /* PathKit.framework */,
				FD6D5FE81D4B7B1A00A7C277 /* SwiftYAML.framework */,
				FD8531E31D4A3A7400658286 /* Hoedown.framework */,
				FD8531E01D4A3A4C00658286 /* SwiftHoedown.framework */,
			);
			name = Frameworks;
			sourceTree = "<group>";
		};
		FDB9A8A71D54B6BA0016CDB7 /* Converters */ = {
			isa = PBXGroup;
			children = (
				FD6D60791D4BA36A00A7C277 /* MarkdownConverter.swift */,
				FDB9A8A81D54B99B0016CDB7 /* SassConverter.swift */,
			);
			name = Converters;
			sourceTree = "<group>";
		};
/* End PBXGroup section */

/* Begin PBXHeadersBuildPhase section */
		FD8531BA1D4A2A6200658286 /* Headers */ = {
			isa = PBXHeadersBuildPhase;
			buildActionMask = 2147483647;
			files = (
				FD8531CD1D4A2A6200658286 /* SpeltKit.h in Headers */,
			);
			runOnlyForDeploymentPostprocessing = 0;
		};
/* End PBXHeadersBuildPhase section */

/* Begin PBXNativeTarget section */
		FD3915741D7DB78E00F7F5F7 /* spelt */ = {
			isa = PBXNativeTarget;
			buildConfigurationList = FD3915811D7DB78E00F7F5F7 /* Build configuration list for PBXNativeTarget "spelt" */;
			buildPhases = (
				FD3915711D7DB78E00F7F5F7 /* Sources */,
				FD3915721D7DB78E00F7F5F7 /* Frameworks */,
				FD3915731D7DB78E00F7F5F7 /* Resources */,
				FD3915871D7DB80C00F7F5F7 /* Embed Frameworks */,
				FD3915881D7DB92300F7F5F7 /* Extract CLI Tool */,
				FD39158F1D7DC91E00F7F5F7 /* Install executable */,
			);
			buildRules = (
			);
			dependencies = (
				FD3915861D7DB80C00F7F5F7 /* PBXTargetDependency */,
			);
			name = spelt;
			productName = spelt;
			productReference = FD3915751D7DB78E00F7F5F7 /* spelt.app */;
			productType = "com.apple.product-type.application";
		};
		FD8531BC1D4A2A6200658286 /* SpeltKit */ = {
			isa = PBXNativeTarget;
			buildConfigurationList = FD8531CE1D4A2A6200658286 /* Build configuration list for PBXNativeTarget "SpeltKit" */;
			buildPhases = (
				FD8531B81D4A2A6200658286 /* Sources */,
				FD8531B91D4A2A6200658286 /* Frameworks */,
				FD8531BA1D4A2A6200658286 /* Headers */,
				FD8531BB1D4A2A6200658286 /* Resources */,
				FDE1D6211D7DB717009A1A77 /* Copy Frameworks to embed in Framework */,
				FD3915891D7DC55500F7F5F7 /* Copy Frameworks to Products Directory */,
			);
			buildRules = (
			);
			dependencies = (
			);
			name = SpeltKit;
			productName = Spelt;
			productReference = FD8531BD1D4A2A6200658286 /* SpeltKit.framework */;
			productType = "com.apple.product-type.framework";
		};
		FD8531C41D4A2A6200658286 /* SpeltTests */ = {
			isa = PBXNativeTarget;
			buildConfigurationList = FD8531D11D4A2A6200658286 /* Build configuration list for PBXNativeTarget "SpeltTests" */;
			buildPhases = (
				FD8531C11D4A2A6200658286 /* Sources */,
				FD8531C21D4A2A6200658286 /* Frameworks */,
				FD8531C31D4A2A6200658286 /* Resources */,
				FD6D5FDF1D4A471000A7C277 /* Copy frameworks */,
			);
			buildRules = (
			);
			dependencies = (
				FD8531C81D4A2A6200658286 /* PBXTargetDependency */,
			);
			name = SpeltTests;
			productName = SpeltTests;
			productReference = FD8531C51D4A2A6200658286 /* SpeltTests.xctest */;
			productType = "com.apple.product-type.bundle.unit-test";
		};
/* End PBXNativeTarget section */

/* Begin PBXProject section */
		FD85319D1D4A29B700658286 /* Project object */ = {
			isa = PBXProject;
			attributes = {
				LastSwiftUpdateCheck = 0730;
				LastUpgradeCheck = 0800;
				TargetAttributes = {
					FD3915741D7DB78E00F7F5F7 = {
						CreatedOnToolsVersion = 7.3.1;
					};
					FD8531BC1D4A2A6200658286 = {
						CreatedOnToolsVersion = 8.0;
						DevelopmentTeamName = "Niels de Hoog";
						ProvisioningStyle = Automatic;
					};
					FD8531C41D4A2A6200658286 = {
						CreatedOnToolsVersion = 8.0;
						DevelopmentTeam = A9NP4475VH;
						DevelopmentTeamName = "Niels de Hoog";
						ProvisioningStyle = Automatic;
					};
				};
			};
			buildConfigurationList = FD8531A01D4A29B700658286 /* Build configuration list for PBXProject "Spelt" */;
			compatibilityVersion = "Xcode 3.2";
			developmentRegion = English;
			hasScannedForEncodings = 0;
			knownRegions = (
				en,
				Base,
			);
			mainGroup = FD85319C1D4A29B700658286;
			productRefGroup = FD8531A81D4A2A1200658286 /* Products */;
			projectDirPath = "";
			projectRoot = "";
			targets = (
				FD8531BC1D4A2A6200658286 /* SpeltKit */,
				FD8531C41D4A2A6200658286 /* SpeltTests */,
				FD3915741D7DB78E00F7F5F7 /* spelt */,
			);
		};
/* End PBXProject section */

/* Begin PBXResourcesBuildPhase section */
		FD3915731D7DB78E00F7F5F7 /* Resources */ = {
			isa = PBXResourcesBuildPhase;
			buildActionMask = 2147483647;
			files = (
			);
			runOnlyForDeploymentPostprocessing = 0;
		};
		FD8531BB1D4A2A6200658286 /* Resources */ = {
			isa = PBXResourcesBuildPhase;
			buildActionMask = 2147483647;
			files = (
			);
			runOnlyForDeploymentPostprocessing = 0;
		};
		FD8531C31D4A2A6200658286 /* Resources */ = {
			isa = PBXResourcesBuildPhase;
			buildActionMask = 2147483647;
			files = (
			);
			runOnlyForDeploymentPostprocessing = 0;
		};
/* End PBXResourcesBuildPhase section */

/* Begin PBXShellScriptBuildPhase section */
		FD3915881D7DB92300F7F5F7 /* Extract CLI Tool */ = {
			isa = PBXShellScriptBuildPhase;
			buildActionMask = 2147483647;
			files = (
			);
			inputPaths = (
				"$(BUILT_PRODUCTS_DIR)/$(EXECUTABLE_PATH)",
			);
			name = "Extract CLI Tool";
			outputPaths = (
				"$(BUILT_PRODUCTS_DIR)/$(EXECUTABLE_NAME)",
			);
			runOnlyForDeploymentPostprocessing = 0;
			shellPath = /bin/bash;
			shellScript = "./Scripts/extract-tool\n";
		};
		FD39158F1D7DC91E00F7F5F7 /* Install executable */ = {
			isa = PBXShellScriptBuildPhase;
			buildActionMask = 2147483647;
			files = (
			);
			inputPaths = (
			);
			name = "Install executable";
			outputPaths = (
			);
			runOnlyForDeploymentPostprocessing = 0;
			shellPath = /bin/sh;
			shellScript = "if [ \"${CONFIGURATION}\" = \"Release\" ]; then\n  make install\nfi";
		};
		FD6D5FDF1D4A471000A7C277 /* Copy frameworks */ = {
			isa = PBXShellScriptBuildPhase;
			buildActionMask = 2147483647;
			files = (
			);
			inputPaths = (
				"$(SRCROOT)/Carthage/Build/Mac/SwiftHoedown.framework",
				"$(SRCROOT)/Carthage/Build/Mac/Hoedown.framework",
				"$(SRCROOT)/Carthage/Build/Mac/SwiftYAML.framework",
				"$(SRCROOT)/Carthage/Build/Mac/PathKit.framework",
				"$(SRCROOT)/Carthage/Build/Mac/SwiftSass.framework",
			);
			name = "Copy frameworks";
			outputPaths = (
			);
			runOnlyForDeploymentPostprocessing = 0;
			shellPath = /bin/sh;
			shellScript = "/usr/local/bin/carthage copy-frameworks";
		};
/* End PBXShellScriptBuildPhase section */

/* Begin PBXSourcesBuildPhase section */
		FD3915711D7DB78E00F7F5F7 /* Sources */ = {
			isa = PBXSourcesBuildPhase;
			buildActionMask = 2147483647;
			files = (
				FD3915991D7EEF8600F7F5F7 /* Build.swift in Sources */,
				FD3915821D7DB7BE00F7F5F7 /* main.swift in Sources */,
				FD4B9B501D880335009061F8 /* New.swift in Sources */,
				FD3915A51D7F01B300F7F5F7 /* Serve.swift in Sources */,
			);
			runOnlyForDeploymentPostprocessing = 0;
		};
		FD8531B81D4A2A6200658286 /* Sources */ = {
			isa = PBXSourcesBuildPhase;
			buildActionMask = 2147483647;
			files = (
				FD6D5FF01D4B8FD400A7C277 /* SiteBuilder.swift in Sources */,
				FD6D606E1D4BA19D00A7C277 /* Variable.swift in Sources */,
				FD2EE1041D86CA1C00700C58 /* ExcerptRenderer.swift in Sources */,
				FDB9A8A91D54B99B0016CDB7 /* SassConverter.swift in Sources */,
				FD6D60681D4BA19D00A7C277 /* String+Extensions.swift in Sources */,
				FD6D60651D4BA19D00A7C277 /* Namespace.swift in Sources */,
				FD6D60621D4BA19D00A7C277 /* Filters.swift in Sources */,
				FD6D5FEC1D4B7B6B00A7C277 /* NSRegularExpression+Utilities.swift in Sources */,
				FD6D606C1D4BA19D00A7C277 /* TemplateLoader.swift in Sources */,
				FD6D5FE71D4B778E00A7C277 /* Metadata.swift in Sources */,
				FD6D60611D4BA19D00A7C277 /* Context.swift in Sources */,
				FD6D60691D4BA19D00A7C277 /* Template.swift in Sources */,
				FD6D5FF81D4B91F800A7C277 /* YAMLDateFormatter.swift in Sources */,
				FD6D60661D4BA19D00A7C277 /* Node.swift in Sources */,
				FD6D60701D4BA21B00A7C277 /* TemplateRenderer.swift in Sources */,
				FD8531DA1D4A2A8D00658286 /* SiteReader.swift in Sources */,
				FD6D607A1D4BA36A00A7C277 /* MarkdownConverter.swift in Sources */,
				FD6D5FF61D4B90F000A7C277 /* SiteRenderer.swift in Sources */,
				FD6D5FE11D4A4BE600A7C277 /* String+Paths.swift in Sources */,
				FDF93A071D84554200C9C8FF /* CollectionRenderer.swift in Sources */,
				FD6D5FE51D4B4E7100A7C277 /* Document.swift in Sources */,
				FD6D60671D4BA19D00A7C277 /* Parser.swift in Sources */,
				FD6D60641D4BA19D00A7C277 /* Lexer.swift in Sources */,
				FD8531D91D4A2A8D00658286 /* Site.swift in Sources */,
				FD6D5FFD1D4B975400A7C277 /* File.swift in Sources */,
				FD6D606B1D4BA19D00A7C277 /* Inheritence.swift in Sources */,
				FD2EE1061D86CCD900700C58 /* Paginate.swift in Sources */,
				FD3915A81D7F13A500F7F5F7 /* SiteObserver.swift in Sources */,
				FD6D606A1D4BA19D00A7C277 /* Include.swift in Sources */,
				FD6D5FEE1D4B7F8700A7C277 /* Utilities.swift in Sources */,
				FD8531D81D4A2A8D00658286 /* Post.swift in Sources */,
				FD6D607E1D4BA51000A7C277 /* Error.swift in Sources */,
				FD6D606D1D4BA19D00A7C277 /* Tokenizer.swift in Sources */,
				FD6D60741D4BA2AE00A7C277 /* Stencil+MathFilters.swift in Sources */,
				FD3915A61D7F01B700F7F5F7 /* SiteServer.swift in Sources */,
				FD6D60721D4BA27900A7C277 /* Stencil+Spelt.swift in Sources */,
				FD6D60761D4BA2D500A7C277 /* String+HTML.swift in Sources */,
				FD8531DB1D4A2A8D00658286 /* StaticFile.swift in Sources */,
				FD6D60781D4BA30700A7C277 /* String+XML.swift in Sources */,
				FD6D5FFB1D4B969B00A7C277 /* Permalinks.swift in Sources */,
				FD94A8BD1D75C1D9000D3888 /* SiteConfiguration.swift in Sources */,
			);
			runOnlyForDeploymentPostprocessing = 0;
		};
		FD8531C11D4A2A6200658286 /* Sources */ = {
			isa = PBXSourcesBuildPhase;
			buildActionMask = 2147483647;
			files = (
				FD6D5FD81D4A3C1100A7C277 /* SiteReaderTests.swift in Sources */,
				FD6D5FF41D4B90BC00A7C277 /* SiteRendererTests.swift in Sources */,
				FDB926321D6B4CA200B8D5D3 /* SiteBuilderTests.swift in Sources */,
				FD94A8BA1D75B279000D3888 /* PostTests.swift in Sources */,
			);
			runOnlyForDeploymentPostprocessing = 0;
		};
/* End PBXSourcesBuildPhase section */

/* Begin PBXTargetDependency section */
		FD3915861D7DB80C00F7F5F7 /* PBXTargetDependency */ = {
			isa = PBXTargetDependency;
			target = FD8531BC1D4A2A6200658286 /* SpeltKit */;
			targetProxy = FD3915851D7DB80C00F7F5F7 /* PBXContainerItemProxy */;
		};
		FD8531C81D4A2A6200658286 /* PBXTargetDependency */ = {
			isa = PBXTargetDependency;
			target = FD8531BC1D4A2A6200658286 /* SpeltKit */;
			targetProxy = FD8531C71D4A2A6200658286 /* PBXContainerItemProxy */;
		};
/* End PBXTargetDependency section */

/* Begin XCBuildConfiguration section */
		FD39157F1D7DB78E00F7F5F7 /* Debug */ = {
			isa = XCBuildConfiguration;
			buildSettings = {
				ALWAYS_SEARCH_USER_PATHS = NO;
				CLANG_ANALYZER_NONNULL = YES;
				CLANG_CXX_LANGUAGE_STANDARD = "gnu++0x";
				CLANG_CXX_LIBRARY = "libc++";
				CLANG_ENABLE_MODULES = YES;
				CLANG_ENABLE_OBJC_ARC = YES;
				CLANG_WARN_BOOL_CONVERSION = YES;
				CLANG_WARN_CONSTANT_CONVERSION = YES;
				CLANG_WARN_DIRECT_OBJC_ISA_USAGE = YES_ERROR;
				CLANG_WARN_EMPTY_BODY = YES;
				CLANG_WARN_ENUM_CONVERSION = YES;
				CLANG_WARN_INT_CONVERSION = YES;
				CLANG_WARN_OBJC_ROOT_CLASS = YES_ERROR;
				CLANG_WARN_UNREACHABLE_CODE = YES;
				CLANG_WARN__DUPLICATE_METHOD_MATCH = YES;
				CODE_SIGN_IDENTITY = "-";
				COMBINE_HIDPI_IMAGES = YES;
				COPY_PHASE_STRIP = NO;
				DEBUG_INFORMATION_FORMAT = dwarf;
				EMBEDDED_CONTENT_CONTAINS_SWIFT = YES;
				ENABLE_STRICT_OBJC_MSGSEND = YES;
				ENABLE_TESTABILITY = YES;
				GCC_C_LANGUAGE_STANDARD = gnu99;
				GCC_DYNAMIC_NO_PIC = NO;
				GCC_NO_COMMON_BLOCKS = YES;
				GCC_OPTIMIZATION_LEVEL = 0;
				GCC_PREPROCESSOR_DEFINITIONS = (
					"DEBUG=1",
					"$(inherited)",
				);
				GCC_WARN_64_TO_32_BIT_CONVERSION = YES;
				GCC_WARN_ABOUT_RETURN_TYPE = YES_ERROR;
				GCC_WARN_UNDECLARED_SELECTOR = YES;
				GCC_WARN_UNINITIALIZED_AUTOS = YES_AGGRESSIVE;
				GCC_WARN_UNUSED_FUNCTION = YES;
				GCC_WARN_UNUSED_VARIABLE = YES;
				INFOPLIST_FILE = spelt/Info.plist;
				LD_RUNPATH_SEARCH_PATHS = "$(inherited) @executable_path/. @executable_path/../Frameworks @executable_path/SpeltKit.framework/Versions/Current/Frameworks /Library/Frameworks /Library/Frameworks/CarthageKit.framework/Versions/Current/Frameworks";
				MACOSX_DEPLOYMENT_TARGET = 10.11;
				MTL_ENABLE_DEBUG_INFO = YES;
				ONLY_ACTIVE_ARCH = YES;
				OTHER_LDFLAGS = "-headerpad_max_install_names";
				PRODUCT_BUNDLE_IDENTIFIER = com.spelt.spelt;
				PRODUCT_NAME = "$(TARGET_NAME)";
				SDKROOT = macosx;
				SWIFT_OPTIMIZATION_LEVEL = "-Onone";
			};
			name = Debug;
		};
		FD3915801D7DB78E00F7F5F7 /* Release */ = {
			isa = XCBuildConfiguration;
			buildSettings = {
				ALWAYS_SEARCH_USER_PATHS = NO;
				CLANG_ANALYZER_NONNULL = YES;
				CLANG_CXX_LANGUAGE_STANDARD = "gnu++0x";
				CLANG_CXX_LIBRARY = "libc++";
				CLANG_ENABLE_MODULES = YES;
				CLANG_ENABLE_OBJC_ARC = YES;
				CLANG_WARN_BOOL_CONVERSION = YES;
				CLANG_WARN_CONSTANT_CONVERSION = YES;
				CLANG_WARN_DIRECT_OBJC_ISA_USAGE = YES_ERROR;
				CLANG_WARN_EMPTY_BODY = YES;
				CLANG_WARN_ENUM_CONVERSION = YES;
				CLANG_WARN_INT_CONVERSION = YES;
				CLANG_WARN_OBJC_ROOT_CLASS = YES_ERROR;
				CLANG_WARN_UNREACHABLE_CODE = YES;
				CLANG_WARN__DUPLICATE_METHOD_MATCH = YES;
				CODE_SIGN_IDENTITY = "-";
				COMBINE_HIDPI_IMAGES = YES;
				COPY_PHASE_STRIP = NO;
				DEBUG_INFORMATION_FORMAT = "dwarf-with-dsym";
				EMBEDDED_CONTENT_CONTAINS_SWIFT = YES;
				ENABLE_NS_ASSERTIONS = NO;
				ENABLE_STRICT_OBJC_MSGSEND = YES;
				GCC_C_LANGUAGE_STANDARD = gnu99;
				GCC_NO_COMMON_BLOCKS = YES;
				GCC_WARN_64_TO_32_BIT_CONVERSION = YES;
				GCC_WARN_ABOUT_RETURN_TYPE = YES_ERROR;
				GCC_WARN_UNDECLARED_SELECTOR = YES;
				GCC_WARN_UNINITIALIZED_AUTOS = YES_AGGRESSIVE;
				GCC_WARN_UNUSED_FUNCTION = YES;
				GCC_WARN_UNUSED_VARIABLE = YES;
				INFOPLIST_FILE = spelt/Info.plist;
				LD_RUNPATH_SEARCH_PATHS = "$(inherited) @executable_path/. @executable_path/../Frameworks @executable_path/SpeltKit.framework/Versions/Current/Frameworks /Library/Frameworks /Library/Frameworks/CarthageKit.framework/Versions/Current/Frameworks";
				MACOSX_DEPLOYMENT_TARGET = 10.11;
				MTL_ENABLE_DEBUG_INFO = NO;
				OTHER_LDFLAGS = "-headerpad_max_install_names";
				PRODUCT_BUNDLE_IDENTIFIER = com.spelt.spelt;
				PRODUCT_NAME = "$(TARGET_NAME)";
				SDKROOT = macosx;
			};
			name = Release;
		};
		FD8531A11D4A29B700658286 /* Debug */ = {
			isa = XCBuildConfiguration;
			buildSettings = {
			};
			name = Debug;
		};
		FD8531A21D4A29B700658286 /* Release */ = {
			isa = XCBuildConfiguration;
			buildSettings = {
			};
			name = Release;
		};
		FD8531CF1D4A2A6200658286 /* Debug */ = {
			isa = XCBuildConfiguration;
			buildSettings = {
				ALWAYS_SEARCH_USER_PATHS = NO;
				CLANG_ANALYZER_NONNULL = YES;
				CLANG_CXX_LANGUAGE_STANDARD = "gnu++0x";
				CLANG_CXX_LIBRARY = "libc++";
				CLANG_ENABLE_MODULES = YES;
				CLANG_ENABLE_OBJC_ARC = YES;
				CLANG_WARN_BOOL_CONVERSION = YES;
				CLANG_WARN_CONSTANT_CONVERSION = YES;
				CLANG_WARN_DIRECT_OBJC_ISA_USAGE = YES_ERROR;
				CLANG_WARN_DOCUMENTATION_COMMENTS = YES;
				CLANG_WARN_EMPTY_BODY = YES;
				CLANG_WARN_ENUM_CONVERSION = YES;
				CLANG_WARN_INT_CONVERSION = YES;
				CLANG_WARN_OBJC_ROOT_CLASS = YES_ERROR;
				CLANG_WARN_UNREACHABLE_CODE = YES;
				CLANG_WARN__DUPLICATE_METHOD_MATCH = YES;
				CODE_SIGN_IDENTITY = "-";
				COMBINE_HIDPI_IMAGES = YES;
				COPY_PHASE_STRIP = NO;
				CURRENT_PROJECT_VERSION = 1;
				DEBUG_INFORMATION_FORMAT = dwarf;
				DEFINES_MODULE = YES;
				DYLIB_COMPATIBILITY_VERSION = 1;
				DYLIB_CURRENT_VERSION = 1;
				DYLIB_INSTALL_NAME_BASE = "@rpath";
				ENABLE_STRICT_OBJC_MSGSEND = YES;
				ENABLE_TESTABILITY = YES;
				FRAMEWORK_SEARCH_PATHS = (
					"$(inherited)",
					"$(PROJECT_DIR)/Carthage/Build/Mac",
				);
				FRAMEWORK_VERSION = A;
				GCC_C_LANGUAGE_STANDARD = gnu99;
				GCC_DYNAMIC_NO_PIC = NO;
				GCC_NO_COMMON_BLOCKS = YES;
				GCC_OPTIMIZATION_LEVEL = 0;
				GCC_PREPROCESSOR_DEFINITIONS = (
					"DEBUG=1",
					"$(inherited)",
				);
				GCC_WARN_64_TO_32_BIT_CONVERSION = YES;
				GCC_WARN_ABOUT_RETURN_TYPE = YES_ERROR;
				GCC_WARN_UNDECLARED_SELECTOR = YES;
				GCC_WARN_UNINITIALIZED_AUTOS = YES_AGGRESSIVE;
				GCC_WARN_UNUSED_FUNCTION = YES;
				GCC_WARN_UNUSED_VARIABLE = YES;
				INFOPLIST_FILE = Spelt/Info.plist;
				INSTALL_PATH = "$(LOCAL_LIBRARY_DIR)/Frameworks";
				MACOSX_DEPLOYMENT_TARGET = 10.10;
				MTL_ENABLE_DEBUG_INFO = YES;
				ONLY_ACTIVE_ARCH = YES;
				PRODUCT_BUNDLE_IDENTIFIER = com.spelt.SpeltKit;
				PRODUCT_NAME = "$(TARGET_NAME)";
				SDKROOT = macosx;
				SKIP_INSTALL = YES;
				SWIFT_ACTIVE_COMPILATION_CONDITIONS = DEBUG;
				SWIFT_OPTIMIZATION_LEVEL = "-Onone";
				SWIFT_VERSION = 3.0;
				VERSIONING_SYSTEM = "apple-generic";
				VERSION_INFO_PREFIX = "";
			};
			name = Debug;
		};
		FD8531D01D4A2A6200658286 /* Release */ = {
			isa = XCBuildConfiguration;
			buildSettings = {
				ALWAYS_SEARCH_USER_PATHS = NO;
				CLANG_ANALYZER_NONNULL = YES;
				CLANG_CXX_LANGUAGE_STANDARD = "gnu++0x";
				CLANG_CXX_LIBRARY = "libc++";
				CLANG_ENABLE_MODULES = YES;
				CLANG_ENABLE_OBJC_ARC = YES;
				CLANG_WARN_BOOL_CONVERSION = YES;
				CLANG_WARN_CONSTANT_CONVERSION = YES;
				CLANG_WARN_DIRECT_OBJC_ISA_USAGE = YES_ERROR;
				CLANG_WARN_DOCUMENTATION_COMMENTS = YES;
				CLANG_WARN_EMPTY_BODY = YES;
				CLANG_WARN_ENUM_CONVERSION = YES;
				CLANG_WARN_INT_CONVERSION = YES;
				CLANG_WARN_OBJC_ROOT_CLASS = YES_ERROR;
				CLANG_WARN_UNREACHABLE_CODE = YES;
				CLANG_WARN__DUPLICATE_METHOD_MATCH = YES;
				CODE_SIGN_IDENTITY = "-";
				COMBINE_HIDPI_IMAGES = YES;
				COPY_PHASE_STRIP = NO;
				CURRENT_PROJECT_VERSION = 1;
				DEBUG_INFORMATION_FORMAT = "dwarf-with-dsym";
				DEFINES_MODULE = YES;
				DYLIB_COMPATIBILITY_VERSION = 1;
				DYLIB_CURRENT_VERSION = 1;
				DYLIB_INSTALL_NAME_BASE = "@rpath";
				ENABLE_NS_ASSERTIONS = NO;
				ENABLE_STRICT_OBJC_MSGSEND = YES;
				FRAMEWORK_SEARCH_PATHS = (
					"$(inherited)",
					"$(PROJECT_DIR)/Carthage/Build/Mac",
				);
				FRAMEWORK_VERSION = A;
				GCC_C_LANGUAGE_STANDARD = gnu99;
				GCC_NO_COMMON_BLOCKS = YES;
				GCC_WARN_64_TO_32_BIT_CONVERSION = YES;
				GCC_WARN_ABOUT_RETURN_TYPE = YES_ERROR;
				GCC_WARN_UNDECLARED_SELECTOR = YES;
				GCC_WARN_UNINITIALIZED_AUTOS = YES_AGGRESSIVE;
				GCC_WARN_UNUSED_FUNCTION = YES;
				GCC_WARN_UNUSED_VARIABLE = YES;
				INFOPLIST_FILE = Spelt/Info.plist;
				INSTALL_PATH = "$(LOCAL_LIBRARY_DIR)/Frameworks";
				MACOSX_DEPLOYMENT_TARGET = 10.10;
				MTL_ENABLE_DEBUG_INFO = NO;
				PRODUCT_BUNDLE_IDENTIFIER = com.spelt.SpeltKit;
				PRODUCT_NAME = "$(TARGET_NAME)";
				SDKROOT = macosx;
				SKIP_INSTALL = YES;
				SWIFT_OPTIMIZATION_LEVEL = "-Owholemodule";
				SWIFT_VERSION = 3.0;
				VERSIONING_SYSTEM = "apple-generic";
				VERSION_INFO_PREFIX = "";
			};
			name = Release;
		};
		FD8531D21D4A2A6200658286 /* Debug */ = {
			isa = XCBuildConfiguration;
			buildSettings = {
				ALWAYS_SEARCH_USER_PATHS = NO;
				CLANG_ANALYZER_NONNULL = YES;
				CLANG_CXX_LANGUAGE_STANDARD = "gnu++0x";
				CLANG_CXX_LIBRARY = "libc++";
				CLANG_ENABLE_MODULES = YES;
				CLANG_ENABLE_OBJC_ARC = YES;
				CLANG_WARN_BOOL_CONVERSION = YES;
				CLANG_WARN_CONSTANT_CONVERSION = YES;
				CLANG_WARN_DIRECT_OBJC_ISA_USAGE = YES_ERROR;
				CLANG_WARN_DOCUMENTATION_COMMENTS = YES;
				CLANG_WARN_EMPTY_BODY = YES;
				CLANG_WARN_ENUM_CONVERSION = YES;
				CLANG_WARN_INT_CONVERSION = YES;
				CLANG_WARN_OBJC_ROOT_CLASS = YES_ERROR;
				CLANG_WARN_UNREACHABLE_CODE = YES;
				CLANG_WARN__DUPLICATE_METHOD_MATCH = YES;
				CODE_SIGN_IDENTITY = "-";
				COMBINE_HIDPI_IMAGES = YES;
				COPY_PHASE_STRIP = NO;
				DEBUG_INFORMATION_FORMAT = dwarf;
				ENABLE_STRICT_OBJC_MSGSEND = YES;
				ENABLE_TESTABILITY = YES;
				FRAMEWORK_SEARCH_PATHS = (
					"$(inherited)",
					"$(PROJECT_DIR)/Carthage/Build/Mac",
				);
				GCC_C_LANGUAGE_STANDARD = gnu99;
				GCC_DYNAMIC_NO_PIC = NO;
				GCC_NO_COMMON_BLOCKS = YES;
				GCC_OPTIMIZATION_LEVEL = 0;
				GCC_PREPROCESSOR_DEFINITIONS = (
					"DEBUG=1",
					"$(inherited)",
				);
				GCC_WARN_64_TO_32_BIT_CONVERSION = YES;
				GCC_WARN_ABOUT_RETURN_TYPE = YES_ERROR;
				GCC_WARN_UNDECLARED_SELECTOR = YES;
				GCC_WARN_UNINITIALIZED_AUTOS = YES_AGGRESSIVE;
				GCC_WARN_UNUSED_FUNCTION = YES;
				GCC_WARN_UNUSED_VARIABLE = YES;
				INFOPLIST_FILE = SpeltTests/Info.plist;
				LD_RUNPATH_SEARCH_PATHS = "$(inherited) @executable_path/../Frameworks @loader_path/../Frameworks";
				MACOSX_DEPLOYMENT_TARGET = 10.11;
				MTL_ENABLE_DEBUG_INFO = YES;
				ONLY_ACTIVE_ARCH = YES;
				PRODUCT_BUNDLE_IDENTIFIER = com.spelt.SpeltTests;
				PRODUCT_NAME = "$(TARGET_NAME)";
				SDKROOT = macosx;
				SWIFT_ACTIVE_COMPILATION_CONDITIONS = DEBUG;
				SWIFT_OPTIMIZATION_LEVEL = "-Onone";
				SWIFT_VERSION = 3.0;
			};
			name = Debug;
		};
		FD8531D31D4A2A6200658286 /* Release */ = {
			isa = XCBuildConfiguration;
			buildSettings = {
				ALWAYS_SEARCH_USER_PATHS = NO;
				CLANG_ANALYZER_NONNULL = YES;
				CLANG_CXX_LANGUAGE_STANDARD = "gnu++0x";
				CLANG_CXX_LIBRARY = "libc++";
				CLANG_ENABLE_MODULES = YES;
				CLANG_ENABLE_OBJC_ARC = YES;
				CLANG_WARN_BOOL_CONVERSION = YES;
				CLANG_WARN_CONSTANT_CONVERSION = YES;
				CLANG_WARN_DIRECT_OBJC_ISA_USAGE = YES_ERROR;
				CLANG_WARN_DOCUMENTATION_COMMENTS = YES;
				CLANG_WARN_EMPTY_BODY = YES;
				CLANG_WARN_ENUM_CONVERSION = YES;
				CLANG_WARN_INT_CONVERSION = YES;
				CLANG_WARN_OBJC_ROOT_CLASS = YES_ERROR;
				CLANG_WARN_UNREACHABLE_CODE = YES;
				CLANG_WARN__DUPLICATE_METHOD_MATCH = YES;
				CODE_SIGN_IDENTITY = "-";
				COMBINE_HIDPI_IMAGES = YES;
				COPY_PHASE_STRIP = NO;
				DEBUG_INFORMATION_FORMAT = "dwarf-with-dsym";
				ENABLE_NS_ASSERTIONS = NO;
				ENABLE_STRICT_OBJC_MSGSEND = YES;
				FRAMEWORK_SEARCH_PATHS = (
					"$(inherited)",
					"$(PROJECT_DIR)/Carthage/Build/Mac",
				);
				GCC_C_LANGUAGE_STANDARD = gnu99;
				GCC_NO_COMMON_BLOCKS = YES;
				GCC_WARN_64_TO_32_BIT_CONVERSION = YES;
				GCC_WARN_ABOUT_RETURN_TYPE = YES_ERROR;
				GCC_WARN_UNDECLARED_SELECTOR = YES;
				GCC_WARN_UNINITIALIZED_AUTOS = YES_AGGRESSIVE;
				GCC_WARN_UNUSED_FUNCTION = YES;
				GCC_WARN_UNUSED_VARIABLE = YES;
				INFOPLIST_FILE = SpeltTests/Info.plist;
				LD_RUNPATH_SEARCH_PATHS = "$(inherited) @executable_path/../Frameworks @loader_path/../Frameworks";
				MACOSX_DEPLOYMENT_TARGET = 10.11;
				MTL_ENABLE_DEBUG_INFO = NO;
				PRODUCT_BUNDLE_IDENTIFIER = com.spelt.SpeltTests;
				PRODUCT_NAME = "$(TARGET_NAME)";
				SDKROOT = macosx;
				SWIFT_OPTIMIZATION_LEVEL = "-Owholemodule";
				SWIFT_VERSION = 3.0;
			};
			name = Release;
		};
/* End XCBuildConfiguration section */

/* Begin XCConfigurationList section */
		FD3915811D7DB78E00F7F5F7 /* Build configuration list for PBXNativeTarget "spelt" */ = {
			isa = XCConfigurationList;
			buildConfigurations = (
				FD39157F1D7DB78E00F7F5F7 /* Debug */,
				FD3915801D7DB78E00F7F5F7 /* Release */,
			);
			defaultConfigurationIsVisible = 0;
			defaultConfigurationName = Release;
		};
		FD8531A01D4A29B700658286 /* Build configuration list for PBXProject "Spelt" */ = {
			isa = XCConfigurationList;
			buildConfigurations = (
				FD8531A11D4A29B700658286 /* Debug */,
				FD8531A21D4A29B700658286 /* Release */,
			);
			defaultConfigurationIsVisible = 0;
			defaultConfigurationName = Release;
		};
		FD8531CE1D4A2A6200658286 /* Build configuration list for PBXNativeTarget "SpeltKit" */ = {
			isa = XCConfigurationList;
			buildConfigurations = (
				FD8531CF1D4A2A6200658286 /* Debug */,
				FD8531D01D4A2A6200658286 /* Release */,
			);
			defaultConfigurationIsVisible = 0;
			defaultConfigurationName = Release;
		};
		FD8531D11D4A2A6200658286 /* Build configuration list for PBXNativeTarget "SpeltTests" */ = {
			isa = XCConfigurationList;
			buildConfigurations = (
				FD8531D21D4A2A6200658286 /* Debug */,
				FD8531D31D4A2A6200658286 /* Release */,
			);
			defaultConfigurationIsVisible = 0;
			defaultConfigurationName = Release;
		};
/* End XCConfigurationList section */
	};
	rootObject = FD85319D1D4A29B700658286 /* Project object */;
}
