// !$*UTF8*$!
{
	archiveVersion = 1;
	classes = {
	};
	objectVersion = 46;
	objects = {

/* Begin PBXBuildFile section */
		66795ADD21F466760088C733 /* Lexer.swift in Sources */ = {isa = PBXBuildFile; fileRef = 66795A9621F466760088C733 /* Lexer.swift */; };
		66795ADE21F466760088C733 /* FilterTag.swift in Sources */ = {isa = PBXBuildFile; fileRef = 66795A9721F466760088C733 /* FilterTag.swift */; };
		66795ADF21F466760088C733 /* Expression.swift in Sources */ = {isa = PBXBuildFile; fileRef = 66795A9821F466760088C733 /* Expression.swift */; };
		66795AE021F466760088C733 /* ForTag.swift in Sources */ = {isa = PBXBuildFile; fileRef = 66795A9921F466760088C733 /* ForTag.swift */; };
		66795AE121F466760088C733 /* Environment.swift in Sources */ = {isa = PBXBuildFile; fileRef = 66795A9A21F466760088C733 /* Environment.swift */; };
		66795AE221F466760088C733 /* IfTag.swift in Sources */ = {isa = PBXBuildFile; fileRef = 66795A9B21F466760088C733 /* IfTag.swift */; };
		66795AE321F466760088C733 /* Include.swift in Sources */ = {isa = PBXBuildFile; fileRef = 66795A9C21F466760088C733 /* Include.swift */; };
		66795AE421F466760088C733 /* Tokenizer.swift in Sources */ = {isa = PBXBuildFile; fileRef = 66795A9D21F466760088C733 /* Tokenizer.swift */; };
		66795AE521F466760088C733 /* Loader.swift in Sources */ = {isa = PBXBuildFile; fileRef = 66795A9E21F466760088C733 /* Loader.swift */; };
		66795AE621F466760088C733 /* Template.swift in Sources */ = {isa = PBXBuildFile; fileRef = 66795A9F21F466760088C733 /* Template.swift */; };
		66795AE721F466760088C733 /* Inheritence.swift in Sources */ = {isa = PBXBuildFile; fileRef = 66795AA021F466760088C733 /* Inheritence.swift */; };
		66795AE821F466760088C733 /* Extension.swift in Sources */ = {isa = PBXBuildFile; fileRef = 66795AA121F466760088C733 /* Extension.swift */; };
		66795AE921F466760088C733 /* Context.swift in Sources */ = {isa = PBXBuildFile; fileRef = 66795AA221F466760088C733 /* Context.swift */; };
		66795AEA21F466760088C733 /* _SwiftSupport.swift in Sources */ = {isa = PBXBuildFile; fileRef = 66795AA321F466760088C733 /* _SwiftSupport.swift */; };
		66795AEB21F466760088C733 /* KeyPath.swift in Sources */ = {isa = PBXBuildFile; fileRef = 66795AA421F466760088C733 /* KeyPath.swift */; };
		66795AEC21F466760088C733 /* Parser.swift in Sources */ = {isa = PBXBuildFile; fileRef = 66795AA521F466760088C733 /* Parser.swift */; };
		66795AED21F466760088C733 /* Errors.swift in Sources */ = {isa = PBXBuildFile; fileRef = 66795AA621F466760088C733 /* Errors.swift */; };
		66795AEE21F466760088C733 /* Variable.swift in Sources */ = {isa = PBXBuildFile; fileRef = 66795AA721F466760088C733 /* Variable.swift */; };
		66795AEF21F466760088C733 /* NowTag.swift in Sources */ = {isa = PBXBuildFile; fileRef = 66795AA821F466760088C733 /* NowTag.swift */; };
		66795AF021F466760088C733 /* Filters.swift in Sources */ = {isa = PBXBuildFile; fileRef = 66795AA921F466760088C733 /* Filters.swift */; };
		66795AF121F466760088C733 /* Node.swift in Sources */ = {isa = PBXBuildFile; fileRef = 66795AAA21F466760088C733 /* Node.swift */; };
		FD0550F51D993FBA00394BB2 /* PathKit.framework in Frameworks */ = {isa = PBXBuildFile; fileRef = FD6D607B1D4BA3B100A7C277 /* PathKit.framework */; };
		FD0F9A291DCF161B005CDCBD /* Version.swift in Sources */ = {isa = PBXBuildFile; fileRef = FD0F9A281DCF161B005CDCBD /* Version.swift */; };
		FD0F9A2B1DCF18FF005CDCBD /* SpeltKit.swift in Sources */ = {isa = PBXBuildFile; fileRef = FD0F9A2A1DCF18FF005CDCBD /* SpeltKit.swift */; };
		FD2EE1041D86CA1C00700C58 /* ExcerptRenderer.swift in Sources */ = {isa = PBXBuildFile; fileRef = FD2EE1031D86CA1C00700C58 /* ExcerptRenderer.swift */; };
		FD2EE1061D86CCD900700C58 /* Paginate.swift in Sources */ = {isa = PBXBuildFile; fileRef = FD2EE1051D86CCD900700C58 /* Paginate.swift */; };
		FD3915821D7DB7BE00F7F5F7 /* main.swift in Sources */ = {isa = PBXBuildFile; fileRef = FD8531B11D4A2A3500658286 /* main.swift */; };
		FD3915831D7DB80C00F7F5F7 /* SpeltKit.framework in Frameworks */ = {isa = PBXBuildFile; fileRef = FD8531BD1D4A2A6200658286 /* SpeltKit.framework */; };
		FD3915841D7DB80C00F7F5F7 /* SpeltKit.framework in Embed Frameworks */ = {isa = PBXBuildFile; fileRef = FD8531BD1D4A2A6200658286 /* SpeltKit.framework */; settings = {ATTRIBUTES = (CodeSignOnCopy, RemoveHeadersOnCopy, ); }; };
		FD39158A1D7DC56000F7F5F7 /* SwiftSass.framework in Copy Frameworks to Products Directory */ = {isa = PBXBuildFile; fileRef = FDB9A8AA1D54BF230016CDB7 /* SwiftSass.framework */; };
		FD39158B1D7DC56000F7F5F7 /* PathKit.framework in Copy Frameworks to Products Directory */ = {isa = PBXBuildFile; fileRef = FD6D607B1D4BA3B100A7C277 /* PathKit.framework */; };
		FD39158C1D7DC56000F7F5F7 /* SwiftYAML.framework in Copy Frameworks to Products Directory */ = {isa = PBXBuildFile; fileRef = FD6D5FE81D4B7B1A00A7C277 /* SwiftYAML.framework */; };
		FD39158D1D7DC56000F7F5F7 /* Hoedown.framework in Copy Frameworks to Products Directory */ = {isa = PBXBuildFile; fileRef = FD8531E31D4A3A7400658286 /* Hoedown.framework */; };
		FD39158E1D7DC56000F7F5F7 /* SwiftHoedown.framework in Copy Frameworks to Products Directory */ = {isa = PBXBuildFile; fileRef = FD8531E01D4A3A4C00658286 /* SwiftHoedown.framework */; };
		FD3915921D7DCBAE00F7F5F7 /* Commandant.framework in Frameworks */ = {isa = PBXBuildFile; fileRef = FD3915901D7DCBAE00F7F5F7 /* Commandant.framework */; };
		FD3915931D7DCBAE00F7F5F7 /* Result.framework in Frameworks */ = {isa = PBXBuildFile; fileRef = FD3915911D7DCBAE00F7F5F7 /* Result.framework */; };
		FD3915941D7DCBB800F7F5F7 /* Commandant.framework in Copy Frameworks to embed in Framework */ = {isa = PBXBuildFile; fileRef = FD3915901D7DCBAE00F7F5F7 /* Commandant.framework */; settings = {ATTRIBUTES = (CodeSignOnCopy, RemoveHeadersOnCopy, ); }; };
		FD3915951D7DCBBB00F7F5F7 /* Result.framework in Copy Frameworks to embed in Framework */ = {isa = PBXBuildFile; fileRef = FD3915911D7DCBAE00F7F5F7 /* Result.framework */; settings = {ATTRIBUTES = (CodeSignOnCopy, RemoveHeadersOnCopy, ); }; };
		FD3915961D7DCBBF00F7F5F7 /* Commandant.framework in Copy Frameworks to Products Directory */ = {isa = PBXBuildFile; fileRef = FD3915901D7DCBAE00F7F5F7 /* Commandant.framework */; };
		FD3915971D7DCBC100F7F5F7 /* Result.framework in Copy Frameworks to Products Directory */ = {isa = PBXBuildFile; fileRef = FD3915911D7DCBAE00F7F5F7 /* Result.framework */; };
		FD3915991D7EEF8600F7F5F7 /* Build.swift in Sources */ = {isa = PBXBuildFile; fileRef = FD3915981D7EEF8600F7F5F7 /* Build.swift */; };
		FD39159E1D7F015E00F7F5F7 /* GCDWebServers.framework in Frameworks */ = {isa = PBXBuildFile; fileRef = FD39159C1D7F015E00F7F5F7 /* GCDWebServers.framework */; };
		FD39159F1D7F015E00F7F5F7 /* Witness.framework in Frameworks */ = {isa = PBXBuildFile; fileRef = FD39159D1D7F015E00F7F5F7 /* Witness.framework */; };
		FD3915A01D7F016600F7F5F7 /* GCDWebServers.framework in Copy Frameworks to embed in Framework */ = {isa = PBXBuildFile; fileRef = FD39159C1D7F015E00F7F5F7 /* GCDWebServers.framework */; settings = {ATTRIBUTES = (CodeSignOnCopy, RemoveHeadersOnCopy, ); }; };
		FD3915A11D7F016600F7F5F7 /* Witness.framework in Copy Frameworks to embed in Framework */ = {isa = PBXBuildFile; fileRef = FD39159D1D7F015E00F7F5F7 /* Witness.framework */; settings = {ATTRIBUTES = (CodeSignOnCopy, RemoveHeadersOnCopy, ); }; };
		FD3915A21D7F016A00F7F5F7 /* GCDWebServers.framework in Copy Frameworks to Products Directory */ = {isa = PBXBuildFile; fileRef = FD39159C1D7F015E00F7F5F7 /* GCDWebServers.framework */; };
		FD3915A31D7F016A00F7F5F7 /* Witness.framework in Copy Frameworks to Products Directory */ = {isa = PBXBuildFile; fileRef = FD39159D1D7F015E00F7F5F7 /* Witness.framework */; };
		FD3915A51D7F01B300F7F5F7 /* Serve.swift in Sources */ = {isa = PBXBuildFile; fileRef = FD3915A41D7F01B300F7F5F7 /* Serve.swift */; };
		FD3915A61D7F01B700F7F5F7 /* SiteServer.swift in Sources */ = {isa = PBXBuildFile; fileRef = FD39159A1D7F011600F7F5F7 /* SiteServer.swift */; };
		FD3915A81D7F13A500F7F5F7 /* SiteObserver.swift in Sources */ = {isa = PBXBuildFile; fileRef = FD3915A71D7F13A500F7F5F7 /* SiteObserver.swift */; };
		FD4B9B501D880335009061F8 /* New.swift in Sources */ = {isa = PBXBuildFile; fileRef = FD4B9B4E1D8801F1009061F8 /* New.swift */; };
		FD4B9B521D881CD2009061F8 /* SiteScaffolding.swift in Sources */ = {isa = PBXBuildFile; fileRef = FD4B9B511D881CD2009061F8 /* SiteScaffolding.swift */; };
		FD6D5FD81D4A3C1100A7C277 /* SiteReaderTests.swift in Sources */ = {isa = PBXBuildFile; fileRef = FD6D5FD71D4A3C1100A7C277 /* SiteReaderTests.swift */; };
		FD6D5FE11D4A4BE600A7C277 /* String+Paths.swift in Sources */ = {isa = PBXBuildFile; fileRef = FD6D5FE01D4A4BE600A7C277 /* String+Paths.swift */; };
		FD6D5FE51D4B4E7100A7C277 /* Document.swift in Sources */ = {isa = PBXBuildFile; fileRef = FD6D5FE41D4B4E7100A7C277 /* Document.swift */; };
		FD6D5FE71D4B778E00A7C277 /* Metadata.swift in Sources */ = {isa = PBXBuildFile; fileRef = FD6D5FE61D4B778E00A7C277 /* Metadata.swift */; };
		FD6D5FEA1D4B7B2700A7C277 /* SwiftYAML.framework in Frameworks */ = {isa = PBXBuildFile; fileRef = FD6D5FE81D4B7B1A00A7C277 /* SwiftYAML.framework */; };
		FD6D5FEC1D4B7B6B00A7C277 /* NSRegularExpression+Utilities.swift in Sources */ = {isa = PBXBuildFile; fileRef = FD6D5FEB1D4B7B6B00A7C277 /* NSRegularExpression+Utilities.swift */; };
		FD6D5FEE1D4B7F8700A7C277 /* Utilities.swift in Sources */ = {isa = PBXBuildFile; fileRef = FD6D5FED1D4B7F8700A7C277 /* Utilities.swift */; };
		FD6D5FF01D4B8FD400A7C277 /* SiteBuilder.swift in Sources */ = {isa = PBXBuildFile; fileRef = FD6D5FEF1D4B8FD400A7C277 /* SiteBuilder.swift */; };
		FD6D5FF41D4B90BC00A7C277 /* SiteRendererTests.swift in Sources */ = {isa = PBXBuildFile; fileRef = FD6D5FF31D4B90BC00A7C277 /* SiteRendererTests.swift */; };
		FD6D5FF61D4B90F000A7C277 /* SiteRenderer.swift in Sources */ = {isa = PBXBuildFile; fileRef = FD6D5FF51D4B90F000A7C277 /* SiteRenderer.swift */; };
		FD6D5FF81D4B91F800A7C277 /* YAMLDateFormatter.swift in Sources */ = {isa = PBXBuildFile; fileRef = FD6D5FF71D4B91F800A7C277 /* YAMLDateFormatter.swift */; };
		FD6D5FFB1D4B969B00A7C277 /* Permalinks.swift in Sources */ = {isa = PBXBuildFile; fileRef = FD6D5FFA1D4B969B00A7C277 /* Permalinks.swift */; };
		FD6D5FFD1D4B975400A7C277 /* File.swift in Sources */ = {isa = PBXBuildFile; fileRef = FD6D5FFC1D4B975400A7C277 /* File.swift */; };
		FD6D60701D4BA21B00A7C277 /* TemplateRenderer.swift in Sources */ = {isa = PBXBuildFile; fileRef = FD6D606F1D4BA21B00A7C277 /* TemplateRenderer.swift */; };
		FD6D60721D4BA27900A7C277 /* Stencil+Spelt.swift in Sources */ = {isa = PBXBuildFile; fileRef = FD6D60711D4BA27900A7C277 /* Stencil+Spelt.swift */; };
		FD6D60741D4BA2AE00A7C277 /* Stencil+MathFilters.swift in Sources */ = {isa = PBXBuildFile; fileRef = FD6D60731D4BA2AE00A7C277 /* Stencil+MathFilters.swift */; };
		FD6D60761D4BA2D500A7C277 /* String+HTML.swift in Sources */ = {isa = PBXBuildFile; fileRef = FD6D60751D4BA2D500A7C277 /* String+HTML.swift */; };
		FD6D60781D4BA30700A7C277 /* String+XML.swift in Sources */ = {isa = PBXBuildFile; fileRef = FD6D60771D4BA30700A7C277 /* String+XML.swift */; };
		FD6D607A1D4BA36A00A7C277 /* MarkdownConverter.swift in Sources */ = {isa = PBXBuildFile; fileRef = FD6D60791D4BA36A00A7C277 /* MarkdownConverter.swift */; };
		FD8531CD1D4A2A6200658286 /* SpeltKit.h in Headers */ = {isa = PBXBuildFile; fileRef = FD8531BF1D4A2A6200658286 /* SpeltKit.h */; settings = {ATTRIBUTES = (Public, ); }; };
		FD8531D81D4A2A8D00658286 /* Post.swift in Sources */ = {isa = PBXBuildFile; fileRef = FD8531B31D4A2A3500658286 /* Post.swift */; };
		FD8531D91D4A2A8D00658286 /* Site.swift in Sources */ = {isa = PBXBuildFile; fileRef = FD8531B41D4A2A3500658286 /* Site.swift */; };
		FD8531DA1D4A2A8D00658286 /* SiteReader.swift in Sources */ = {isa = PBXBuildFile; fileRef = FD8531B51D4A2A3500658286 /* SiteReader.swift */; };
		FD8531DB1D4A2A8D00658286 /* StaticFile.swift in Sources */ = {isa = PBXBuildFile; fileRef = FD8531B61D4A2A3500658286 /* StaticFile.swift */; };
		FD8531E21D4A3A7200658286 /* SwiftHoedown.framework in Frameworks */ = {isa = PBXBuildFile; fileRef = FD8531E01D4A3A4C00658286 /* SwiftHoedown.framework */; };
		FD8531E41D4A3A7400658286 /* Hoedown.framework in Frameworks */ = {isa = PBXBuildFile; fileRef = FD8531E31D4A3A7400658286 /* Hoedown.framework */; };
		FD8955C31DC3431C0055692A /* TestHelper.swift in Sources */ = {isa = PBXBuildFile; fileRef = FD8955C21DC3431C0055692A /* TestHelper.swift */; };
		FD94A8BA1D75B279000D3888 /* PostTests.swift in Sources */ = {isa = PBXBuildFile; fileRef = FD94A8B91D75B279000D3888 /* PostTests.swift */; };
		FD94A8BD1D75C1D9000D3888 /* SiteConfiguration.swift in Sources */ = {isa = PBXBuildFile; fileRef = FD94A8BB1D75C1AA000D3888 /* SiteConfiguration.swift */; };
		FDB926321D6B4CA200B8D5D3 /* SiteBuilderTests.swift in Sources */ = {isa = PBXBuildFile; fileRef = FDB926311D6B4CA200B8D5D3 /* SiteBuilderTests.swift */; };
		FDB9A8A91D54B99B0016CDB7 /* SassConverter.swift in Sources */ = {isa = PBXBuildFile; fileRef = FDB9A8A81D54B99B0016CDB7 /* SassConverter.swift */; };
		FDB9A8AB1D54BF230016CDB7 /* SwiftSass.framework in Frameworks */ = {isa = PBXBuildFile; fileRef = FDB9A8AA1D54BF230016CDB7 /* SwiftSass.framework */; };
		FDCC12CC1D9A72580067D6E4 /* BuildDateRenderer.swift in Sources */ = {isa = PBXBuildFile; fileRef = FDCC12CB1D9A72580067D6E4 /* BuildDateRenderer.swift */; };
		FDE1D6221D7DB72D009A1A77 /* SwiftSass.framework in Copy Frameworks to embed in Framework */ = {isa = PBXBuildFile; fileRef = FDB9A8AA1D54BF230016CDB7 /* SwiftSass.framework */; settings = {ATTRIBUTES = (CodeSignOnCopy, RemoveHeadersOnCopy, ); }; };
		FDE1D6231D7DB72D009A1A77 /* PathKit.framework in Copy Frameworks to embed in Framework */ = {isa = PBXBuildFile; fileRef = FD6D607B1D4BA3B100A7C277 /* PathKit.framework */; settings = {ATTRIBUTES = (CodeSignOnCopy, RemoveHeadersOnCopy, ); }; };
		FDE1D6241D7DB72D009A1A77 /* SwiftYAML.framework in Copy Frameworks to embed in Framework */ = {isa = PBXBuildFile; fileRef = FD6D5FE81D4B7B1A00A7C277 /* SwiftYAML.framework */; settings = {ATTRIBUTES = (CodeSignOnCopy, RemoveHeadersOnCopy, ); }; };
		FDE1D6251D7DB72D009A1A77 /* Hoedown.framework in Copy Frameworks to embed in Framework */ = {isa = PBXBuildFile; fileRef = FD8531E31D4A3A7400658286 /* Hoedown.framework */; settings = {ATTRIBUTES = (CodeSignOnCopy, RemoveHeadersOnCopy, ); }; };
		FDE1D6261D7DB72D009A1A77 /* SwiftHoedown.framework in Copy Frameworks to embed in Framework */ = {isa = PBXBuildFile; fileRef = FD8531E01D4A3A4C00658286 /* SwiftHoedown.framework */; settings = {ATTRIBUTES = (CodeSignOnCopy, RemoveHeadersOnCopy, ); }; };
		FDF93A071D84554200C9C8FF /* CollectionRenderer.swift in Sources */ = {isa = PBXBuildFile; fileRef = FDF93A061D84554100C9C8FF /* CollectionRenderer.swift */; };
/* End PBXBuildFile section */

/* Begin PBXContainerItemProxy section */
		FD3915851D7DB80C00F7F5F7 /* PBXContainerItemProxy */ = {
			isa = PBXContainerItemProxy;
			containerPortal = FD85319D1D4A29B700658286 /* Project object */;
			proxyType = 1;
			remoteGlobalIDString = FD8531BC1D4A2A6200658286;
			remoteInfo = SpeltKit;
		};
		FD8531C71D4A2A6200658286 /* PBXContainerItemProxy */ = {
			isa = PBXContainerItemProxy;
			containerPortal = FD85319D1D4A29B700658286 /* Project object */;
			proxyType = 1;
			remoteGlobalIDString = FD8531BC1D4A2A6200658286;
			remoteInfo = Spelt;
		};
/* End PBXContainerItemProxy section */

/* Begin PBXCopyFilesBuildPhase section */
		FD3915871D7DB80C00F7F5F7 /* Embed Frameworks */ = {
			isa = PBXCopyFilesBuildPhase;
			buildActionMask = 2147483647;
			dstPath = "";
			dstSubfolderSpec = 10;
			files = (
				FD3915841D7DB80C00F7F5F7 /* SpeltKit.framework in Embed Frameworks */,
			);
			name = "Embed Frameworks";
			runOnlyForDeploymentPostprocessing = 0;
		};
		FD3915891D7DC55500F7F5F7 /* Copy Frameworks to Products Directory */ = {
			isa = PBXCopyFilesBuildPhase;
			buildActionMask = 2147483647;
			dstPath = "";
			dstSubfolderSpec = 16;
			files = (
				FD3915A21D7F016A00F7F5F7 /* GCDWebServers.framework in Copy Frameworks to Products Directory */,
				FD3915A31D7F016A00F7F5F7 /* Witness.framework in Copy Frameworks to Products Directory */,
				FD39158A1D7DC56000F7F5F7 /* SwiftSass.framework in Copy Frameworks to Products Directory */,
				FD3915961D7DCBBF00F7F5F7 /* Commandant.framework in Copy Frameworks to Products Directory */,
				FD3915971D7DCBC100F7F5F7 /* Result.framework in Copy Frameworks to Products Directory */,
				FD39158B1D7DC56000F7F5F7 /* PathKit.framework in Copy Frameworks to Products Directory */,
				FD39158C1D7DC56000F7F5F7 /* SwiftYAML.framework in Copy Frameworks to Products Directory */,
				FD39158D1D7DC56000F7F5F7 /* Hoedown.framework in Copy Frameworks to Products Directory */,
				FD39158E1D7DC56000F7F5F7 /* SwiftHoedown.framework in Copy Frameworks to Products Directory */,
			);
			name = "Copy Frameworks to Products Directory";
			runOnlyForDeploymentPostprocessing = 0;
		};
		FDE1D6211D7DB717009A1A77 /* Copy Frameworks to embed in Framework */ = {
			isa = PBXCopyFilesBuildPhase;
			buildActionMask = 2147483647;
			dstPath = "";
			dstSubfolderSpec = 10;
			files = (
				FDE1D6221D7DB72D009A1A77 /* SwiftSass.framework in Copy Frameworks to embed in Framework */,
				FDE1D6231D7DB72D009A1A77 /* PathKit.framework in Copy Frameworks to embed in Framework */,
				FD3915951D7DCBBB00F7F5F7 /* Result.framework in Copy Frameworks to embed in Framework */,
				FD3915941D7DCBB800F7F5F7 /* Commandant.framework in Copy Frameworks to embed in Framework */,
				FDE1D6241D7DB72D009A1A77 /* SwiftYAML.framework in Copy Frameworks to embed in Framework */,
				FDE1D6251D7DB72D009A1A77 /* Hoedown.framework in Copy Frameworks to embed in Framework */,
				FDE1D6261D7DB72D009A1A77 /* SwiftHoedown.framework in Copy Frameworks to embed in Framework */,
				FD3915A01D7F016600F7F5F7 /* GCDWebServers.framework in Copy Frameworks to embed in Framework */,
				FD3915A11D7F016600F7F5F7 /* Witness.framework in Copy Frameworks to embed in Framework */,
			);
			name = "Copy Frameworks to embed in Framework";
			runOnlyForDeploymentPostprocessing = 0;
		};
/* End PBXCopyFilesBuildPhase section */

/* Begin PBXFileReference section */
		66795A5F21F466760088C733 /* Stencil.podspec.json */ = {isa = PBXFileReference; fileEncoding = 4; lastKnownFileType = text.json; path = Stencil.podspec.json; sourceTree = "<group>"; };
		66795A6021F466760088C733 /* LICENSE */ = {isa = PBXFileReference; fileEncoding = 4; lastKnownFileType = text; path = LICENSE; sourceTree = "<group>"; };
		66795A6121F466760088C733 /* CHANGELOG.md */ = {isa = PBXFileReference; fileEncoding = 4; lastKnownFileType = net.daringfireball.markdown; path = CHANGELOG.md; sourceTree = "<group>"; };
		66795A6221F466760088C733 /* .swiftlint.yml */ = {isa = PBXFileReference; fileEncoding = 4; lastKnownFileType = text; path = .swiftlint.yml; sourceTree = "<group>"; };
		66795A6321F466760088C733 /* Package@swift-4.2.swift */ = {isa = PBXFileReference; fileEncoding = 4; lastKnownFileType = sourcecode.swift; path = "Package@swift-4.2.swift"; sourceTree = "<group>"; };
		66795A6521F466760088C733 /* LinuxMain.swift */ = {isa = PBXFileReference; fileEncoding = 4; lastKnownFileType = sourcecode.swift; path = LinuxMain.swift; sourceTree = "<group>"; };
		66795A6721F466760088C733 /* TokenSpec.swift */ = {isa = PBXFileReference; fileEncoding = 4; lastKnownFileType = sourcecode.swift; path = TokenSpec.swift; sourceTree = "<group>"; };
		66795A6821F466760088C733 /* LoaderSpec.swift */ = {isa = PBXFileReference; fileEncoding = 4; lastKnownFileType = sourcecode.swift; path = LoaderSpec.swift; sourceTree = "<group>"; };
		66795A6921F466760088C733 /* StencilSpec.swift */ = {isa = PBXFileReference; fileEncoding = 4; lastKnownFileType = sourcecode.swift; path = StencilSpec.swift; sourceTree = "<group>"; };
		66795A6A21F466760088C733 /* .swiftlint.yml */ = {isa = PBXFileReference; fileEncoding = 4; lastKnownFileType = text; path = .swiftlint.yml; sourceTree = "<group>"; };
		66795A6B21F466760088C733 /* NodeSpec.swift */ = {isa = PBXFileReference; fileEncoding = 4; lastKnownFileType = sourcecode.swift; path = NodeSpec.swift; sourceTree = "<group>"; };
		66795A6C21F466760088C733 /* ContextSpec.swift */ = {isa = PBXFileReference; fileEncoding = 4; lastKnownFileType = sourcecode.swift; path = ContextSpec.swift; sourceTree = "<group>"; };
		66795A6D21F466760088C733 /* NowNodeSpec.swift */ = {isa = PBXFileReference; fileEncoding = 4; lastKnownFileType = sourcecode.swift; path = NowNodeSpec.swift; sourceTree = "<group>"; };
		66795A6E21F466760088C733 /* VariableSpec.swift */ = {isa = PBXFileReference; fileEncoding = 4; lastKnownFileType = sourcecode.swift; path = VariableSpec.swift; sourceTree = "<group>"; };
		66795A6F21F466760088C733 /* ParserSpec.swift */ = {isa = PBXFileReference; fileEncoding = 4; lastKnownFileType = sourcecode.swift; path = ParserSpec.swift; sourceTree = "<group>"; };
		66795A7021F466760088C733 /* FilterTagSpec.swift */ = {isa = PBXFileReference; fileEncoding = 4; lastKnownFileType = sourcecode.swift; path = FilterTagSpec.swift; sourceTree = "<group>"; };
		66795A7121F466760088C733 /* IfNodeSpec.swift */ = {isa = PBXFileReference; fileEncoding = 4; lastKnownFileType = sourcecode.swift; path = IfNodeSpec.swift; sourceTree = "<group>"; };
		66795A7221F466760088C733 /* IncludeSpec.swift */ = {isa = PBXFileReference; fileEncoding = 4; lastKnownFileType = sourcecode.swift; path = IncludeSpec.swift; sourceTree = "<group>"; };
		66795A7321F466760088C733 /* XCTestManifests.swift */ = {isa = PBXFileReference; fileEncoding = 4; lastKnownFileType = sourcecode.swift; path = XCTestManifests.swift; sourceTree = "<group>"; };
		66795A7421F466760088C733 /* ExpressionSpec.swift */ = {isa = PBXFileReference; fileEncoding = 4; lastKnownFileType = sourcecode.swift; path = ExpressionSpec.swift; sourceTree = "<group>"; };
		66795A7521F466760088C733 /* TemplateSpec.swift */ = {isa = PBXFileReference; fileEncoding = 4; lastKnownFileType = sourcecode.swift; path = TemplateSpec.swift; sourceTree = "<group>"; };
		66795A7621F466760088C733 /* ForNodeSpec.swift */ = {isa = PBXFileReference; fileEncoding = 4; lastKnownFileType = sourcecode.swift; path = ForNodeSpec.swift; sourceTree = "<group>"; };
		66795A7721F466760088C733 /* LexerSpec.swift */ = {isa = PBXFileReference; fileEncoding = 4; lastKnownFileType = sourcecode.swift; path = LexerSpec.swift; sourceTree = "<group>"; };
		66795A7821F466760088C733 /* FilterSpec.swift */ = {isa = PBXFileReference; fileEncoding = 4; lastKnownFileType = sourcecode.swift; path = FilterSpec.swift; sourceTree = "<group>"; };
		66795A7A21F466760088C733 /* invalid-include.html */ = {isa = PBXFileReference; fileEncoding = 4; lastKnownFileType = text.html; path = "invalid-include.html"; sourceTree = "<group>"; };
		66795A7B21F466760088C733 /* child.html */ = {isa = PBXFileReference; fileEncoding = 4; lastKnownFileType = text.html; path = child.html; sourceTree = "<group>"; };
		66795A7C21F466760088C733 /* base.html */ = {isa = PBXFileReference; fileEncoding = 4; lastKnownFileType = text.html; path = base.html; sourceTree = "<group>"; };
		66795A7D21F466760088C733 /* invalid-child-super.html */ = {isa = PBXFileReference; fileEncoding = 4; lastKnownFileType = text.html; path = "invalid-child-super.html"; sourceTree = "<group>"; };
		66795A7E21F466760088C733 /* invalid-base.html */ = {isa = PBXFileReference; fileEncoding = 4; lastKnownFileType = text.html; path = "invalid-base.html"; sourceTree = "<group>"; };
		66795A7F21F466760088C733 /* test.html */ = {isa = PBXFileReference; fileEncoding = 4; lastKnownFileType = text.html; path = test.html; sourceTree = "<group>"; };
		66795A8021F466760088C733 /* huge.html */ = {isa = PBXFileReference; fileEncoding = 4; lastKnownFileType = text.html; path = huge.html; sourceTree = "<group>"; };
		66795A8121F466760088C733 /* child-super.html */ = {isa = PBXFileReference; fileEncoding = 4; lastKnownFileType = text.html; path = "child-super.html"; sourceTree = "<group>"; };
		66795A8221F466760088C733 /* child-child.html */ = {isa = PBXFileReference; fileEncoding = 4; lastKnownFileType = text.html; path = "child-child.html"; sourceTree = "<group>"; };
		66795A8321F466760088C733 /* InheritanceSpec.swift */ = {isa = PBXFileReference; fileEncoding = 4; lastKnownFileType = sourcecode.swift; path = InheritanceSpec.swift; sourceTree = "<group>"; };
		66795A8421F466760088C733 /* EnvironmentSpec.swift */ = {isa = PBXFileReference; fileEncoding = 4; lastKnownFileType = sourcecode.swift; path = EnvironmentSpec.swift; sourceTree = "<group>"; };
		66795A8621F466760088C733 /* templates.rst */ = {isa = PBXFileReference; fileEncoding = 4; lastKnownFileType = text; path = templates.rst; sourceTree = "<group>"; };
		66795A8721F466760088C733 /* index.rst */ = {isa = PBXFileReference; fileEncoding = 4; lastKnownFileType = text; path = index.rst; sourceTree = "<group>"; };
		66795A8921F466760088C733 /* sidebar_intro.html */ = {isa = PBXFileReference; fileEncoding = 4; lastKnownFileType = text.html; path = sidebar_intro.html; sourceTree = "<group>"; };
		66795A8A21F466760088C733 /* Makefile */ = {isa = PBXFileReference; fileEncoding = 4; lastKnownFileType = sourcecode.make; path = Makefile; sourceTree = "<group>"; };
		66795A8B21F466760088C733 /* conf.py */ = {isa = PBXFileReference; fileEncoding = 4; lastKnownFileType = text.script.python; path = conf.py; sourceTree = "<group>"; };
		66795A8C21F466760088C733 /* custom-template-tags-and-filters.rst */ = {isa = PBXFileReference; fileEncoding = 4; lastKnownFileType = text; path = "custom-template-tags-and-filters.rst"; sourceTree = "<group>"; };
		66795A8D21F466760088C733 /* installation.rst */ = {isa = PBXFileReference; fileEncoding = 4; lastKnownFileType = text; path = installation.rst; sourceTree = "<group>"; };
		66795A8E21F466760088C733 /* builtins.rst */ = {isa = PBXFileReference; fileEncoding = 4; lastKnownFileType = text; path = builtins.rst; sourceTree = "<group>"; };
		66795A8F21F466760088C733 /* api.rst */ = {isa = PBXFileReference; fileEncoding = 4; lastKnownFileType = text; path = api.rst; sourceTree = "<group>"; };
		66795A9021F466760088C733 /* getting-started.rst */ = {isa = PBXFileReference; fileEncoding = 4; lastKnownFileType = text; path = "getting-started.rst"; sourceTree = "<group>"; };
		66795A9121F466760088C733 /* README.md */ = {isa = PBXFileReference; fileEncoding = 4; lastKnownFileType = net.daringfireball.markdown; path = README.md; sourceTree = "<group>"; };
		66795A9221F466760088C733 /* Package.resolved */ = {isa = PBXFileReference; fileEncoding = 4; lastKnownFileType = text; path = Package.resolved; sourceTree = "<group>"; };
		66795A9321F466760088C733 /* .gitignore */ = {isa = PBXFileReference; fileEncoding = 4; lastKnownFileType = text; path = .gitignore; sourceTree = "<group>"; };
		66795A9421F466760088C733 /* Package.swift */ = {isa = PBXFileReference; fileEncoding = 4; lastKnownFileType = sourcecode.swift; path = Package.swift; sourceTree = "<group>"; };
		66795A9621F466760088C733 /* Lexer.swift */ = {isa = PBXFileReference; fileEncoding = 4; lastKnownFileType = sourcecode.swift; path = Lexer.swift; sourceTree = "<group>"; };
		66795A9721F466760088C733 /* FilterTag.swift */ = {isa = PBXFileReference; fileEncoding = 4; lastKnownFileType = sourcecode.swift; path = FilterTag.swift; sourceTree = "<group>"; };
		66795A9821F466760088C733 /* Expression.swift */ = {isa = PBXFileReference; fileEncoding = 4; lastKnownFileType = sourcecode.swift; path = Expression.swift; sourceTree = "<group>"; };
		66795A9921F466760088C733 /* ForTag.swift */ = {isa = PBXFileReference; fileEncoding = 4; lastKnownFileType = sourcecode.swift; path = ForTag.swift; sourceTree = "<group>"; };
		66795A9A21F466760088C733 /* Environment.swift */ = {isa = PBXFileReference; fileEncoding = 4; lastKnownFileType = sourcecode.swift; path = Environment.swift; sourceTree = "<group>"; };
		66795A9B21F466760088C733 /* IfTag.swift */ = {isa = PBXFileReference; fileEncoding = 4; lastKnownFileType = sourcecode.swift; path = IfTag.swift; sourceTree = "<group>"; };
		66795A9C21F466760088C733 /* Include.swift */ = {isa = PBXFileReference; fileEncoding = 4; lastKnownFileType = sourcecode.swift; path = Include.swift; sourceTree = "<group>"; };
		66795A9D21F466760088C733 /* Tokenizer.swift */ = {isa = PBXFileReference; fileEncoding = 4; lastKnownFileType = sourcecode.swift; path = Tokenizer.swift; sourceTree = "<group>"; };
		66795A9E21F466760088C733 /* Loader.swift */ = {isa = PBXFileReference; fileEncoding = 4; lastKnownFileType = sourcecode.swift; path = Loader.swift; sourceTree = "<group>"; };
		66795A9F21F466760088C733 /* Template.swift */ = {isa = PBXFileReference; fileEncoding = 4; lastKnownFileType = sourcecode.swift; path = Template.swift; sourceTree = "<group>"; };
		66795AA021F466760088C733 /* Inheritence.swift */ = {isa = PBXFileReference; fileEncoding = 4; lastKnownFileType = sourcecode.swift; path = Inheritence.swift; sourceTree = "<group>"; };
		66795AA121F466760088C733 /* Extension.swift */ = {isa = PBXFileReference; fileEncoding = 4; lastKnownFileType = sourcecode.swift; path = Extension.swift; sourceTree = "<group>"; };
		66795AA221F466760088C733 /* Context.swift */ = {isa = PBXFileReference; fileEncoding = 4; lastKnownFileType = sourcecode.swift; path = Context.swift; sourceTree = "<group>"; };
		66795AA321F466760088C733 /* _SwiftSupport.swift */ = {isa = PBXFileReference; fileEncoding = 4; lastKnownFileType = sourcecode.swift; path = _SwiftSupport.swift; sourceTree = "<group>"; };
		66795AA421F466760088C733 /* KeyPath.swift */ = {isa = PBXFileReference; fileEncoding = 4; lastKnownFileType = sourcecode.swift; path = KeyPath.swift; sourceTree = "<group>"; };
		66795AA521F466760088C733 /* Parser.swift */ = {isa = PBXFileReference; fileEncoding = 4; lastKnownFileType = sourcecode.swift; path = Parser.swift; sourceTree = "<group>"; };
		66795AA621F466760088C733 /* Errors.swift */ = {isa = PBXFileReference; fileEncoding = 4; lastKnownFileType = sourcecode.swift; path = Errors.swift; sourceTree = "<group>"; };
		66795AA721F466760088C733 /* Variable.swift */ = {isa = PBXFileReference; fileEncoding = 4; lastKnownFileType = sourcecode.swift; path = Variable.swift; sourceTree = "<group>"; };
		66795AA821F466760088C733 /* NowTag.swift */ = {isa = PBXFileReference; fileEncoding = 4; lastKnownFileType = sourcecode.swift; path = NowTag.swift; sourceTree = "<group>"; };
		66795AA921F466760088C733 /* Filters.swift */ = {isa = PBXFileReference; fileEncoding = 4; lastKnownFileType = sourcecode.swift; path = Filters.swift; sourceTree = "<group>"; };
		66795AAA21F466760088C733 /* Node.swift */ = {isa = PBXFileReference; fileEncoding = 4; lastKnownFileType = sourcecode.swift; path = Node.swift; sourceTree = "<group>"; };
		66795AAB21F466760088C733 /* .travis.yml */ = {isa = PBXFileReference; fileEncoding = 4; lastKnownFileType = text; path = .travis.yml; sourceTree = "<group>"; };
		FD0F9A281DCF161B005CDCBD /* Version.swift */ = {isa = PBXFileReference; fileEncoding = 4; lastKnownFileType = sourcecode.swift; path = Version.swift; sourceTree = "<group>"; };
		FD0F9A2A1DCF18FF005CDCBD /* SpeltKit.swift */ = {isa = PBXFileReference; fileEncoding = 4; lastKnownFileType = sourcecode.swift; path = SpeltKit.swift; sourceTree = "<group>"; };
		FD2EE1031D86CA1C00700C58 /* ExcerptRenderer.swift */ = {isa = PBXFileReference; fileEncoding = 4; lastKnownFileType = sourcecode.swift; path = ExcerptRenderer.swift; sourceTree = "<group>"; };
		FD2EE1051D86CCD900700C58 /* Paginate.swift */ = {isa = PBXFileReference; fileEncoding = 4; lastKnownFileType = sourcecode.swift; path = Paginate.swift; sourceTree = "<group>"; };
		FD3915751D7DB78E00F7F5F7 /* spelt.app */ = {isa = PBXFileReference; explicitFileType = wrapper.application; includeInIndex = 0; path = spelt.app; sourceTree = BUILT_PRODUCTS_DIR; };
		FD39157E1D7DB78E00F7F5F7 /* Info.plist */ = {isa = PBXFileReference; lastKnownFileType = text.plist.xml; path = Info.plist; sourceTree = "<group>"; };
		FD3915901D7DCBAE00F7F5F7 /* Commandant.framework */ = {isa = PBXFileReference; lastKnownFileType = wrapper.framework; name = Commandant.framework; path = Carthage/Build/Mac/Commandant.framework; sourceTree = "<group>"; };
		FD3915911D7DCBAE00F7F5F7 /* Result.framework */ = {isa = PBXFileReference; lastKnownFileType = wrapper.framework; name = Result.framework; path = Carthage/Build/Mac/Result.framework; sourceTree = "<group>"; };
		FD3915981D7EEF8600F7F5F7 /* Build.swift */ = {isa = PBXFileReference; fileEncoding = 4; lastKnownFileType = sourcecode.swift; path = Build.swift; sourceTree = "<group>"; };
		FD39159A1D7F011600F7F5F7 /* SiteServer.swift */ = {isa = PBXFileReference; fileEncoding = 4; lastKnownFileType = sourcecode.swift; path = SiteServer.swift; sourceTree = "<group>"; };
		FD39159C1D7F015E00F7F5F7 /* GCDWebServers.framework */ = {isa = PBXFileReference; lastKnownFileType = wrapper.framework; name = GCDWebServers.framework; path = Carthage/Build/Mac/GCDWebServers.framework; sourceTree = "<group>"; };
		FD39159D1D7F015E00F7F5F7 /* Witness.framework */ = {isa = PBXFileReference; lastKnownFileType = wrapper.framework; name = Witness.framework; path = Carthage/Build/Mac/Witness.framework; sourceTree = "<group>"; };
		FD3915A41D7F01B300F7F5F7 /* Serve.swift */ = {isa = PBXFileReference; fileEncoding = 4; lastKnownFileType = sourcecode.swift; path = Serve.swift; sourceTree = "<group>"; };
		FD3915A71D7F13A500F7F5F7 /* SiteObserver.swift */ = {isa = PBXFileReference; fileEncoding = 4; lastKnownFileType = sourcecode.swift; path = SiteObserver.swift; sourceTree = "<group>"; };
		FD4B9B4E1D8801F1009061F8 /* New.swift */ = {isa = PBXFileReference; fileEncoding = 4; lastKnownFileType = sourcecode.swift; path = New.swift; sourceTree = "<group>"; };
		FD4B9B511D881CD2009061F8 /* SiteScaffolding.swift */ = {isa = PBXFileReference; fileEncoding = 4; lastKnownFileType = sourcecode.swift; path = SiteScaffolding.swift; sourceTree = "<group>"; };
		FD6D5FD71D4A3C1100A7C277 /* SiteReaderTests.swift */ = {isa = PBXFileReference; fileEncoding = 4; lastKnownFileType = sourcecode.swift; path = SiteReaderTests.swift; sourceTree = "<group>"; };
		FD6D5FE01D4A4BE600A7C277 /* String+Paths.swift */ = {isa = PBXFileReference; fileEncoding = 4; lastKnownFileType = sourcecode.swift; path = "String+Paths.swift"; sourceTree = "<group>"; };
		FD6D5FE41D4B4E7100A7C277 /* Document.swift */ = {isa = PBXFileReference; fileEncoding = 4; lastKnownFileType = sourcecode.swift; path = Document.swift; sourceTree = "<group>"; };
		FD6D5FE61D4B778E00A7C277 /* Metadata.swift */ = {isa = PBXFileReference; fileEncoding = 4; lastKnownFileType = sourcecode.swift; path = Metadata.swift; sourceTree = "<group>"; };
		FD6D5FE81D4B7B1A00A7C277 /* SwiftYAML.framework */ = {isa = PBXFileReference; lastKnownFileType = wrapper.framework; name = SwiftYAML.framework; path = Carthage/Build/Mac/SwiftYAML.framework; sourceTree = "<group>"; };
		FD6D5FEB1D4B7B6B00A7C277 /* NSRegularExpression+Utilities.swift */ = {isa = PBXFileReference; fileEncoding = 4; lastKnownFileType = sourcecode.swift; path = "NSRegularExpression+Utilities.swift"; sourceTree = "<group>"; };
		FD6D5FED1D4B7F8700A7C277 /* Utilities.swift */ = {isa = PBXFileReference; fileEncoding = 4; lastKnownFileType = sourcecode.swift; path = Utilities.swift; sourceTree = "<group>"; };
		FD6D5FEF1D4B8FD400A7C277 /* SiteBuilder.swift */ = {isa = PBXFileReference; fileEncoding = 4; lastKnownFileType = sourcecode.swift; path = SiteBuilder.swift; sourceTree = "<group>"; };
		FD6D5FF31D4B90BC00A7C277 /* SiteRendererTests.swift */ = {isa = PBXFileReference; fileEncoding = 4; lastKnownFileType = sourcecode.swift; path = SiteRendererTests.swift; sourceTree = "<group>"; };
		FD6D5FF51D4B90F000A7C277 /* SiteRenderer.swift */ = {isa = PBXFileReference; fileEncoding = 4; lastKnownFileType = sourcecode.swift; path = SiteRenderer.swift; sourceTree = "<group>"; };
		FD6D5FF71D4B91F800A7C277 /* YAMLDateFormatter.swift */ = {isa = PBXFileReference; fileEncoding = 4; lastKnownFileType = sourcecode.swift; path = YAMLDateFormatter.swift; sourceTree = "<group>"; };
		FD6D5FFA1D4B969B00A7C277 /* Permalinks.swift */ = {isa = PBXFileReference; fileEncoding = 4; lastKnownFileType = sourcecode.swift; path = Permalinks.swift; sourceTree = "<group>"; };
		FD6D5FFC1D4B975400A7C277 /* File.swift */ = {isa = PBXFileReference; fileEncoding = 4; lastKnownFileType = sourcecode.swift; path = File.swift; sourceTree = "<group>"; };
		FD6D606F1D4BA21B00A7C277 /* TemplateRenderer.swift */ = {isa = PBXFileReference; fileEncoding = 4; lastKnownFileType = sourcecode.swift; path = TemplateRenderer.swift; sourceTree = "<group>"; };
		FD6D60711D4BA27900A7C277 /* Stencil+Spelt.swift */ = {isa = PBXFileReference; fileEncoding = 4; lastKnownFileType = sourcecode.swift; path = "Stencil+Spelt.swift"; sourceTree = "<group>"; };
		FD6D60731D4BA2AE00A7C277 /* Stencil+MathFilters.swift */ = {isa = PBXFileReference; fileEncoding = 4; lastKnownFileType = sourcecode.swift; path = "Stencil+MathFilters.swift"; sourceTree = "<group>"; };
		FD6D60751D4BA2D500A7C277 /* String+HTML.swift */ = {isa = PBXFileReference; fileEncoding = 4; lastKnownFileType = sourcecode.swift; path = "String+HTML.swift"; sourceTree = "<group>"; };
		FD6D60771D4BA30700A7C277 /* String+XML.swift */ = {isa = PBXFileReference; fileEncoding = 4; lastKnownFileType = sourcecode.swift; path = "String+XML.swift"; sourceTree = "<group>"; };
		FD6D60791D4BA36A00A7C277 /* MarkdownConverter.swift */ = {isa = PBXFileReference; fileEncoding = 4; lastKnownFileType = sourcecode.swift; path = MarkdownConverter.swift; sourceTree = "<group>"; };
		FD6D607B1D4BA3B100A7C277 /* PathKit.framework */ = {isa = PBXFileReference; lastKnownFileType = wrapper.framework; name = PathKit.framework; path = Carthage/Build/Mac/PathKit.framework; sourceTree = "<group>"; };
		FD8531B11D4A2A3500658286 /* main.swift */ = {isa = PBXFileReference; lastKnownFileType = sourcecode.swift; path = main.swift; sourceTree = "<group>"; };
		FD8531B31D4A2A3500658286 /* Post.swift */ = {isa = PBXFileReference; lastKnownFileType = sourcecode.swift; path = Post.swift; sourceTree = "<group>"; };
		FD8531B41D4A2A3500658286 /* Site.swift */ = {isa = PBXFileReference; lastKnownFileType = sourcecode.swift; path = Site.swift; sourceTree = "<group>"; };
		FD8531B51D4A2A3500658286 /* SiteReader.swift */ = {isa = PBXFileReference; lastKnownFileType = sourcecode.swift; path = SiteReader.swift; sourceTree = "<group>"; };
		FD8531B61D4A2A3500658286 /* StaticFile.swift */ = {isa = PBXFileReference; lastKnownFileType = sourcecode.swift; path = StaticFile.swift; sourceTree = "<group>"; };
		FD8531BD1D4A2A6200658286 /* SpeltKit.framework */ = {isa = PBXFileReference; explicitFileType = wrapper.framework; includeInIndex = 0; path = SpeltKit.framework; sourceTree = BUILT_PRODUCTS_DIR; };
		FD8531BF1D4A2A6200658286 /* SpeltKit.h */ = {isa = PBXFileReference; lastKnownFileType = sourcecode.c.h; path = SpeltKit.h; sourceTree = "<group>"; };
		FD8531C01D4A2A6200658286 /* Info.plist */ = {isa = PBXFileReference; lastKnownFileType = text.plist.xml; path = Info.plist; sourceTree = "<group>"; };
		FD8531C51D4A2A6200658286 /* SpeltTests.xctest */ = {isa = PBXFileReference; explicitFileType = wrapper.cfbundle; includeInIndex = 0; path = SpeltTests.xctest; sourceTree = BUILT_PRODUCTS_DIR; };
		FD8531CC1D4A2A6200658286 /* Info.plist */ = {isa = PBXFileReference; lastKnownFileType = text.plist.xml; path = Info.plist; sourceTree = "<group>"; };
		FD8531E01D4A3A4C00658286 /* SwiftHoedown.framework */ = {isa = PBXFileReference; lastKnownFileType = wrapper.framework; name = SwiftHoedown.framework; path = Carthage/Build/Mac/SwiftHoedown.framework; sourceTree = "<group>"; };
		FD8531E31D4A3A7400658286 /* Hoedown.framework */ = {isa = PBXFileReference; lastKnownFileType = wrapper.framework; name = Hoedown.framework; path = Carthage/Build/Mac/Hoedown.framework; sourceTree = "<group>"; };
		FD8955C21DC3431C0055692A /* TestHelper.swift */ = {isa = PBXFileReference; fileEncoding = 4; lastKnownFileType = sourcecode.swift; path = TestHelper.swift; sourceTree = "<group>"; };
		FD94A8B91D75B279000D3888 /* PostTests.swift */ = {isa = PBXFileReference; fileEncoding = 4; lastKnownFileType = sourcecode.swift; path = PostTests.swift; sourceTree = "<group>"; };
		FD94A8BB1D75C1AA000D3888 /* SiteConfiguration.swift */ = {isa = PBXFileReference; fileEncoding = 4; lastKnownFileType = sourcecode.swift; path = SiteConfiguration.swift; sourceTree = "<group>"; };
		FDB926311D6B4CA200B8D5D3 /* SiteBuilderTests.swift */ = {isa = PBXFileReference; fileEncoding = 4; lastKnownFileType = sourcecode.swift; path = SiteBuilderTests.swift; sourceTree = "<group>"; };
		FDB9A8A81D54B99B0016CDB7 /* SassConverter.swift */ = {isa = PBXFileReference; fileEncoding = 4; lastKnownFileType = sourcecode.swift; path = SassConverter.swift; sourceTree = "<group>"; };
		FDB9A8AA1D54BF230016CDB7 /* SwiftSass.framework */ = {isa = PBXFileReference; lastKnownFileType = wrapper.framework; name = SwiftSass.framework; path = Carthage/Build/Mac/SwiftSass.framework; sourceTree = "<group>"; };
		FDCC12CB1D9A72580067D6E4 /* BuildDateRenderer.swift */ = {isa = PBXFileReference; fileEncoding = 4; lastKnownFileType = sourcecode.swift; path = BuildDateRenderer.swift; sourceTree = "<group>"; };
		FDF93A061D84554100C9C8FF /* CollectionRenderer.swift */ = {isa = PBXFileReference; fileEncoding = 4; lastKnownFileType = sourcecode.swift; path = CollectionRenderer.swift; sourceTree = "<group>"; };
/* End PBXFileReference section */

/* Begin PBXFrameworksBuildPhase section */
		FD3915721D7DB78E00F7F5F7 /* Frameworks */ = {
			isa = PBXFrameworksBuildPhase;
			buildActionMask = 2147483647;
			files = (
				FD3915831D7DB80C00F7F5F7 /* SpeltKit.framework in Frameworks */,
			);
			runOnlyForDeploymentPostprocessing = 0;
		};
		FD8531B91D4A2A6200658286 /* Frameworks */ = {
			isa = PBXFrameworksBuildPhase;
			buildActionMask = 2147483647;
			files = (
				FD0550F51D993FBA00394BB2 /* PathKit.framework in Frameworks */,
				FD39159E1D7F015E00F7F5F7 /* GCDWebServers.framework in Frameworks */,
				FD39159F1D7F015E00F7F5F7 /* Witness.framework in Frameworks */,
				FD3915921D7DCBAE00F7F5F7 /* Commandant.framework in Frameworks */,
				FD3915931D7DCBAE00F7F5F7 /* Result.framework in Frameworks */,
				FD8531E21D4A3A7200658286 /* SwiftHoedown.framework in Frameworks */,
				FD8531E41D4A3A7400658286 /* Hoedown.framework in Frameworks */,
				FDB9A8AB1D54BF230016CDB7 /* SwiftSass.framework in Frameworks */,
				FD6D5FEA1D4B7B2700A7C277 /* SwiftYAML.framework in Frameworks */,
			);
			runOnlyForDeploymentPostprocessing = 0;
		};
		FD8531C21D4A2A6200658286 /* Frameworks */ = {
			isa = PBXFrameworksBuildPhase;
			buildActionMask = 2147483647;
			files = (
			);
			runOnlyForDeploymentPostprocessing = 0;
		};
/* End PBXFrameworksBuildPhase section */

/* Begin PBXGroup section */
		66795A5E21F466760088C733 /* Stencil */ = {
			isa = PBXGroup;
			children = (
				66795A5F21F466760088C733 /* Stencil.podspec.json */,
				66795A6021F466760088C733 /* LICENSE */,
				66795A6121F466760088C733 /* CHANGELOG.md */,
				66795A6221F466760088C733 /* .swiftlint.yml */,
				66795A6321F466760088C733 /* Package@swift-4.2.swift */,
				66795A6421F466760088C733 /* Tests */,
				66795A8521F466760088C733 /* docs */,
				66795A9121F466760088C733 /* README.md */,
				66795A9221F466760088C733 /* Package.resolved */,
				66795A9321F466760088C733 /* .gitignore */,
				66795A9421F466760088C733 /* Package.swift */,
				66795A9521F466760088C733 /* Sources */,
				66795AAB21F466760088C733 /* .travis.yml */,
			);
			path = Stencil;
			sourceTree = SOURCE_ROOT;
		};
		66795A6421F466760088C733 /* Tests */ = {
			isa = PBXGroup;
			children = (
				66795A6521F466760088C733 /* LinuxMain.swift */,
				66795A6621F466760088C733 /* StencilTests */,
			);
			path = Tests;
			sourceTree = "<group>";
		};
		66795A6621F466760088C733 /* StencilTests */ = {
			isa = PBXGroup;
			children = (
				66795A6721F466760088C733 /* TokenSpec.swift */,
				66795A6821F466760088C733 /* LoaderSpec.swift */,
				66795A6921F466760088C733 /* StencilSpec.swift */,
				66795A6A21F466760088C733 /* .swiftlint.yml */,
				66795A6B21F466760088C733 /* NodeSpec.swift */,
				66795A6C21F466760088C733 /* ContextSpec.swift */,
				66795A6D21F466760088C733 /* NowNodeSpec.swift */,
				66795A6E21F466760088C733 /* VariableSpec.swift */,
				66795A6F21F466760088C733 /* ParserSpec.swift */,
				66795A7021F466760088C733 /* FilterTagSpec.swift */,
				66795A7121F466760088C733 /* IfNodeSpec.swift */,
				66795A7221F466760088C733 /* IncludeSpec.swift */,
				66795A7321F466760088C733 /* XCTestManifests.swift */,
				66795A7421F466760088C733 /* ExpressionSpec.swift */,
				66795A7521F466760088C733 /* TemplateSpec.swift */,
				66795A7621F466760088C733 /* ForNodeSpec.swift */,
				66795A7721F466760088C733 /* LexerSpec.swift */,
				66795A7821F466760088C733 /* FilterSpec.swift */,
				66795A7921F466760088C733 /* fixtures */,
				66795A8321F466760088C733 /* InheritanceSpec.swift */,
				66795A8421F466760088C733 /* EnvironmentSpec.swift */,
			);
			path = StencilTests;
			sourceTree = "<group>";
		};
		66795A7921F466760088C733 /* fixtures */ = {
			isa = PBXGroup;
			children = (
				66795A7A21F466760088C733 /* invalid-include.html */,
				66795A7B21F466760088C733 /* child.html */,
				66795A7C21F466760088C733 /* base.html */,
				66795A7D21F466760088C733 /* invalid-child-super.html */,
				66795A7E21F466760088C733 /* invalid-base.html */,
				66795A7F21F466760088C733 /* test.html */,
				66795A8021F466760088C733 /* huge.html */,
				66795A8121F466760088C733 /* child-super.html */,
				66795A8221F466760088C733 /* child-child.html */,
			);
			path = fixtures;
			sourceTree = "<group>";
		};
		66795A8521F466760088C733 /* docs */ = {
			isa = PBXGroup;
			children = (
				66795A8621F466760088C733 /* templates.rst */,
				66795A8721F466760088C733 /* index.rst */,
				66795A8821F466760088C733 /* _templates */,
				66795A8A21F466760088C733 /* Makefile */,
				66795A8B21F466760088C733 /* conf.py */,
				66795A8C21F466760088C733 /* custom-template-tags-and-filters.rst */,
				66795A8D21F466760088C733 /* installation.rst */,
				66795A8E21F466760088C733 /* builtins.rst */,
				66795A8F21F466760088C733 /* api.rst */,
				66795A9021F466760088C733 /* getting-started.rst */,
			);
			path = docs;
			sourceTree = "<group>";
		};
		66795A8821F466760088C733 /* _templates */ = {
			isa = PBXGroup;
			children = (
				66795A8921F466760088C733 /* sidebar_intro.html */,
			);
			path = _templates;
			sourceTree = "<group>";
		};
		66795A9521F466760088C733 /* Sources */ = {
			isa = PBXGroup;
			children = (
				66795A9621F466760088C733 /* Lexer.swift */,
				66795A9721F466760088C733 /* FilterTag.swift */,
				66795A9821F466760088C733 /* Expression.swift */,
				66795A9921F466760088C733 /* ForTag.swift */,
				66795A9A21F466760088C733 /* Environment.swift */,
				66795A9B21F466760088C733 /* IfTag.swift */,
				66795A9C21F466760088C733 /* Include.swift */,
				66795A9D21F466760088C733 /* Tokenizer.swift */,
				66795A9E21F466760088C733 /* Loader.swift */,
				66795A9F21F466760088C733 /* Template.swift */,
				66795AA021F466760088C733 /* Inheritence.swift */,
				66795AA121F466760088C733 /* Extension.swift */,
				66795AA221F466760088C733 /* Context.swift */,
				66795AA321F466760088C733 /* _SwiftSupport.swift */,
				66795AA421F466760088C733 /* KeyPath.swift */,
				66795AA521F466760088C733 /* Parser.swift */,
				66795AA621F466760088C733 /* Errors.swift */,
				66795AA721F466760088C733 /* Variable.swift */,
				66795AA821F466760088C733 /* NowTag.swift */,
				66795AA921F466760088C733 /* Filters.swift */,
				66795AAA21F466760088C733 /* Node.swift */,
			);
			path = Sources;
			sourceTree = "<group>";
		};
		FD3915761D7DB78E00F7F5F7 /* spelt */ = {
			isa = PBXGroup;
			children = (
				FD39157E1D7DB78E00F7F5F7 /* Info.plist */,
			);
			path = spelt;
			sourceTree = "<group>";
		};
		FD6D5FE21D4A4FBC00A7C277 /* Helpers */ = {
			isa = PBXGroup;
			children = (
				FD6D60771D4BA30700A7C277 /* String+XML.swift */,
				FD6D60751D4BA2D500A7C277 /* String+HTML.swift */,
				FD6D5FF71D4B91F800A7C277 /* YAMLDateFormatter.swift */,
				FD6D5FE01D4A4BE600A7C277 /* String+Paths.swift */,
				FD6D5FEB1D4B7B6B00A7C277 /* NSRegularExpression+Utilities.swift */,
				FD6D60711D4BA27900A7C277 /* Stencil+Spelt.swift */,
				FD6D60731D4BA2AE00A7C277 /* Stencil+MathFilters.swift */,
			);
			name = Helpers;
			sourceTree = "<group>";
		};
		FD6D5FE31D4A4FC700A7C277 /* Model */ = {
			isa = PBXGroup;
			children = (
				FD6D5FED1D4B7F8700A7C277 /* Utilities.swift */,
				FD6D5FE61D4B778E00A7C277 /* Metadata.swift */,
				FD8531B31D4A2A3500658286 /* Post.swift */,
				FD6D5FFC1D4B975400A7C277 /* File.swift */,
				FD8531B41D4A2A3500658286 /* Site.swift */,
				FD8531B61D4A2A3500658286 /* StaticFile.swift */,
				FD6D5FE41D4B4E7100A7C277 /* Document.swift */,
				FD94A8BB1D75C1AA000D3888 /* SiteConfiguration.swift */,
			);
			name = Model;
			sourceTree = "<group>";
		};
		FD6D5FF91D4B968C00A7C277 /* Renderers */ = {
			isa = PBXGroup;
			children = (
				FD6D5FFA1D4B969B00A7C277 /* Permalinks.swift */,
				FDCC12CB1D9A72580067D6E4 /* BuildDateRenderer.swift */,
				FD6D606F1D4BA21B00A7C277 /* TemplateRenderer.swift */,
				FDF93A061D84554100C9C8FF /* CollectionRenderer.swift */,
				FD2EE1031D86CA1C00700C58 /* ExcerptRenderer.swift */,
				FD2EE1051D86CCD900700C58 /* Paginate.swift */,
			);
			name = Renderers;
			sourceTree = "<group>";
		};
		FD85319C1D4A29B700658286 = {
			isa = PBXGroup;
			children = (
				FD8531AF1D4A2A3500658286 /* Sources */,
				FD8531BE1D4A2A6200658286 /* Spelt */,
				FD8531C91D4A2A6200658286 /* SpeltTests */,
				FD3915761D7DB78E00F7F5F7 /* spelt */,
				FD8531A81D4A2A1200658286 /* Products */,
				FD8531DD1D4A3A4400658286 /* Frameworks */,
			);
			sourceTree = "<group>";
		};
		FD8531A81D4A2A1200658286 /* Products */ = {
			isa = PBXGroup;
			children = (
				FD8531BD1D4A2A6200658286 /* SpeltKit.framework */,
				FD8531C51D4A2A6200658286 /* SpeltTests.xctest */,
				FD3915751D7DB78E00F7F5F7 /* spelt.app */,
			);
			name = Products;
			sourceTree = "<group>";
		};
		FD8531AF1D4A2A3500658286 /* Sources */ = {
			isa = PBXGroup;
			children = (
				FD8531B01D4A2A3500658286 /* CLI */,
				FD8531B21D4A2A3500658286 /* Spelt */,
			);
			path = Sources;
			sourceTree = "<group>";
		};
		FD8531B01D4A2A3500658286 /* CLI */ = {
			isa = PBXGroup;
			children = (
				FD8531B11D4A2A3500658286 /* main.swift */,
				FD3915981D7EEF8600F7F5F7 /* Build.swift */,
				FD3915A41D7F01B300F7F5F7 /* Serve.swift */,
				FD4B9B4E1D8801F1009061F8 /* New.swift */,
				FD0F9A281DCF161B005CDCBD /* Version.swift */,
			);
			path = CLI;
			sourceTree = "<group>";
		};
		FD8531B21D4A2A3500658286 /* Spelt */ = {
			isa = PBXGroup;
			children = (
				FD0F9A2A1DCF18FF005CDCBD /* SpeltKit.swift */,
				FD8531B51D4A2A3500658286 /* SiteReader.swift */,
				FD6D5FEF1D4B8FD400A7C277 /* SiteBuilder.swift */,
				FD6D5FF51D4B90F000A7C277 /* SiteRenderer.swift */,
				FD39159A1D7F011600F7F5F7 /* SiteServer.swift */,
				FD3915A71D7F13A500F7F5F7 /* SiteObserver.swift */,
				FD4B9B511D881CD2009061F8 /* SiteScaffolding.swift */,
				FDB9A8A71D54B6BA0016CDB7 /* Converters */,
				FD6D5FF91D4B968C00A7C277 /* Renderers */,
				FD6D5FE31D4A4FC700A7C277 /* Model */,
				FD6D5FE21D4A4FBC00A7C277 /* Helpers */,
				66795A5E21F466760088C733 /* Stencil */,
			);
			path = Spelt;
			sourceTree = "<group>";
		};
		FD8531BE1D4A2A6200658286 /* Spelt */ = {
			isa = PBXGroup;
			children = (
				FD8531BF1D4A2A6200658286 /* SpeltKit.h */,
				FD8531C01D4A2A6200658286 /* Info.plist */,
			);
			path = Spelt;
			sourceTree = "<group>";
		};
		FD8531C91D4A2A6200658286 /* SpeltTests */ = {
			isa = PBXGroup;
			children = (
				FD8955C21DC3431C0055692A /* TestHelper.swift */,
				FD6D5FD71D4A3C1100A7C277 /* SiteReaderTests.swift */,
				FD6D5FF31D4B90BC00A7C277 /* SiteRendererTests.swift */,
				FDB926311D6B4CA200B8D5D3 /* SiteBuilderTests.swift */,
				FD94A8B91D75B279000D3888 /* PostTests.swift */,
				FD8531CC1D4A2A6200658286 /* Info.plist */,
			);
			path = SpeltTests;
			sourceTree = "<group>";
		};
		FD8531DD1D4A3A4400658286 /* Frameworks */ = {
			isa = PBXGroup;
			children = (
				FD39159C1D7F015E00F7F5F7 /* GCDWebServers.framework */,
				FD39159D1D7F015E00F7F5F7 /* Witness.framework */,
				FD3915901D7DCBAE00F7F5F7 /* Commandant.framework */,
				FD3915911D7DCBAE00F7F5F7 /* Result.framework */,
				FDB9A8AA1D54BF230016CDB7 /* SwiftSass.framework */,
				FD6D607B1D4BA3B100A7C277 /* PathKit.framework */,
				FD6D5FE81D4B7B1A00A7C277 /* SwiftYAML.framework */,
				FD8531E31D4A3A7400658286 /* Hoedown.framework */,
				FD8531E01D4A3A4C00658286 /* SwiftHoedown.framework */,
			);
			name = Frameworks;
			sourceTree = "<group>";
		};
		FDB9A8A71D54B6BA0016CDB7 /* Converters */ = {
			isa = PBXGroup;
			children = (
				FD6D60791D4BA36A00A7C277 /* MarkdownConverter.swift */,
				FDB9A8A81D54B99B0016CDB7 /* SassConverter.swift */,
			);
			name = Converters;
			sourceTree = "<group>";
		};
/* End PBXGroup section */

/* Begin PBXHeadersBuildPhase section */
		FD8531BA1D4A2A6200658286 /* Headers */ = {
			isa = PBXHeadersBuildPhase;
			buildActionMask = 2147483647;
			files = (
				FD8531CD1D4A2A6200658286 /* SpeltKit.h in Headers */,
			);
			runOnlyForDeploymentPostprocessing = 0;
		};
/* End PBXHeadersBuildPhase section */

/* Begin PBXNativeTarget section */
		FD3915741D7DB78E00F7F5F7 /* spelt */ = {
			isa = PBXNativeTarget;
			buildConfigurationList = FD3915811D7DB78E00F7F5F7 /* Build configuration list for PBXNativeTarget "spelt" */;
			buildPhases = (
				FD0F9A2C1DCF214A005CDCBD /* Update CLI version */,
				FD3915711D7DB78E00F7F5F7 /* Sources */,
				FD3915721D7DB78E00F7F5F7 /* Frameworks */,
				FD3915731D7DB78E00F7F5F7 /* Resources */,
				FD3915871D7DB80C00F7F5F7 /* Embed Frameworks */,
			);
			buildRules = (
			);
			dependencies = (
				FD3915861D7DB80C00F7F5F7 /* PBXTargetDependency */,
			);
			name = spelt;
			productName = spelt;
			productReference = FD3915751D7DB78E00F7F5F7 /* spelt.app */;
			productType = "com.apple.product-type.application";
		};
		FD8531BC1D4A2A6200658286 /* SpeltKit */ = {
			isa = PBXNativeTarget;
			buildConfigurationList = FD8531CE1D4A2A6200658286 /* Build configuration list for PBXNativeTarget "SpeltKit" */;
			buildPhases = (
				FD8531B81D4A2A6200658286 /* Sources */,
				FD8531B91D4A2A6200658286 /* Frameworks */,
				FD8531BA1D4A2A6200658286 /* Headers */,
				FD8531BB1D4A2A6200658286 /* Resources */,
				FDE1D6211D7DB717009A1A77 /* Copy Frameworks to embed in Framework */,
				FD3915891D7DC55500F7F5F7 /* Copy Frameworks to Products Directory */,
				FD0F9A271DCDD380005CDCBD /* Copy templates to build directory */,
			);
			buildRules = (
			);
			dependencies = (
			);
			name = SpeltKit;
			productName = Spelt;
			productReference = FD8531BD1D4A2A6200658286 /* SpeltKit.framework */;
			productType = "com.apple.product-type.framework";
		};
		FD8531C41D4A2A6200658286 /* SpeltTests */ = {
			isa = PBXNativeTarget;
			buildConfigurationList = FD8531D11D4A2A6200658286 /* Build configuration list for PBXNativeTarget "SpeltTests" */;
			buildPhases = (
				FD8531C11D4A2A6200658286 /* Sources */,
				FD8531C21D4A2A6200658286 /* Frameworks */,
				FD8531C31D4A2A6200658286 /* Resources */,
				FD3864C41DC0C58B00F34AD7 /* Copy fixtures */,
				FD6D5FDF1D4A471000A7C277 /* Copy frameworks */,
			);
			buildRules = (
			);
			dependencies = (
				FD8531C81D4A2A6200658286 /* PBXTargetDependency */,
			);
			name = SpeltTests;
			productName = SpeltTests;
			productReference = FD8531C51D4A2A6200658286 /* SpeltTests.xctest */;
			productType = "com.apple.product-type.bundle.unit-test";
		};
/* End PBXNativeTarget section */

/* Begin PBXProject section */
		FD85319D1D4A29B700658286 /* Project object */ = {
			isa = PBXProject;
			attributes = {
				LastSwiftUpdateCheck = 0730;
				LastUpgradeCheck = 1010;
				TargetAttributes = {
					FD3915741D7DB78E00F7F5F7 = {
						CreatedOnToolsVersion = 7.3.1;
						LastSwiftMigration = 1010;
					};
					FD8531BC1D4A2A6200658286 = {
						CreatedOnToolsVersion = 8.0;
						DevelopmentTeam = A9NP4475VH;
						DevelopmentTeamName = "Niels de Hoog";
						LastSwiftMigration = 1010;
						ProvisioningStyle = Automatic;
					};
					FD8531C41D4A2A6200658286 = {
						CreatedOnToolsVersion = 8.0;
						DevelopmentTeam = A9NP4475VH;
						DevelopmentTeamName = "Niels de Hoog";
						LastSwiftMigration = 1010;
						ProvisioningStyle = Automatic;
					};
				};
			};
			buildConfigurationList = FD8531A01D4A29B700658286 /* Build configuration list for PBXProject "Spelt" */;
			compatibilityVersion = "Xcode 3.2";
			developmentRegion = English;
			hasScannedForEncodings = 0;
			knownRegions = (
				en,
				Base,
			);
			mainGroup = FD85319C1D4A29B700658286;
			productRefGroup = FD8531A81D4A2A1200658286 /* Products */;
			projectDirPath = "";
			projectRoot = "";
			targets = (
				FD8531BC1D4A2A6200658286 /* SpeltKit */,
				FD8531C41D4A2A6200658286 /* SpeltTests */,
				FD3915741D7DB78E00F7F5F7 /* spelt */,
			);
		};
/* End PBXProject section */

/* Begin PBXResourcesBuildPhase section */
		FD3915731D7DB78E00F7F5F7 /* Resources */ = {
			isa = PBXResourcesBuildPhase;
			buildActionMask = 2147483647;
			files = (
			);
			runOnlyForDeploymentPostprocessing = 0;
		};
		FD8531BB1D4A2A6200658286 /* Resources */ = {
			isa = PBXResourcesBuildPhase;
			buildActionMask = 2147483647;
			files = (
			);
			runOnlyForDeploymentPostprocessing = 0;
		};
		FD8531C31D4A2A6200658286 /* Resources */ = {
			isa = PBXResourcesBuildPhase;
			buildActionMask = 2147483647;
			files = (
			);
			runOnlyForDeploymentPostprocessing = 0;
		};
/* End PBXResourcesBuildPhase section */

/* Begin PBXShellScriptBuildPhase section */
		FD0F9A271DCDD380005CDCBD /* Copy templates to build directory */ = {
			isa = PBXShellScriptBuildPhase;
			buildActionMask = 2147483647;
			files = (
			);
			inputPaths = (
			);
			name = "Copy templates to build directory";
			outputPaths = (
			);
			runOnlyForDeploymentPostprocessing = 0;
			shellPath = /bin/sh;
			shellScript = "./Scripts/copy-templates";
		};
		FD0F9A2C1DCF214A005CDCBD /* Update CLI version */ = {
			isa = PBXShellScriptBuildPhase;
			buildActionMask = 2147483647;
			files = (
			);
			inputPaths = (
			);
			name = "Update CLI version";
			outputPaths = (
			);
			runOnlyForDeploymentPostprocessing = 0;
			shellPath = /bin/sh;
			shellScript = "./Scripts/update-cli-version";
		};
		FD3864C41DC0C58B00F34AD7 /* Copy fixtures */ = {
			isa = PBXShellScriptBuildPhase;
			buildActionMask = 2147483647;
			files = (
			);
			inputPaths = (
			);
			name = "Copy fixtures";
			outputPaths = (
			);
			runOnlyForDeploymentPostprocessing = 0;
			shellPath = /bin/sh;
			shellScript = "./Scripts/copy-fixtures";
		};
		FD6D5FDF1D4A471000A7C277 /* Copy frameworks */ = {
			isa = PBXShellScriptBuildPhase;
			buildActionMask = 2147483647;
			files = (
			);
			inputPaths = (
				"$(SRCROOT)/Carthage/Build/Mac/SwiftHoedown.framework",
				"$(SRCROOT)/Carthage/Build/Mac/Hoedown.framework",
				"$(SRCROOT)/Carthage/Build/Mac/SwiftYAML.framework",
				"$(SRCROOT)/Carthage/Build/Mac/PathKit.framework",
				"$(SRCROOT)/Carthage/Build/Mac/SwiftSass.framework",
			);
			name = "Copy frameworks";
			outputPaths = (
			);
			runOnlyForDeploymentPostprocessing = 0;
			shellPath = /bin/sh;
			shellScript = "/usr/local/bin/carthage copy-frameworks";
		};
/* End PBXShellScriptBuildPhase section */

/* Begin PBXSourcesBuildPhase section */
		FD3915711D7DB78E00F7F5F7 /* Sources */ = {
			isa = PBXSourcesBuildPhase;
			buildActionMask = 2147483647;
			files = (
				FD3915991D7EEF8600F7F5F7 /* Build.swift in Sources */,
				FD0F9A291DCF161B005CDCBD /* Version.swift in Sources */,
				FD3915821D7DB7BE00F7F5F7 /* main.swift in Sources */,
				FD4B9B501D880335009061F8 /* New.swift in Sources */,
				FD3915A51D7F01B300F7F5F7 /* Serve.swift in Sources */,
			);
			runOnlyForDeploymentPostprocessing = 0;
		};
		FD8531B81D4A2A6200658286 /* Sources */ = {
			isa = PBXSourcesBuildPhase;
			buildActionMask = 2147483647;
			files = (
				66795AE221F466760088C733 /* IfTag.swift in Sources */,
				66795AE921F466760088C733 /* Context.swift in Sources */,
				66795ADD21F466760088C733 /* Lexer.swift in Sources */,
				FD6D5FF01D4B8FD400A7C277 /* SiteBuilder.swift in Sources */,
				FD2EE1041D86CA1C00700C58 /* ExcerptRenderer.swift in Sources */,
				66795AEC21F466760088C733 /* Parser.swift in Sources */,
				66795AE821F466760088C733 /* Extension.swift in Sources */,
				FDB9A8A91D54B99B0016CDB7 /* SassConverter.swift in Sources */,
				66795AEB21F466760088C733 /* KeyPath.swift in Sources */,
				66795AE321F466760088C733 /* Include.swift in Sources */,
				66795ADE21F466760088C733 /* FilterTag.swift in Sources */,
				66795AEF21F466760088C733 /* NowTag.swift in Sources */,
				FD6D5FEC1D4B7B6B00A7C277 /* NSRegularExpression+Utilities.swift in Sources */,
				66795AED21F466760088C733 /* Errors.swift in Sources */,
				FD6D5FE71D4B778E00A7C277 /* Metadata.swift in Sources */,
				66795AE421F466760088C733 /* Tokenizer.swift in Sources */,
				66795AE121F466760088C733 /* Environment.swift in Sources */,
				FD6D5FF81D4B91F800A7C277 /* YAMLDateFormatter.swift in Sources */,
				FD6D60701D4BA21B00A7C277 /* TemplateRenderer.swift in Sources */,
				FD8531DA1D4A2A8D00658286 /* SiteReader.swift in Sources */,
				FD6D607A1D4BA36A00A7C277 /* MarkdownConverter.swift in Sources */,
				FD6D5FF61D4B90F000A7C277 /* SiteRenderer.swift in Sources */,
				FD0F9A2B1DCF18FF005CDCBD /* SpeltKit.swift in Sources */,
				FD6D5FE11D4A4BE600A7C277 /* String+Paths.swift in Sources */,
				66795ADF21F466760088C733 /* Expression.swift in Sources */,
				FDF93A071D84554200C9C8FF /* CollectionRenderer.swift in Sources */,
				66795AEE21F466760088C733 /* Variable.swift in Sources */,
				FD6D5FE51D4B4E7100A7C277 /* Document.swift in Sources */,
				66795AE521F466760088C733 /* Loader.swift in Sources */,
				FD8531D91D4A2A8D00658286 /* Site.swift in Sources */,
				FD6D5FFD1D4B975400A7C277 /* File.swift in Sources */,
				66795AEA21F466760088C733 /* _SwiftSupport.swift in Sources */,
				66795AE021F466760088C733 /* ForTag.swift in Sources */,
				66795AE721F466760088C733 /* Inheritence.swift in Sources */,
				FD2EE1061D86CCD900700C58 /* Paginate.swift in Sources */,
				FD3915A81D7F13A500F7F5F7 /* SiteObserver.swift in Sources */,
				66795AF021F466760088C733 /* Filters.swift in Sources */,
				66795AF121F466760088C733 /* Node.swift in Sources */,
				FD6D5FEE1D4B7F8700A7C277 /* Utilities.swift in Sources */,
				FD8531D81D4A2A8D00658286 /* Post.swift in Sources */,
				FDCC12CC1D9A72580067D6E4 /* BuildDateRenderer.swift in Sources */,
				FD6D60741D4BA2AE00A7C277 /* Stencil+MathFilters.swift in Sources */,
				FD3915A61D7F01B700F7F5F7 /* SiteServer.swift in Sources */,
				FD6D60721D4BA27900A7C277 /* Stencil+Spelt.swift in Sources */,
				FD6D60761D4BA2D500A7C277 /* String+HTML.swift in Sources */,
				FD4B9B521D881CD2009061F8 /* SiteScaffolding.swift in Sources */,
				FD8531DB1D4A2A8D00658286 /* StaticFile.swift in Sources */,
				FD6D60781D4BA30700A7C277 /* String+XML.swift in Sources */,
				66795AE621F466760088C733 /* Template.swift in Sources */,
				FD6D5FFB1D4B969B00A7C277 /* Permalinks.swift in Sources */,
				FD94A8BD1D75C1D9000D3888 /* SiteConfiguration.swift in Sources */,
			);
			runOnlyForDeploymentPostprocessing = 0;
		};
		FD8531C11D4A2A6200658286 /* Sources */ = {
			isa = PBXSourcesBuildPhase;
			buildActionMask = 2147483647;
			files = (
				FD6D5FD81D4A3C1100A7C277 /* SiteReaderTests.swift in Sources */,
				FD8955C31DC3431C0055692A /* TestHelper.swift in Sources */,
				FD6D5FF41D4B90BC00A7C277 /* SiteRendererTests.swift in Sources */,
				FDB926321D6B4CA200B8D5D3 /* SiteBuilderTests.swift in Sources */,
				FD94A8BA1D75B279000D3888 /* PostTests.swift in Sources */,
			);
			runOnlyForDeploymentPostprocessing = 0;
		};
/* End PBXSourcesBuildPhase section */

/* Begin PBXTargetDependency section */
		FD3915861D7DB80C00F7F5F7 /* PBXTargetDependency */ = {
			isa = PBXTargetDependency;
			target = FD8531BC1D4A2A6200658286 /* SpeltKit */;
			targetProxy = FD3915851D7DB80C00F7F5F7 /* PBXContainerItemProxy */;
		};
		FD8531C81D4A2A6200658286 /* PBXTargetDependency */ = {
			isa = PBXTargetDependency;
			target = FD8531BC1D4A2A6200658286 /* SpeltKit */;
			targetProxy = FD8531C71D4A2A6200658286 /* PBXContainerItemProxy */;
		};
/* End PBXTargetDependency section */

/* Begin XCBuildConfiguration section */
		FD39157F1D7DB78E00F7F5F7 /* Debug */ = {
			isa = XCBuildConfiguration;
			buildSettings = {
				ALWAYS_EMBED_SWIFT_STANDARD_LIBRARIES = NO;
				ALWAYS_SEARCH_USER_PATHS = NO;
				CLANG_ANALYZER_NONNULL = YES;
				CLANG_CXX_LANGUAGE_STANDARD = "gnu++0x";
				CLANG_CXX_LIBRARY = "libc++";
				CLANG_ENABLE_MODULES = YES;
				CLANG_ENABLE_OBJC_ARC = YES;
				CLANG_WARN_BOOL_CONVERSION = YES;
				CLANG_WARN_CONSTANT_CONVERSION = YES;
				CLANG_WARN_DIRECT_OBJC_ISA_USAGE = YES_ERROR;
				CLANG_WARN_EMPTY_BODY = YES;
				CLANG_WARN_ENUM_CONVERSION = YES;
				CLANG_WARN_INT_CONVERSION = YES;
				CLANG_WARN_OBJC_ROOT_CLASS = YES_ERROR;
				CLANG_WARN_UNREACHABLE_CODE = YES;
				CLANG_WARN__DUPLICATE_METHOD_MATCH = YES;
				CODE_SIGN_IDENTITY = "-";
				COMBINE_HIDPI_IMAGES = NO;
				COPY_PHASE_STRIP = NO;
				DEBUG_INFORMATION_FORMAT = dwarf;
				DEPLOYMENT_LOCATION = NO;
				DEPLOYMENT_POSTPROCESSING = NO;
				ENABLE_STRICT_OBJC_MSGSEND = YES;
				ENABLE_TESTABILITY = YES;
				GCC_C_LANGUAGE_STANDARD = gnu99;
				GCC_DYNAMIC_NO_PIC = NO;
				GCC_NO_COMMON_BLOCKS = YES;
				GCC_OPTIMIZATION_LEVEL = 0;
				GCC_PREPROCESSOR_DEFINITIONS = (
					"DEBUG=1",
					"$(inherited)",
				);
				GCC_WARN_64_TO_32_BIT_CONVERSION = YES;
				GCC_WARN_ABOUT_RETURN_TYPE = YES_ERROR;
				GCC_WARN_UNDECLARED_SELECTOR = YES;
				GCC_WARN_UNINITIALIZED_AUTOS = YES_AGGRESSIVE;
				GCC_WARN_UNUSED_FUNCTION = YES;
				GCC_WARN_UNUSED_VARIABLE = YES;
				INFOPLIST_FILE = spelt/Info.plist;
				LD_RUNPATH_SEARCH_PATHS = "$(inherited) @executable_path/. @executable_path/../Frameworks @executable_path/SpeltKit.framework/Versions/Current/Frameworks /Library/Frameworks /Library/Frameworks/SpeltKit.framework/Versions/Current/Frameworks ";
				MACOSX_DEPLOYMENT_TARGET = 10.10;
				MTL_ENABLE_DEBUG_INFO = YES;
				ONLY_ACTIVE_ARCH = YES;
				OTHER_LDFLAGS = "-headerpad_max_install_names";
				PRODUCT_BUNDLE_IDENTIFIER = org.spelt.spelt;
				PRODUCT_NAME = "$(TARGET_NAME)";
				SDKROOT = macosx;
				SWIFT_OPTIMIZATION_LEVEL = "-Onone";
				SWIFT_VERSION = 4.2;
			};
			name = Debug;
		};
		FD3915801D7DB78E00F7F5F7 /* Release */ = {
			isa = XCBuildConfiguration;
			buildSettings = {
				ALWAYS_EMBED_SWIFT_STANDARD_LIBRARIES = NO;
				ALWAYS_SEARCH_USER_PATHS = NO;
				CLANG_ANALYZER_NONNULL = YES;
				CLANG_CXX_LANGUAGE_STANDARD = "gnu++0x";
				CLANG_CXX_LIBRARY = "libc++";
				CLANG_ENABLE_MODULES = YES;
				CLANG_ENABLE_OBJC_ARC = YES;
				CLANG_WARN_BOOL_CONVERSION = YES;
				CLANG_WARN_CONSTANT_CONVERSION = YES;
				CLANG_WARN_DIRECT_OBJC_ISA_USAGE = YES_ERROR;
				CLANG_WARN_EMPTY_BODY = YES;
				CLANG_WARN_ENUM_CONVERSION = YES;
				CLANG_WARN_INT_CONVERSION = YES;
				CLANG_WARN_OBJC_ROOT_CLASS = YES_ERROR;
				CLANG_WARN_UNREACHABLE_CODE = YES;
				CLANG_WARN__DUPLICATE_METHOD_MATCH = YES;
				CODE_SIGN_IDENTITY = "-";
				COMBINE_HIDPI_IMAGES = NO;
				COPY_PHASE_STRIP = NO;
				DEBUG_INFORMATION_FORMAT = "dwarf-with-dsym";
				DEPLOYMENT_LOCATION = NO;
				DEPLOYMENT_POSTPROCESSING = NO;
				ENABLE_NS_ASSERTIONS = NO;
				ENABLE_STRICT_OBJC_MSGSEND = YES;
				GCC_C_LANGUAGE_STANDARD = gnu99;
				GCC_NO_COMMON_BLOCKS = YES;
				GCC_WARN_64_TO_32_BIT_CONVERSION = YES;
				GCC_WARN_ABOUT_RETURN_TYPE = YES_ERROR;
				GCC_WARN_UNDECLARED_SELECTOR = YES;
				GCC_WARN_UNINITIALIZED_AUTOS = YES_AGGRESSIVE;
				GCC_WARN_UNUSED_FUNCTION = YES;
				GCC_WARN_UNUSED_VARIABLE = YES;
				INFOPLIST_FILE = spelt/Info.plist;
				LD_RUNPATH_SEARCH_PATHS = "$(inherited) @executable_path/. @executable_path/../Frameworks @executable_path/SpeltKit.framework/Versions/Current/Frameworks /Library/Frameworks /Library/Frameworks/SpeltKit.framework/Versions/Current/Frameworks ";
				MACOSX_DEPLOYMENT_TARGET = 10.10;
				MTL_ENABLE_DEBUG_INFO = NO;
				OTHER_LDFLAGS = "-headerpad_max_install_names";
				PRODUCT_BUNDLE_IDENTIFIER = org.spelt.spelt;
				PRODUCT_NAME = "$(TARGET_NAME)";
				SDKROOT = macosx;
				SWIFT_VERSION = 4.2;
			};
			name = Release;
		};
		FD8531A11D4A29B700658286 /* Debug */ = {
			isa = XCBuildConfiguration;
			buildSettings = {
				CLANG_WARN_BLOCK_CAPTURE_AUTORELEASING = YES;
				CLANG_WARN_BOOL_CONVERSION = YES;
				CLANG_WARN_COMMA = YES;
				CLANG_WARN_CONSTANT_CONVERSION = YES;
				CLANG_WARN_DEPRECATED_OBJC_IMPLEMENTATIONS = YES;
				CLANG_WARN_EMPTY_BODY = YES;
				CLANG_WARN_ENUM_CONVERSION = YES;
				CLANG_WARN_INFINITE_RECURSION = YES;
				CLANG_WARN_INT_CONVERSION = YES;
				CLANG_WARN_NON_LITERAL_NULL_CONVERSION = YES;
				CLANG_WARN_OBJC_IMPLICIT_RETAIN_SELF = YES;
				CLANG_WARN_OBJC_LITERAL_CONVERSION = YES;
				CLANG_WARN_RANGE_LOOP_ANALYSIS = YES;
				CLANG_WARN_STRICT_PROTOTYPES = YES;
				CLANG_WARN_SUSPICIOUS_MOVE = YES;
				CLANG_WARN_UNREACHABLE_CODE = YES;
				CLANG_WARN__DUPLICATE_METHOD_MATCH = YES;
				ENABLE_STRICT_OBJC_MSGSEND = YES;
				ENABLE_TESTABILITY = YES;
				GCC_NO_COMMON_BLOCKS = YES;
				GCC_WARN_64_TO_32_BIT_CONVERSION = YES;
				GCC_WARN_ABOUT_RETURN_TYPE = YES;
				GCC_WARN_UNDECLARED_SELECTOR = YES;
				GCC_WARN_UNINITIALIZED_AUTOS = YES;
				GCC_WARN_UNUSED_FUNCTION = YES;
				GCC_WARN_UNUSED_VARIABLE = YES;
				ONLY_ACTIVE_ARCH = YES;
			};
			name = Debug;
		};
		FD8531A21D4A29B700658286 /* Release */ = {
			isa = XCBuildConfiguration;
			buildSettings = {
				CLANG_WARN_BLOCK_CAPTURE_AUTORELEASING = YES;
				CLANG_WARN_BOOL_CONVERSION = YES;
				CLANG_WARN_COMMA = YES;
				CLANG_WARN_CONSTANT_CONVERSION = YES;
				CLANG_WARN_DEPRECATED_OBJC_IMPLEMENTATIONS = YES;
				CLANG_WARN_EMPTY_BODY = YES;
				CLANG_WARN_ENUM_CONVERSION = YES;
				CLANG_WARN_INFINITE_RECURSION = YES;
				CLANG_WARN_INT_CONVERSION = YES;
				CLANG_WARN_NON_LITERAL_NULL_CONVERSION = YES;
				CLANG_WARN_OBJC_IMPLICIT_RETAIN_SELF = YES;
				CLANG_WARN_OBJC_LITERAL_CONVERSION = YES;
				CLANG_WARN_RANGE_LOOP_ANALYSIS = YES;
				CLANG_WARN_STRICT_PROTOTYPES = YES;
				CLANG_WARN_SUSPICIOUS_MOVE = YES;
				CLANG_WARN_UNREACHABLE_CODE = YES;
				CLANG_WARN__DUPLICATE_METHOD_MATCH = YES;
				ENABLE_STRICT_OBJC_MSGSEND = YES;
				GCC_NO_COMMON_BLOCKS = YES;
				GCC_WARN_64_TO_32_BIT_CONVERSION = YES;
				GCC_WARN_ABOUT_RETURN_TYPE = YES;
				GCC_WARN_UNDECLARED_SELECTOR = YES;
				GCC_WARN_UNINITIALIZED_AUTOS = YES;
				GCC_WARN_UNUSED_FUNCTION = YES;
				GCC_WARN_UNUSED_VARIABLE = YES;
				SWIFT_OPTIMIZATION_LEVEL = "-Owholemodule";
			};
			name = Release;
		};
		FD8531CF1D4A2A6200658286 /* Debug */ = {
			isa = XCBuildConfiguration;
			buildSettings = {
				ALWAYS_EMBED_SWIFT_STANDARD_LIBRARIES = YES;
				ALWAYS_SEARCH_USER_PATHS = NO;
				CLANG_ANALYZER_NONNULL = YES;
				CLANG_CXX_LANGUAGE_STANDARD = "gnu++0x";
				CLANG_CXX_LIBRARY = "libc++";
				CLANG_ENABLE_MODULES = YES;
				CLANG_ENABLE_OBJC_ARC = YES;
				CLANG_WARN_BOOL_CONVERSION = YES;
				CLANG_WARN_CONSTANT_CONVERSION = YES;
				CLANG_WARN_DIRECT_OBJC_ISA_USAGE = YES_ERROR;
				CLANG_WARN_DOCUMENTATION_COMMENTS = YES;
				CLANG_WARN_EMPTY_BODY = YES;
				CLANG_WARN_ENUM_CONVERSION = YES;
				CLANG_WARN_INT_CONVERSION = YES;
				CLANG_WARN_OBJC_ROOT_CLASS = YES_ERROR;
				CLANG_WARN_UNREACHABLE_CODE = YES;
				CLANG_WARN__DUPLICATE_METHOD_MATCH = YES;
				CODE_SIGN_IDENTITY = "-";
				COMBINE_HIDPI_IMAGES = YES;
				COPY_PHASE_STRIP = NO;
				CURRENT_PROJECT_VERSION = 1;
				DEBUG_INFORMATION_FORMAT = dwarf;
				DEFINES_MODULE = YES;
				DYLIB_COMPATIBILITY_VERSION = 1;
				DYLIB_CURRENT_VERSION = 1;
				DYLIB_INSTALL_NAME_BASE = "@rpath";
				ENABLE_STRICT_OBJC_MSGSEND = YES;
				ENABLE_TESTABILITY = YES;
				FRAMEWORK_SEARCH_PATHS = (
					"$(inherited)",
					"$(PROJECT_DIR)/Carthage/Build/Mac",
				);
				FRAMEWORK_VERSION = A;
				GCC_C_LANGUAGE_STANDARD = gnu99;
				GCC_DYNAMIC_NO_PIC = NO;
				GCC_NO_COMMON_BLOCKS = YES;
				GCC_OPTIMIZATION_LEVEL = 0;
				GCC_PREPROCESSOR_DEFINITIONS = (
					"DEBUG=1",
					"$(inherited)",
				);
				GCC_WARN_64_TO_32_BIT_CONVERSION = YES;
				GCC_WARN_ABOUT_RETURN_TYPE = YES_ERROR;
				GCC_WARN_UNDECLARED_SELECTOR = YES;
				GCC_WARN_UNINITIALIZED_AUTOS = YES_AGGRESSIVE;
				GCC_WARN_UNUSED_FUNCTION = YES;
				GCC_WARN_UNUSED_VARIABLE = YES;
				INFOPLIST_FILE = Spelt/Info.plist;
				INSTALL_PATH = "$(LOCAL_LIBRARY_DIR)/Frameworks";
				MACOSX_DEPLOYMENT_TARGET = 10.10;
				MTL_ENABLE_DEBUG_INFO = YES;
				ONLY_ACTIVE_ARCH = YES;
				PRODUCT_BUNDLE_IDENTIFIER = org.spelt.speltkit;
				PRODUCT_NAME = "$(TARGET_NAME)";
				SDKROOT = macosx;
				SKIP_INSTALL = YES;
				SWIFT_ACTIVE_COMPILATION_CONDITIONS = DEBUG;
				SWIFT_OPTIMIZATION_LEVEL = "-Onone";
				SWIFT_VERSION = 4.2;
				VERSIONING_SYSTEM = "apple-generic";
				VERSION_INFO_PREFIX = "";
			};
			name = Debug;
		};
		FD8531D01D4A2A6200658286 /* Release */ = {
			isa = XCBuildConfiguration;
			buildSettings = {
				ALWAYS_EMBED_SWIFT_STANDARD_LIBRARIES = YES;
				ALWAYS_SEARCH_USER_PATHS = NO;
				CLANG_ANALYZER_NONNULL = YES;
				CLANG_CXX_LANGUAGE_STANDARD = "gnu++0x";
				CLANG_CXX_LIBRARY = "libc++";
				CLANG_ENABLE_MODULES = YES;
				CLANG_ENABLE_OBJC_ARC = YES;
				CLANG_WARN_BOOL_CONVERSION = YES;
				CLANG_WARN_CONSTANT_CONVERSION = YES;
				CLANG_WARN_DIRECT_OBJC_ISA_USAGE = YES_ERROR;
				CLANG_WARN_DOCUMENTATION_COMMENTS = YES;
				CLANG_WARN_EMPTY_BODY = YES;
				CLANG_WARN_ENUM_CONVERSION = YES;
				CLANG_WARN_INT_CONVERSION = YES;
				CLANG_WARN_OBJC_ROOT_CLASS = YES_ERROR;
				CLANG_WARN_UNREACHABLE_CODE = YES;
				CLANG_WARN__DUPLICATE_METHOD_MATCH = YES;
				CODE_SIGN_IDENTITY = "-";
				COMBINE_HIDPI_IMAGES = YES;
				COPY_PHASE_STRIP = NO;
				CURRENT_PROJECT_VERSION = 1;
				DEBUG_INFORMATION_FORMAT = "dwarf-with-dsym";
				DEFINES_MODULE = YES;
				DEVELOPMENT_TEAM = A9NP4475VH;
				DYLIB_COMPATIBILITY_VERSION = 1;
				DYLIB_CURRENT_VERSION = 1;
				DYLIB_INSTALL_NAME_BASE = "@rpath";
				ENABLE_NS_ASSERTIONS = NO;
				ENABLE_STRICT_OBJC_MSGSEND = YES;
				FRAMEWORK_SEARCH_PATHS = (
					"$(inherited)",
					"$(PROJECT_DIR)/Carthage/Build/Mac",
				);
				FRAMEWORK_VERSION = A;
				GCC_C_LANGUAGE_STANDARD = gnu99;
				GCC_NO_COMMON_BLOCKS = YES;
				GCC_WARN_64_TO_32_BIT_CONVERSION = YES;
				GCC_WARN_ABOUT_RETURN_TYPE = YES_ERROR;
				GCC_WARN_UNDECLARED_SELECTOR = YES;
				GCC_WARN_UNINITIALIZED_AUTOS = YES_AGGRESSIVE;
				GCC_WARN_UNUSED_FUNCTION = YES;
				GCC_WARN_UNUSED_VARIABLE = YES;
				INFOPLIST_FILE = Spelt/Info.plist;
				INSTALL_PATH = "$(LOCAL_LIBRARY_DIR)/Frameworks";
				MACOSX_DEPLOYMENT_TARGET = 10.10;
				MTL_ENABLE_DEBUG_INFO = NO;
				PRODUCT_BUNDLE_IDENTIFIER = org.spelt.speltkit;
				PRODUCT_NAME = "$(TARGET_NAME)";
				SDKROOT = macosx;
				SKIP_INSTALL = YES;
				SWIFT_OPTIMIZATION_LEVEL = "-Owholemodule";
				SWIFT_VERSION = 4.2;
				VERSIONING_SYSTEM = "apple-generic";
				VERSION_INFO_PREFIX = "";
			};
			name = Release;
		};
		FD8531D21D4A2A6200658286 /* Debug */ = {
			isa = XCBuildConfiguration;
			buildSettings = {
				ALWAYS_SEARCH_USER_PATHS = NO;
				CLANG_ANALYZER_NONNULL = YES;
				CLANG_CXX_LANGUAGE_STANDARD = "gnu++0x";
				CLANG_CXX_LIBRARY = "libc++";
				CLANG_ENABLE_MODULES = YES;
				CLANG_ENABLE_OBJC_ARC = YES;
				CLANG_WARN_BOOL_CONVERSION = YES;
				CLANG_WARN_CONSTANT_CONVERSION = YES;
				CLANG_WARN_DIRECT_OBJC_ISA_USAGE = YES_ERROR;
				CLANG_WARN_DOCUMENTATION_COMMENTS = YES;
				CLANG_WARN_EMPTY_BODY = YES;
				CLANG_WARN_ENUM_CONVERSION = YES;
				CLANG_WARN_INT_CONVERSION = YES;
				CLANG_WARN_OBJC_ROOT_CLASS = YES_ERROR;
				CLANG_WARN_UNREACHABLE_CODE = YES;
				CLANG_WARN__DUPLICATE_METHOD_MATCH = YES;
				CODE_SIGN_IDENTITY = "-";
				COMBINE_HIDPI_IMAGES = YES;
				COPY_PHASE_STRIP = NO;
				DEBUG_INFORMATION_FORMAT = dwarf;
				ENABLE_STRICT_OBJC_MSGSEND = YES;
				ENABLE_TESTABILITY = YES;
				FRAMEWORK_SEARCH_PATHS = (
					"$(inherited)",
					"$(PROJECT_DIR)/Carthage/Build/Mac",
				);
				GCC_C_LANGUAGE_STANDARD = gnu99;
				GCC_DYNAMIC_NO_PIC = NO;
				GCC_NO_COMMON_BLOCKS = YES;
				GCC_OPTIMIZATION_LEVEL = 0;
				GCC_PREPROCESSOR_DEFINITIONS = (
					"DEBUG=1",
					"$(inherited)",
				);
				GCC_WARN_64_TO_32_BIT_CONVERSION = YES;
				GCC_WARN_ABOUT_RETURN_TYPE = YES_ERROR;
				GCC_WARN_UNDECLARED_SELECTOR = YES;
				GCC_WARN_UNINITIALIZED_AUTOS = YES_AGGRESSIVE;
				GCC_WARN_UNUSED_FUNCTION = YES;
				GCC_WARN_UNUSED_VARIABLE = YES;
				INFOPLIST_FILE = SpeltTests/Info.plist;
				LD_RUNPATH_SEARCH_PATHS = "$(inherited) @executable_path/../Frameworks @loader_path/../Frameworks";
				MACOSX_DEPLOYMENT_TARGET = 10.11;
				MTL_ENABLE_DEBUG_INFO = YES;
				ONLY_ACTIVE_ARCH = YES;
				PRODUCT_BUNDLE_IDENTIFIER = com.spelt.SpeltTests;
				PRODUCT_NAME = "$(TARGET_NAME)";
				SDKROOT = macosx;
				SWIFT_ACTIVE_COMPILATION_CONDITIONS = DEBUG;
				SWIFT_OPTIMIZATION_LEVEL = "-Onone";
				SWIFT_VERSION = 4.2;
			};
			name = Debug;
		};
		FD8531D31D4A2A6200658286 /* Release */ = {
			isa = XCBuildConfiguration;
			buildSettings = {
				ALWAYS_SEARCH_USER_PATHS = NO;
				CLANG_ANALYZER_NONNULL = YES;
				CLANG_CXX_LANGUAGE_STANDARD = "gnu++0x";
				CLANG_CXX_LIBRARY = "libc++";
				CLANG_ENABLE_MODULES = YES;
				CLANG_ENABLE_OBJC_ARC = YES;
				CLANG_WARN_BOOL_CONVERSION = YES;
				CLANG_WARN_CONSTANT_CONVERSION = YES;
				CLANG_WARN_DIRECT_OBJC_ISA_USAGE = YES_ERROR;
				CLANG_WARN_DOCUMENTATION_COMMENTS = YES;
				CLANG_WARN_EMPTY_BODY = YES;
				CLANG_WARN_ENUM_CONVERSION = YES;
				CLANG_WARN_INT_CONVERSION = YES;
				CLANG_WARN_OBJC_ROOT_CLASS = YES_ERROR;
				CLANG_WARN_UNREACHABLE_CODE = YES;
				CLANG_WARN__DUPLICATE_METHOD_MATCH = YES;
				CODE_SIGN_IDENTITY = "-";
				COMBINE_HIDPI_IMAGES = YES;
				COPY_PHASE_STRIP = NO;
				DEBUG_INFORMATION_FORMAT = "dwarf-with-dsym";
				ENABLE_NS_ASSERTIONS = NO;
				ENABLE_STRICT_OBJC_MSGSEND = YES;
				FRAMEWORK_SEARCH_PATHS = (
					"$(inherited)",
					"$(PROJECT_DIR)/Carthage/Build/Mac",
				);
				GCC_C_LANGUAGE_STANDARD = gnu99;
				GCC_NO_COMMON_BLOCKS = YES;
				GCC_WARN_64_TO_32_BIT_CONVERSION = YES;
				GCC_WARN_ABOUT_RETURN_TYPE = YES_ERROR;
				GCC_WARN_UNDECLARED_SELECTOR = YES;
				GCC_WARN_UNINITIALIZED_AUTOS = YES_AGGRESSIVE;
				GCC_WARN_UNUSED_FUNCTION = YES;
				GCC_WARN_UNUSED_VARIABLE = YES;
				INFOPLIST_FILE = SpeltTests/Info.plist;
				LD_RUNPATH_SEARCH_PATHS = "$(inherited) @executable_path/../Frameworks @loader_path/../Frameworks";
				MACOSX_DEPLOYMENT_TARGET = 10.11;
				MTL_ENABLE_DEBUG_INFO = NO;
				PRODUCT_BUNDLE_IDENTIFIER = com.spelt.SpeltTests;
				PRODUCT_NAME = "$(TARGET_NAME)";
				SDKROOT = macosx;
				SWIFT_OPTIMIZATION_LEVEL = "-Owholemodule";
				SWIFT_VERSION = 4.2;
			};
			name = Release;
		};
/* End XCBuildConfiguration section */

/* Begin XCConfigurationList section */
		FD3915811D7DB78E00F7F5F7 /* Build configuration list for PBXNativeTarget "spelt" */ = {
			isa = XCConfigurationList;
			buildConfigurations = (
				FD39157F1D7DB78E00F7F5F7 /* Debug */,
				FD3915801D7DB78E00F7F5F7 /* Release */,
			);
			defaultConfigurationIsVisible = 0;
			defaultConfigurationName = Release;
		};
		FD8531A01D4A29B700658286 /* Build configuration list for PBXProject "Spelt" */ = {
			isa = XCConfigurationList;
			buildConfigurations = (
				FD8531A11D4A29B700658286 /* Debug */,
				FD8531A21D4A29B700658286 /* Release */,
			);
			defaultConfigurationIsVisible = 0;
			defaultConfigurationName = Release;
		};
		FD8531CE1D4A2A6200658286 /* Build configuration list for PBXNativeTarget "SpeltKit" */ = {
			isa = XCConfigurationList;
			buildConfigurations = (
				FD8531CF1D4A2A6200658286 /* Debug */,
				FD8531D01D4A2A6200658286 /* Release */,
			);
			defaultConfigurationIsVisible = 0;
			defaultConfigurationName = Release;
		};
		FD8531D11D4A2A6200658286 /* Build configuration list for PBXNativeTarget "SpeltTests" */ = {
			isa = XCConfigurationList;
			buildConfigurations = (
				FD8531D21D4A2A6200658286 /* Debug */,
				FD8531D31D4A2A6200658286 /* Release */,
			);
			defaultConfigurationIsVisible = 0;
			defaultConfigurationName = Release;
		};
/* End XCConfigurationList section */
	};
	rootObject = FD85319D1D4A29B700658286 /* Project object */;
}
