<?xml version="1.0" encoding="UTF-8"?>
<Scheme
   LastUpgradeVersion = "1010"
   version = "1.3">
   <BuildAction
      parallelizeBuildables = "YES"
      buildImplicitDependencies = "YES">
      <BuildActionEntries>
         <BuildActionEntry
            buildForTesting = "YES"
            buildForRunning = "YES"
            buildForProfiling = "YES"
            buildForArchiving = "YES"
            buildForAnalyzing = "YES">
            <BuildableReference
               BuildableIdentifier = "primary"
               BlueprintIdentifier = "FD3915741D7DB78E00F7F5F7"
               BuildableName = "spelt.app"
               BlueprintName = "spelt"
               ReferencedContainer = "container:Spelt.xcodeproj">
            </BuildableReference>
         </BuildActionEntry>
      </BuildActionEntries>
   </BuildAction>
   <TestAction
      buildConfiguration = "Debug"
      selectedDebuggerIdentifier = "Xcode.DebuggerFoundation.Debugger.LLDB"
      selectedLauncherIdentifier = "Xcode.DebuggerFoundation.Launcher.LLDB"
      shouldUseLaunchSchemeArgsEnv = "NO">
      <Testables>
         <TestableReference
            skipped = "NO">
            <BuildableReference
               BuildableIdentifier = "primary"
               BlueprintIdentifier = "FD8531C41D4A2A6200658286"
               BuildableName = "SpeltTests.xctest"
               BlueprintName = "SpeltTests"
               ReferencedContainer = "container:Spelt.xcodeproj">
            </BuildableReference>
         </TestableReference>
      </Testables>
      <MacroExpansion>
         <BuildableReference
            BuildableIdentifier = "primary"
            BlueprintIdentifier = "FD3915741D7DB78E00F7F5F7"
            BuildableName = "spelt.app"
            BlueprintName = "spelt"
            ReferencedContainer = "container:Spelt.xcodeproj">
         </BuildableReference>
      </MacroExpansion>
      <AdditionalOptions>
      </AdditionalOptions>
   </TestAction>
   <LaunchAction
      buildConfiguration = "Release"
      selectedDebuggerIdentifier = "Xcode.DebuggerFoundation.Debugger.LLDB"
      selectedLauncherIdentifier = "Xcode.DebuggerFoundation.Launcher.LLDB"
      launchStyle = "0"
      useCustomWorkingDirectory = "NO"
      ignoresPersistentStateOnLaunch = "NO"
      debugDocumentVersioning = "NO"
      debugServiceExtension = "internal"
      allowLocationSimulation = "YES">
      <BuildableProductRunnable
         runnableDebuggingMode = "0">
         <BuildableReference
            BuildableIdentifier = "primary"
            BlueprintIdentifier = "FD3915741D7DB78E00F7F5F7"
            BuildableName = "spelt.app"
            BlueprintName = "spelt"
            ReferencedContainer = "container:Spelt.xcodeproj">
         </BuildableReference>
      </BuildableProductRunnable>
      <CommandLineArguments>
         <CommandLineArgument
            argument = "serve"
            isEnabled = "NO">
         </CommandLineArgument>
         <CommandLineArgument
            argument = "help build"
            isEnabled = "NO">
         </CommandLineArgument>
         <CommandLineArgument
            argument = "version"
            isEnabled = "YES">
         </CommandLineArgument>
         <CommandLineArgument
            argument = "build"
            isEnabled = "NO">
         </CommandLineArgument>
         <CommandLineArgument
            argument = "new"
            isEnabled = "NO">
         </CommandLineArgument>
         <CommandLineArgument
            argument = "new ~/Desktop/blog"
            isEnabled = "NO">
         </CommandLineArgument>
         <CommandLineArgument
            argument = "--force"
            isEnabled = "NO">
         </CommandLineArgument>
         <CommandLineArgument
            argument = "--source ~/Desktop/test-site"
            isEnabled = "NO">
         </CommandLineArgument>
         <CommandLineArgument
            argument = "--destination ~/Desktop/test-site/_build"
            isEnabled = "NO">
         </CommandLineArgument>
         <CommandLineArgument
            argument = "--source ~/Projects/Spelt/framework/SpeltTests/Fixtures/test-site"
            isEnabled = "NO">
         </CommandLineArgument>
         <CommandLineArgument
            argument = "--source ~/Projects/Spelt/framework/Resources/default-template"
            isEnabled = "NO">
         </CommandLineArgument>
         <CommandLineArgument
            argument = "--destination ~/Projects/Spelt/framework/SpeltTests/Fixtures/test-site/_build"
            isEnabled = "NO">
         </CommandLineArgument>
         <CommandLineArgument
            argument = "--source ~/Projects/nielsify.com"
            isEnabled = "NO">
         </CommandLineArgument>
         <CommandLineArgument
            argument = "--destination ~/Projects/nielsify.com/_build"
            isEnabled = "NO">
         </CommandLineArgument>
      </CommandLineArguments>
      <AdditionalOptions>
      </AdditionalOptions>
   </LaunchAction>
   <ProfileAction
      buildConfiguration = "Release"
      shouldUseLaunchSchemeArgsEnv = "YES"
      savedToolIdentifier = ""
      useCustomWorkingDirectory = "NO"
      debugDocumentVersioning = "YES">
      <BuildableProductRunnable
         runnableDebuggingMode = "0">
         <BuildableReference
            BuildableIdentifier = "primary"
            BlueprintIdentifier = "FD3915741D7DB78E00F7F5F7"
            BuildableName = "spelt.app"
            BlueprintName = "spelt"
            ReferencedContainer = "container:Spelt.xcodeproj">
         </BuildableReference>
      </BuildableProductRunnable>
   </ProfileAction>
   <AnalyzeAction
      buildConfiguration = "Debug">
   </AnalyzeAction>
   <ArchiveAction
      buildConfiguration = "Release"
      revealArchiveInOrganizer = "YES">
   </ArchiveAction>
</Scheme>
