// !$*UTF8*$!
{
	archiveVersion = 1;
	classes = {
	};
	objectVersion = 46;
	objects = {

/* Begin PBXBuildFile section */
		_LinkFileRef_CHoedown_via_CLI /* CHoedown.framework in Frameworks */ = {isa = PBXBuildFile; fileRef = "_____Product_CHoedown" /* CHoedown.framework */; };
		_LinkFileRef_CHoedown_via_Hoedown /* CHoedown.framework in Frameworks */ = {isa = PBXBuildFile; fileRef = "_____Product_CHoedown" /* CHoedown.framework */; };
		_LinkFileRef_CHoedown_via_Spelt /* CHoedown.framework in Frameworks */ = {isa = PBXBuildFile; fileRef = "_____Product_CHoedown" /* CHoedown.framework */; };
		_LinkFileRef_CHoedown_via_SpeltTestSuite /* CHoedown.framework in Frameworks */ = {isa = PBXBuildFile; fileRef = "_____Product_CHoedown" /* CHoedown.framework */; };
		_LinkFileRef_Hoedown_via_CLI /* Hoedown.framework in Frameworks */ = {isa = PBXBuildFile; fileRef = "_____Product_Hoedown" /* Hoedown.framework */; };
		_LinkFileRef_Hoedown_via_Spelt /* Hoedown.framework in Frameworks */ = {isa = PBXBuildFile; fileRef = "_____Product_Hoedown" /* Hoedown.framework */; };
		_LinkFileRef_Hoedown_via_SpeltTestSuite /* Hoedown.framework in Frameworks */ = {isa = PBXBuildFile; fileRef = "_____Product_Hoedown" /* Hoedown.framework */; };
		_LinkFileRef_LibYAML_via_CLI /* LibYAML.framework in Frameworks */ = {isa = PBXBuildFile; fileRef = "_____Product_LibYAML" /* LibYAML.framework */; };
		_LinkFileRef_LibYAML_via_Spelt /* LibYAML.framework in Frameworks */ = {isa = PBXBuildFile; fileRef = "_____Product_LibYAML" /* LibYAML.framework */; };
		_LinkFileRef_LibYAML_via_SpeltTestSuite /* LibYAML.framework in Frameworks */ = {isa = PBXBuildFile; fileRef = "_____Product_LibYAML" /* LibYAML.framework */; };
		_LinkFileRef_LibYAML_via_YAML /* LibYAML.framework in Frameworks */ = {isa = PBXBuildFile; fileRef = "_____Product_LibYAML" /* LibYAML.framework */; };
		_LinkFileRef_Spelt_via_CLI /* Spelt.framework in Frameworks */ = {isa = PBXBuildFile; fileRef = "_____Product_Spelt" /* Spelt.framework */; };
		_LinkFileRef_Spelt_via_SpeltTestSuite /* Spelt.framework in Frameworks */ = {isa = PBXBuildFile; fileRef = "_____Product_Spelt" /* Spelt.framework */; };
		_LinkFileRef_Witness_via_CLI /* Witness.framework in Frameworks */ = {isa = PBXBuildFile; fileRef = "_____Product_Witness" /* Witness.framework */; };
		_LinkFileRef_Witness_via_Spelt /* Witness.framework in Frameworks */ = {isa = PBXBuildFile; fileRef = "_____Product_Witness" /* Witness.framework */; };
		_LinkFileRef_Witness_via_SpeltTestSuite /* Witness.framework in Frameworks */ = {isa = PBXBuildFile; fileRef = "_____Product_Witness" /* Witness.framework */; };
		_LinkFileRef_YAML_via_CLI /* YAML.framework in Frameworks */ = {isa = PBXBuildFile; fileRef = "_____Product_YAML" /* YAML.framework */; };
		_LinkFileRef_YAML_via_Spelt /* YAML.framework in Frameworks */ = {isa = PBXBuildFile; fileRef = "_____Product_YAML" /* YAML.framework */; };
		_LinkFileRef_YAML_via_SpeltTestSuite /* YAML.framework in Frameworks */ = {isa = PBXBuildFile; fileRef = "_____Product_YAML" /* YAML.framework */; };
		"__src_cc_ref_Packages/Hoedown-0.1.2/Sources/CHoedown/autolink.c" /* autolink.c in Sources */ = {isa = PBXBuildFile; fileRef = "__PBXFileRef_Packages/Hoedown-0.1.2/Sources/CHoedown/autolink.c" /* autolink.c */; };
		"__src_cc_ref_Packages/Hoedown-0.1.2/Sources/CHoedown/buffer.c" /* buffer.c in Sources */ = {isa = PBXBuildFile; fileRef = "__PBXFileRef_Packages/Hoedown-0.1.2/Sources/CHoedown/buffer.c" /* buffer.c */; };
		"__src_cc_ref_Packages/Hoedown-0.1.2/Sources/CHoedown/document.c" /* document.c in Sources */ = {isa = PBXBuildFile; fileRef = "__PBXFileRef_Packages/Hoedown-0.1.2/Sources/CHoedown/document.c" /* document.c */; };
		"__src_cc_ref_Packages/Hoedown-0.1.2/Sources/CHoedown/escape.c" /* escape.c in Sources */ = {isa = PBXBuildFile; fileRef = "__PBXFileRef_Packages/Hoedown-0.1.2/Sources/CHoedown/escape.c" /* escape.c */; };
		"__src_cc_ref_Packages/Hoedown-0.1.2/Sources/CHoedown/hoedown.c" /* hoedown.c in Sources */ = {isa = PBXBuildFile; fileRef = "__PBXFileRef_Packages/Hoedown-0.1.2/Sources/CHoedown/hoedown.c" /* hoedown.c */; };
		"__src_cc_ref_Packages/Hoedown-0.1.2/Sources/CHoedown/html.c" /* html.c in Sources */ = {isa = PBXBuildFile; fileRef = "__PBXFileRef_Packages/Hoedown-0.1.2/Sources/CHoedown/html.c" /* html.c */; };
		"__src_cc_ref_Packages/Hoedown-0.1.2/Sources/CHoedown/html_blocks.c" /* html_blocks.c in Sources */ = {isa = PBXBuildFile; fileRef = "__PBXFileRef_Packages/Hoedown-0.1.2/Sources/CHoedown/html_blocks.c" /* html_blocks.c */; };
		"__src_cc_ref_Packages/Hoedown-0.1.2/Sources/CHoedown/html_smartypants.c" /* html_smartypants.c in Sources */ = {isa = PBXBuildFile; fileRef = "__PBXFileRef_Packages/Hoedown-0.1.2/Sources/CHoedown/html_smartypants.c" /* html_smartypants.c */; };
		"__src_cc_ref_Packages/Hoedown-0.1.2/Sources/CHoedown/stack.c" /* stack.c in Sources */ = {isa = PBXBuildFile; fileRef = "__PBXFileRef_Packages/Hoedown-0.1.2/Sources/CHoedown/stack.c" /* stack.c */; };
		"__src_cc_ref_Packages/Hoedown-0.1.2/Sources/CHoedown/version.c" /* version.c in Sources */ = {isa = PBXBuildFile; fileRef = "__PBXFileRef_Packages/Hoedown-0.1.2/Sources/CHoedown/version.c" /* version.c */; };
		"__src_cc_ref_Packages/Hoedown-0.1.2/Sources/Hoedown/Hoedown.swift" /* Hoedown.swift in Sources */ = {isa = PBXBuildFile; fileRef = "__PBXFileRef_Packages/Hoedown-0.1.2/Sources/Hoedown/Hoedown.swift" /* Hoedown.swift */; };
		"__src_cc_ref_Packages/Witness-0.1.1/Sources/EventStream.swift" /* EventStream.swift in Sources */ = {isa = PBXBuildFile; fileRef = "__PBXFileRef_Packages/Witness-0.1.1/Sources/EventStream.swift" /* EventStream.swift */; };
		"__src_cc_ref_Packages/Witness-0.1.1/Sources/FileEvent.swift" /* FileEvent.swift in Sources */ = {isa = PBXBuildFile; fileRef = "__PBXFileRef_Packages/Witness-0.1.1/Sources/FileEvent.swift" /* FileEvent.swift */; };
		"__src_cc_ref_Packages/Witness-0.1.1/Sources/Witness.swift" /* Witness.swift in Sources */ = {isa = PBXBuildFile; fileRef = "__PBXFileRef_Packages/Witness-0.1.1/Sources/Witness.swift" /* Witness.swift */; };
		"__src_cc_ref_Packages/YAML-0.1.1/Sources/LibYAML/api.c" /* api.c in Sources */ = {isa = PBXBuildFile; fileRef = "__PBXFileRef_Packages/YAML-0.1.1/Sources/LibYAML/api.c" /* api.c */; };
		"__src_cc_ref_Packages/YAML-0.1.1/Sources/LibYAML/dumper.c" /* dumper.c in Sources */ = {isa = PBXBuildFile; fileRef = "__PBXFileRef_Packages/YAML-0.1.1/Sources/LibYAML/dumper.c" /* dumper.c */; };
		"__src_cc_ref_Packages/YAML-0.1.1/Sources/LibYAML/emitter.c" /* emitter.c in Sources */ = {isa = PBXBuildFile; fileRef = "__PBXFileRef_Packages/YAML-0.1.1/Sources/LibYAML/emitter.c" /* emitter.c */; };
		"__src_cc_ref_Packages/YAML-0.1.1/Sources/LibYAML/loader.c" /* loader.c in Sources */ = {isa = PBXBuildFile; fileRef = "__PBXFileRef_Packages/YAML-0.1.1/Sources/LibYAML/loader.c" /* loader.c */; };
		"__src_cc_ref_Packages/YAML-0.1.1/Sources/LibYAML/parser.c" /* parser.c in Sources */ = {isa = PBXBuildFile; fileRef = "__PBXFileRef_Packages/YAML-0.1.1/Sources/LibYAML/parser.c" /* parser.c */; };
		"__src_cc_ref_Packages/YAML-0.1.1/Sources/LibYAML/reader.c" /* reader.c in Sources */ = {isa = PBXBuildFile; fileRef = "__PBXFileRef_Packages/YAML-0.1.1/Sources/LibYAML/reader.c" /* reader.c */; };
		"__src_cc_ref_Packages/YAML-0.1.1/Sources/LibYAML/scanner.c" /* scanner.c in Sources */ = {isa = PBXBuildFile; fileRef = "__PBXFileRef_Packages/YAML-0.1.1/Sources/LibYAML/scanner.c" /* scanner.c */; };
		"__src_cc_ref_Packages/YAML-0.1.1/Sources/LibYAML/writer.c" /* writer.c in Sources */ = {isa = PBXBuildFile; fileRef = "__PBXFileRef_Packages/YAML-0.1.1/Sources/LibYAML/writer.c" /* writer.c */; };
		"__src_cc_ref_Packages/YAML-0.1.1/Sources/LibYAML/yaml_helpers.c" /* yaml_helpers.c in Sources */ = {isa = PBXBuildFile; fileRef = "__PBXFileRef_Packages/YAML-0.1.1/Sources/LibYAML/yaml_helpers.c" /* yaml_helpers.c */; };
		"__src_cc_ref_Packages/YAML-0.1.1/Sources/YAML/YAML.swift" /* YAML.swift in Sources */ = {isa = PBXBuildFile; fileRef = "__PBXFileRef_Packages/YAML-0.1.1/Sources/YAML/YAML.swift" /* YAML.swift */; };
		"__src_cc_ref_Packages/YAML-0.1.1/Sources/YAML/YAMLEmitter.swift" /* YAMLEmitter.swift in Sources */ = {isa = PBXBuildFile; fileRef = "__PBXFileRef_Packages/YAML-0.1.1/Sources/YAML/YAMLEmitter.swift" /* YAMLEmitter.swift */; };
		"__src_cc_ref_Packages/YAML-0.1.1/Sources/YAML/YAMLParser.swift" /* YAMLParser.swift in Sources */ = {isa = PBXBuildFile; fileRef = "__PBXFileRef_Packages/YAML-0.1.1/Sources/YAML/YAMLParser.swift" /* YAMLParser.swift */; };
		"__src_cc_ref_Packages/YAML-0.1.1/Sources/YAML/YAMLValue.swift" /* YAMLValue.swift in Sources */ = {isa = PBXBuildFile; fileRef = "__PBXFileRef_Packages/YAML-0.1.1/Sources/YAML/YAMLValue.swift" /* YAMLValue.swift */; };
		__src_cc_ref_Sources/CLI/main.swift /* main.swift in Sources */ = {isa = PBXBuildFile; fileRef = __PBXFileRef_Sources/CLI/main.swift /* main.swift */; };
		__src_cc_ref_Sources/Spelt/Document.swift /* Document.swift in Sources */ = {isa = PBXBuildFile; fileRef = __PBXFileRef_Sources/Spelt/Document.swift /* Document.swift */; };
		__src_cc_ref_Sources/Spelt/Site.swift /* Site.swift in Sources */ = {isa = PBXBuildFile; fileRef = __PBXFileRef_Sources/Spelt/Site.swift /* Site.swift */; };
		__src_cc_ref_Sources/Spelt/SiteReader.swift /* SiteReader.swift in Sources */ = {isa = PBXBuildFile; fileRef = __PBXFileRef_Sources/Spelt/SiteReader.swift /* SiteReader.swift */; };
		__src_cc_ref_Sources/Spelt/StaticFile.swift /* StaticFile.swift in Sources */ = {isa = PBXBuildFile; fileRef = __PBXFileRef_Sources/Spelt/StaticFile.swift /* StaticFile.swift */; };
		__src_cc_ref_Tests/Spelt/SiteReaderTests.swift /* SiteReaderTests.swift in Sources */ = {isa = PBXBuildFile; fileRef = __PBXFileRef_Tests/Spelt/SiteReaderTests.swift /* SiteReaderTests.swift */; };
		__src_cc_ref_Tests/Spelt/SiteTests.swift /* SiteTests.swift in Sources */ = {isa = PBXBuildFile; fileRef = __PBXFileRef_Tests/Spelt/SiteTests.swift /* SiteTests.swift */; };
/* End PBXBuildFile section */

/* Begin PBXContainerItemProxy section */
		FD8531961D4A26C600658286 /* PBXContainerItemProxy */ = {
			isa = PBXContainerItemProxy;
			containerPortal = __RootObject_ /* Project object */;
			proxyType = 1;
			remoteGlobalIDString = "______Target_LibYAML";
			remoteInfo = LibYAML;
		};
		FD8531971D4A26C600658286 /* PBXContainerItemProxy */ = {
			isa = PBXContainerItemProxy;
			containerPortal = __RootObject_ /* Project object */;
			proxyType = 1;
			remoteGlobalIDString = "______Target_CHoedown";
			remoteInfo = CHoedown;
		};
		FD8531981D4A26C600658286 /* PBXContainerItemProxy */ = {
			isa = PBXContainerItemProxy;
			containerPortal = __RootObject_ /* Project object */;
			proxyType = 1;
			remoteGlobalIDString = "______Target_Hoedown";
			remoteInfo = Hoedown;
		};
		FD8531991D4A26C600658286 /* PBXContainerItemProxy */ = {
			isa = PBXContainerItemProxy;
			containerPortal = __RootObject_ /* Project object */;
			proxyType = 1;
			remoteGlobalIDString = "______Target_YAML";
			remoteInfo = YAML;
		};
		FD85319A1D4A26C600658286 /* PBXContainerItemProxy */ = {
			isa = PBXContainerItemProxy;
			containerPortal = __RootObject_ /* Project object */;
			proxyType = 1;
			remoteGlobalIDString = "______Target_Witness";
			remoteInfo = Witness;
		};
		FD85319B1D4A26C600658286 /* PBXContainerItemProxy */ = {
			isa = PBXContainerItemProxy;
			containerPortal = __RootObject_ /* Project object */;
			proxyType = 1;
			remoteGlobalIDString = "______Target_Spelt";
			remoteInfo = Spelt;
		};
/* End PBXContainerItemProxy section */

/* Begin PBXFileReference section */
		__PBXFileRef_CHoedown_Info.plist /* CHoedown_Info.plist */ = {isa = PBXFileReference; lastKnownFileType = text.plist.xml; name = CHoedown_Info.plist; path = SpeltPackage.xcodeproj/CHoedown_Info.plist; sourceTree = SOURCE_ROOT; };
		__PBXFileRef_Hoedown_Info.plist /* Hoedown_Info.plist */ = {isa = PBXFileReference; lastKnownFileType = text.plist.xml; name = Hoedown_Info.plist; path = SpeltPackage.xcodeproj/Hoedown_Info.plist; sourceTree = SOURCE_ROOT; };
		__PBXFileRef_LibYAML_Info.plist /* LibYAML_Info.plist */ = {isa = PBXFileReference; lastKnownFileType = text.plist.xml; name = LibYAML_Info.plist; path = SpeltPackage.xcodeproj/LibYAML_Info.plist; sourceTree = SOURCE_ROOT; };
		__PBXFileRef_Package.swift /* Package.swift */ = {isa = PBXFileReference; lastKnownFileType = sourcecode.swift; path = Package.swift; sourceTree = "<group>"; };
		"__PBXFileRef_Packages/Hoedown-0.1.2/Sources/CHoedown/autolink.c" /* autolink.c */ = {isa = PBXFileReference; lastKnownFileType = sourcecode.c.c; path = autolink.c; sourceTree = "<group>"; };
		"__PBXFileRef_Packages/Hoedown-0.1.2/Sources/CHoedown/buffer.c" /* buffer.c */ = {isa = PBXFileReference; lastKnownFileType = sourcecode.c.c; path = buffer.c; sourceTree = "<group>"; };
		"__PBXFileRef_Packages/Hoedown-0.1.2/Sources/CHoedown/document.c" /* document.c */ = {isa = PBXFileReference; lastKnownFileType = sourcecode.c.c; path = document.c; sourceTree = "<group>"; };
		"__PBXFileRef_Packages/Hoedown-0.1.2/Sources/CHoedown/escape.c" /* escape.c */ = {isa = PBXFileReference; lastKnownFileType = sourcecode.c.c; path = escape.c; sourceTree = "<group>"; };
		"__PBXFileRef_Packages/Hoedown-0.1.2/Sources/CHoedown/hoedown.c" /* hoedown.c */ = {isa = PBXFileReference; lastKnownFileType = sourcecode.c.c; path = hoedown.c; sourceTree = "<group>"; };
		"__PBXFileRef_Packages/Hoedown-0.1.2/Sources/CHoedown/html.c" /* html.c */ = {isa = PBXFileReference; lastKnownFileType = sourcecode.c.c; path = html.c; sourceTree = "<group>"; };
		"__PBXFileRef_Packages/Hoedown-0.1.2/Sources/CHoedown/html_blocks.c" /* html_blocks.c */ = {isa = PBXFileReference; lastKnownFileType = sourcecode.c.c; path = html_blocks.c; sourceTree = "<group>"; };
		"__PBXFileRef_Packages/Hoedown-0.1.2/Sources/CHoedown/html_smartypants.c" /* html_smartypants.c */ = {isa = PBXFileReference; lastKnownFileType = sourcecode.c.c; path = html_smartypants.c; sourceTree = "<group>"; };
		"__PBXFileRef_Packages/Hoedown-0.1.2/Sources/CHoedown/stack.c" /* stack.c */ = {isa = PBXFileReference; lastKnownFileType = sourcecode.c.c; path = stack.c; sourceTree = "<group>"; };
		"__PBXFileRef_Packages/Hoedown-0.1.2/Sources/CHoedown/version.c" /* version.c */ = {isa = PBXFileReference; lastKnownFileType = sourcecode.c.c; path = version.c; sourceTree = "<group>"; };
		"__PBXFileRef_Packages/Hoedown-0.1.2/Sources/Hoedown/Hoedown.swift" /* Hoedown.swift */ = {isa = PBXFileReference; lastKnownFileType = sourcecode.swift; path = Hoedown.swift; sourceTree = "<group>"; };
		"__PBXFileRef_Packages/Witness-0.1.1/Sources/EventStream.swift" /* EventStream.swift */ = {isa = PBXFileReference; lastKnownFileType = sourcecode.swift; path = EventStream.swift; sourceTree = "<group>"; };
		"__PBXFileRef_Packages/Witness-0.1.1/Sources/FileEvent.swift" /* FileEvent.swift */ = {isa = PBXFileReference; lastKnownFileType = sourcecode.swift; path = FileEvent.swift; sourceTree = "<group>"; };
		"__PBXFileRef_Packages/Witness-0.1.1/Sources/Witness.swift" /* Witness.swift */ = {isa = PBXFileReference; lastKnownFileType = sourcecode.swift; path = Witness.swift; sourceTree = "<group>"; };
		"__PBXFileRef_Packages/YAML-0.1.1/Sources/LibYAML/api.c" /* api.c */ = {isa = PBXFileReference; lastKnownFileType = sourcecode.c.c; path = api.c; sourceTree = "<group>"; };
		"__PBXFileRef_Packages/YAML-0.1.1/Sources/LibYAML/dumper.c" /* dumper.c */ = {isa = PBXFileReference; lastKnownFileType = sourcecode.c.c; path = dumper.c; sourceTree = "<group>"; };
		"__PBXFileRef_Packages/YAML-0.1.1/Sources/LibYAML/emitter.c" /* emitter.c */ = {isa = PBXFileReference; lastKnownFileType = sourcecode.c.c; path = emitter.c; sourceTree = "<group>"; };
		"__PBXFileRef_Packages/YAML-0.1.1/Sources/LibYAML/loader.c" /* loader.c */ = {isa = PBXFileReference; lastKnownFileType = sourcecode.c.c; path = loader.c; sourceTree = "<group>"; };
		"__PBXFileRef_Packages/YAML-0.1.1/Sources/LibYAML/parser.c" /* parser.c */ = {isa = PBXFileReference; lastKnownFileType = sourcecode.c.c; path = parser.c; sourceTree = "<group>"; };
		"__PBXFileRef_Packages/YAML-0.1.1/Sources/LibYAML/reader.c" /* reader.c */ = {isa = PBXFileReference; lastKnownFileType = sourcecode.c.c; path = reader.c; sourceTree = "<group>"; };
		"__PBXFileRef_Packages/YAML-0.1.1/Sources/LibYAML/scanner.c" /* scanner.c */ = {isa = PBXFileReference; lastKnownFileType = sourcecode.c.c; path = scanner.c; sourceTree = "<group>"; };
		"__PBXFileRef_Packages/YAML-0.1.1/Sources/LibYAML/writer.c" /* writer.c */ = {isa = PBXFileReference; lastKnownFileType = sourcecode.c.c; path = writer.c; sourceTree = "<group>"; };
		"__PBXFileRef_Packages/YAML-0.1.1/Sources/LibYAML/yaml_helpers.c" /* yaml_helpers.c */ = {isa = PBXFileReference; lastKnownFileType = sourcecode.c.c; path = yaml_helpers.c; sourceTree = "<group>"; };
		"__PBXFileRef_Packages/YAML-0.1.1/Sources/YAML/YAML.swift" /* YAML.swift */ = {isa = PBXFileReference; lastKnownFileType = sourcecode.swift; path = YAML.swift; sourceTree = "<group>"; };
		"__PBXFileRef_Packages/YAML-0.1.1/Sources/YAML/YAMLEmitter.swift" /* YAMLEmitter.swift */ = {isa = PBXFileReference; lastKnownFileType = sourcecode.swift; path = YAMLEmitter.swift; sourceTree = "<group>"; };
		"__PBXFileRef_Packages/YAML-0.1.1/Sources/YAML/YAMLParser.swift" /* YAMLParser.swift */ = {isa = PBXFileReference; lastKnownFileType = sourcecode.swift; path = YAMLParser.swift; sourceTree = "<group>"; };
		"__PBXFileRef_Packages/YAML-0.1.1/Sources/YAML/YAMLValue.swift" /* YAMLValue.swift */ = {isa = PBXFileReference; lastKnownFileType = sourcecode.swift; path = YAMLValue.swift; sourceTree = "<group>"; };
		__PBXFileRef_Sources/CLI/main.swift /* main.swift */ = {isa = PBXFileReference; lastKnownFileType = sourcecode.swift; path = main.swift; sourceTree = "<group>"; };
		__PBXFileRef_Sources/Spelt/Document.swift /* Document.swift */ = {isa = PBXFileReference; lastKnownFileType = sourcecode.swift; path = Document.swift; sourceTree = "<group>"; };
		__PBXFileRef_Sources/Spelt/Site.swift /* Site.swift */ = {isa = PBXFileReference; lastKnownFileType = sourcecode.swift; path = Site.swift; sourceTree = "<group>"; };
		__PBXFileRef_Sources/Spelt/SiteReader.swift /* SiteReader.swift */ = {isa = PBXFileReference; lastKnownFileType = sourcecode.swift; path = SiteReader.swift; sourceTree = "<group>"; };
		__PBXFileRef_Sources/Spelt/StaticFile.swift /* StaticFile.swift */ = {isa = PBXFileReference; lastKnownFileType = sourcecode.swift; path = StaticFile.swift; sourceTree = "<group>"; };
		__PBXFileRef_SpeltPackage.xcodeproj/Configs/Project.xcconfig /* Project.xcconfig */ = {isa = PBXFileReference; lastKnownFileType = text.xcconfig; name = Project.xcconfig; path = SpeltPackage.xcodeproj/Configs/Project.xcconfig; sourceTree = "<group>"; };
		__PBXFileRef_SpeltTestSuite_Info.plist /* SpeltTestSuite_Info.plist */ = {isa = PBXFileReference; lastKnownFileType = text.plist.xml; name = SpeltTestSuite_Info.plist; path = SpeltPackage.xcodeproj/SpeltTestSuite_Info.plist; sourceTree = SOURCE_ROOT; };
		__PBXFileRef_Spelt_Info.plist /* Spelt_Info.plist */ = {isa = PBXFileReference; lastKnownFileType = text.plist.xml; name = Spelt_Info.plist; path = SpeltPackage.xcodeproj/Spelt_Info.plist; sourceTree = SOURCE_ROOT; };
		__PBXFileRef_Tests/Spelt/SiteReaderTests.swift /* SiteReaderTests.swift */ = {isa = PBXFileReference; lastKnownFileType = sourcecode.swift; path = SiteReaderTests.swift; sourceTree = "<group>"; };
		__PBXFileRef_Tests/Spelt/SiteTests.swift /* SiteTests.swift */ = {isa = PBXFileReference; lastKnownFileType = sourcecode.swift; path = SiteTests.swift; sourceTree = "<group>"; };
		__PBXFileRef_Witness_Info.plist /* Witness_Info.plist */ = {isa = PBXFileReference; lastKnownFileType = text.plist.xml; name = Witness_Info.plist; path = SpeltPackage.xcodeproj/Witness_Info.plist; sourceTree = SOURCE_ROOT; };
		__PBXFileRef_YAML_Info.plist /* YAML_Info.plist */ = {isa = PBXFileReference; lastKnownFileType = text.plist.xml; name = YAML_Info.plist; path = SpeltPackage.xcodeproj/YAML_Info.plist; sourceTree = SOURCE_ROOT; };
		"_____Product_CHoedown" /* CHoedown.framework */ = {isa = PBXFileReference; explicitFileType = wrapper.framework; path = CHoedown.framework; sourceTree = BUILT_PRODUCTS_DIR; };
		"_____Product_CLI" /* CLI */ = {isa = PBXFileReference; explicitFileType = "compiled.mach-o.executable"; path = CLI; sourceTree = BUILT_PRODUCTS_DIR; };
		"_____Product_Hoedown" /* Hoedown.framework */ = {isa = PBXFileReference; explicitFileType = wrapper.framework; path = Hoedown.framework; sourceTree = BUILT_PRODUCTS_DIR; };
		"_____Product_LibYAML" /* LibYAML.framework */ = {isa = PBXFileReference; explicitFileType = wrapper.framework; path = LibYAML.framework; sourceTree = BUILT_PRODUCTS_DIR; };
		"_____Product_Spelt" /* Spelt.framework */ = {isa = PBXFileReference; explicitFileType = wrapper.framework; path = Spelt.framework; sourceTree = BUILT_PRODUCTS_DIR; };
		"_____Product_SpeltTestSuite" /* SpeltTestSuite.xctest */ = {isa = PBXFileReference; lastKnownFileType = file; path = SpeltTestSuite.xctest; sourceTree = BUILT_PRODUCTS_DIR; };
		"_____Product_Witness" /* Witness.framework */ = {isa = PBXFileReference; explicitFileType = wrapper.framework; path = Witness.framework; sourceTree = BUILT_PRODUCTS_DIR; };
		"_____Product_YAML" /* YAML.framework */ = {isa = PBXFileReference; explicitFileType = wrapper.framework; path = YAML.framework; sourceTree = BUILT_PRODUCTS_DIR; };
/* End PBXFileReference section */

/* Begin PBXFrameworksBuildPhase section */
		"___LinkPhase_CHoedown" /* Frameworks */ = {
			isa = PBXFrameworksBuildPhase;
			buildActionMask = 0;
			files = (
			);
			runOnlyForDeploymentPostprocessing = 0;
		};
		"___LinkPhase_CLI" /* Frameworks */ = {
			isa = PBXFrameworksBuildPhase;
			buildActionMask = 0;
			files = (
				_LinkFileRef_CHoedown_via_CLI /* CHoedown.framework in Frameworks */,
				_LinkFileRef_Hoedown_via_CLI /* Hoedown.framework in Frameworks */,
				_LinkFileRef_LibYAML_via_CLI /* LibYAML.framework in Frameworks */,
				_LinkFileRef_YAML_via_CLI /* YAML.framework in Frameworks */,
				_LinkFileRef_Witness_via_CLI /* Witness.framework in Frameworks */,
				_LinkFileRef_Spelt_via_CLI /* Spelt.framework in Frameworks */,
			);
			runOnlyForDeploymentPostprocessing = 0;
		};
		"___LinkPhase_Hoedown" /* Frameworks */ = {
			isa = PBXFrameworksBuildPhase;
			buildActionMask = 0;
			files = (
				_LinkFileRef_CHoedown_via_Hoedown /* CHoedown.framework in Frameworks */,
			);
			runOnlyForDeploymentPostprocessing = 0;
		};
		"___LinkPhase_LibYAML" /* Frameworks */ = {
			isa = PBXFrameworksBuildPhase;
			buildActionMask = 0;
			files = (
			);
			runOnlyForDeploymentPostprocessing = 0;
		};
		"___LinkPhase_Spelt" /* Frameworks */ = {
			isa = PBXFrameworksBuildPhase;
			buildActionMask = 0;
			files = (
				_LinkFileRef_CHoedown_via_Spelt /* CHoedown.framework in Frameworks */,
				_LinkFileRef_Hoedown_via_Spelt /* Hoedown.framework in Frameworks */,
				_LinkFileRef_LibYAML_via_Spelt /* LibYAML.framework in Frameworks */,
				_LinkFileRef_YAML_via_Spelt /* YAML.framework in Frameworks */,
				_LinkFileRef_Witness_via_Spelt /* Witness.framework in Frameworks */,
			);
			runOnlyForDeploymentPostprocessing = 0;
		};
		"___LinkPhase_SpeltTestSuite" /* Frameworks */ = {
			isa = PBXFrameworksBuildPhase;
			buildActionMask = 0;
			files = (
				_LinkFileRef_CHoedown_via_SpeltTestSuite /* CHoedown.framework in Frameworks */,
				_LinkFileRef_Hoedown_via_SpeltTestSuite /* Hoedown.framework in Frameworks */,
				_LinkFileRef_LibYAML_via_SpeltTestSuite /* LibYAML.framework in Frameworks */,
				_LinkFileRef_YAML_via_SpeltTestSuite /* YAML.framework in Frameworks */,
				_LinkFileRef_Witness_via_SpeltTestSuite /* Witness.framework in Frameworks */,
				_LinkFileRef_Spelt_via_SpeltTestSuite /* Spelt.framework in Frameworks */,
			);
			runOnlyForDeploymentPostprocessing = 0;
		};
		"___LinkPhase_Witness" /* Frameworks */ = {
			isa = PBXFrameworksBuildPhase;
			buildActionMask = 0;
			files = (
			);
			runOnlyForDeploymentPostprocessing = 0;
		};
		"___LinkPhase_YAML" /* Frameworks */ = {
			isa = PBXFrameworksBuildPhase;
			buildActionMask = 0;
			files = (
				_LinkFileRef_LibYAML_via_YAML /* LibYAML.framework in Frameworks */,
			);
			runOnlyForDeploymentPostprocessing = 0;
		};
/* End PBXFrameworksBuildPhase section */

/* Begin PBXGroup section */
		Dependencies_ /* Dependencies */ = {
			isa = PBXGroup;
			children = (
				"_______Group_Witness" /* Witness */,
				"_______Group_LibYAML" /* LibYAML */,
				"_______Group_YAML" /* YAML */,
				"_______Group_CHoedown" /* CHoedown */,
				"_______Group_Hoedown" /* Hoedown */,
			);
			name = Dependencies;
			sourceTree = "<group>";
		};
		TestProducts_ /* Tests */ = {
			isa = PBXGroup;
			children = (
				"_____Product_SpeltTestSuite" /* SpeltTestSuite.xctest */,
			);
			name = Tests;
			sourceTree = "<group>";
		};
		"___RootGroup_" = {
			isa = PBXGroup;
			children = (
				__PBXFileRef_Package.swift /* Package.swift */,
				"_____Configs_" /* Configs */,
				"_____Sources_" /* Sources */,
				Dependencies_ /* Dependencies */,
				"_______Tests_" /* Tests */,
				"____Products_" /* Products */,
			);
			sourceTree = "<group>";
		};
		"____Products_" /* Products */ = {
			isa = PBXGroup;
			children = (
				TestProducts_ /* Tests */,
				"_____Product_Witness" /* Witness.framework */,
				"_____Product_LibYAML" /* LibYAML.framework */,
				"_____Product_YAML" /* YAML.framework */,
				"_____Product_CHoedown" /* CHoedown.framework */,
				"_____Product_Hoedown" /* Hoedown.framework */,
				"_____Product_CLI" /* CLI */,
				"_____Product_Spelt" /* Spelt.framework */,
			);
			name = Products;
			sourceTree = "<group>";
		};
		"_____Configs_" /* Configs */ = {
			isa = PBXGroup;
			children = (
				__PBXFileRef_SpeltPackage.xcodeproj/Configs/Project.xcconfig /* Project.xcconfig */,
			);
			name = Configs;
			sourceTree = "<group>";
		};
		"_____Sources_" /* Sources */ = {
			isa = PBXGroup;
			children = (
				"_______Group_CLI" /* CLI */,
				"_______Group_Spelt" /* Spelt */,
			);
			name = Sources;
			sourceTree = "<group>";
		};
		"_______Group_CHoedown" /* CHoedown */ = {
			isa = PBXGroup;
			children = (
				"__PBXFileRef_Packages/Hoedown-0.1.2/Sources/CHoedown/autolink.c" /* autolink.c */,
				"__PBXFileRef_Packages/Hoedown-0.1.2/Sources/CHoedown/buffer.c" /* buffer.c */,
				"__PBXFileRef_Packages/Hoedown-0.1.2/Sources/CHoedown/document.c" /* document.c */,
				"__PBXFileRef_Packages/Hoedown-0.1.2/Sources/CHoedown/escape.c" /* escape.c */,
				"__PBXFileRef_Packages/Hoedown-0.1.2/Sources/CHoedown/hoedown.c" /* hoedown.c */,
				"__PBXFileRef_Packages/Hoedown-0.1.2/Sources/CHoedown/html.c" /* html.c */,
				"__PBXFileRef_Packages/Hoedown-0.1.2/Sources/CHoedown/html_blocks.c" /* html_blocks.c */,
				"__PBXFileRef_Packages/Hoedown-0.1.2/Sources/CHoedown/html_smartypants.c" /* html_smartypants.c */,
				"__PBXFileRef_Packages/Hoedown-0.1.2/Sources/CHoedown/stack.c" /* stack.c */,
				"__PBXFileRef_Packages/Hoedown-0.1.2/Sources/CHoedown/version.c" /* version.c */,
				__PBXFileRef_CHoedown_Info.plist /* CHoedown_Info.plist */,
			);
			name = CHoedown;
			path = "Packages/Hoedown-0.1.2/Sources/CHoedown";
			sourceTree = "<group>";
		};
		"_______Group_CLI" /* CLI */ = {
			isa = PBXGroup;
			children = (
				__PBXFileRef_Sources/CLI/main.swift /* main.swift */,
			);
			name = CLI;
			path = Sources/CLI;
			sourceTree = "<group>";
		};
		"_______Group_Hoedown" /* Hoedown */ = {
			isa = PBXGroup;
			children = (
				"__PBXFileRef_Packages/Hoedown-0.1.2/Sources/Hoedown/Hoedown.swift" /* Hoedown.swift */,
				__PBXFileRef_Hoedown_Info.plist /* Hoedown_Info.plist */,
			);
			name = Hoedown;
			path = "Packages/Hoedown-0.1.2/Sources/Hoedown";
			sourceTree = "<group>";
		};
		"_______Group_LibYAML" /* LibYAML */ = {
			isa = PBXGroup;
			children = (
				"__PBXFileRef_Packages/YAML-0.1.1/Sources/LibYAML/api.c" /* api.c */,
				"__PBXFileRef_Packages/YAML-0.1.1/Sources/LibYAML/dumper.c" /* dumper.c */,
				"__PBXFileRef_Packages/YAML-0.1.1/Sources/LibYAML/emitter.c" /* emitter.c */,
				"__PBXFileRef_Packages/YAML-0.1.1/Sources/LibYAML/loader.c" /* loader.c */,
				"__PBXFileRef_Packages/YAML-0.1.1/Sources/LibYAML/parser.c" /* parser.c */,
				"__PBXFileRef_Packages/YAML-0.1.1/Sources/LibYAML/reader.c" /* reader.c */,
				"__PBXFileRef_Packages/YAML-0.1.1/Sources/LibYAML/scanner.c" /* scanner.c */,
				"__PBXFileRef_Packages/YAML-0.1.1/Sources/LibYAML/writer.c" /* writer.c */,
				"__PBXFileRef_Packages/YAML-0.1.1/Sources/LibYAML/yaml_helpers.c" /* yaml_helpers.c */,
				__PBXFileRef_LibYAML_Info.plist /* LibYAML_Info.plist */,
			);
			name = LibYAML;
			path = "Packages/YAML-0.1.1/Sources/LibYAML";
			sourceTree = "<group>";
		};
		"_______Group_Spelt" /* Spelt */ = {
			isa = PBXGroup;
			children = (
				__PBXFileRef_Sources/Spelt/Document.swift /* Document.swift */,
				__PBXFileRef_Sources/Spelt/Site.swift /* Site.swift */,
				__PBXFileRef_Sources/Spelt/SiteReader.swift /* SiteReader.swift */,
				__PBXFileRef_Sources/Spelt/StaticFile.swift /* StaticFile.swift */,
				__PBXFileRef_Spelt_Info.plist /* Spelt_Info.plist */,
			);
			name = Spelt;
			path = Sources/Spelt;
			sourceTree = "<group>";
		};
		"_______Group_SpeltTestSuite" /* SpeltTestSuite */ = {
			isa = PBXGroup;
			children = (
				__PBXFileRef_Tests/Spelt/SiteReaderTests.swift /* SiteReaderTests.swift */,
				__PBXFileRef_Tests/Spelt/SiteTests.swift /* SiteTests.swift */,
				__PBXFileRef_SpeltTestSuite_Info.plist /* SpeltTestSuite_Info.plist */,
			);
			name = SpeltTestSuite;
			path = Tests/Spelt;
			sourceTree = "<group>";
		};
		"_______Group_Witness" /* Witness */ = {
			isa = PBXGroup;
			children = (
				"__PBXFileRef_Packages/Witness-0.1.1/Sources/EventStream.swift" /* EventStream.swift */,
				"__PBXFileRef_Packages/Witness-0.1.1/Sources/FileEvent.swift" /* FileEvent.swift */,
				"__PBXFileRef_Packages/Witness-0.1.1/Sources/Witness.swift" /* Witness.swift */,
				__PBXFileRef_Witness_Info.plist /* Witness_Info.plist */,
			);
			name = Witness;
			path = "Packages/Witness-0.1.1/Sources";
			sourceTree = "<group>";
		};
		"_______Group_YAML" /* YAML */ = {
			isa = PBXGroup;
			children = (
				"__PBXFileRef_Packages/YAML-0.1.1/Sources/YAML/YAML.swift" /* YAML.swift */,
				"__PBXFileRef_Packages/YAML-0.1.1/Sources/YAML/YAMLEmitter.swift" /* YAMLEmitter.swift */,
				"__PBXFileRef_Packages/YAML-0.1.1/Sources/YAML/YAMLParser.swift" /* YAMLParser.swift */,
				"__PBXFileRef_Packages/YAML-0.1.1/Sources/YAML/YAMLValue.swift" /* YAMLValue.swift */,
				__PBXFileRef_YAML_Info.plist /* YAML_Info.plist */,
			);
			name = YAML;
			path = "Packages/YAML-0.1.1/Sources/YAML";
			sourceTree = "<group>";
		};
		"_______Tests_" /* Tests */ = {
			isa = PBXGroup;
			children = (
				"_______Group_SpeltTestSuite" /* SpeltTestSuite */,
			);
			name = Tests;
			sourceTree = "<group>";
		};
/* End PBXGroup section */

/* Begin PBXNativeTarget section */
		"______Target_CHoedown" /* CHoedown */ = {
			isa = PBXNativeTarget;
			buildConfigurationList = "_______Confs_CHoedown" /* Build configuration list for PBXNativeTarget "CHoedown" */;
			buildPhases = (
				CompilePhase_CHoedown /* Sources */,
				"___LinkPhase_CHoedown" /* Frameworks */,
			);
			buildRules = (
			);
			dependencies = (
			);
			name = CHoedown;
			productName = CHoedown;
			productReference = "_____Product_CHoedown" /* CHoedown.framework */;
			productType = "com.apple.product-type.framework";
		};
		"______Target_CLI" /* CLI */ = {
			isa = PBXNativeTarget;
			buildConfigurationList = "_______Confs_CLI" /* Build configuration list for PBXNativeTarget "CLI" */;
			buildPhases = (
				CompilePhase_CLI /* Sources */,
				"___LinkPhase_CLI" /* Frameworks */,
			);
			buildRules = (
			);
			dependencies = (
				__Dependency_CHoedown /* PBXTargetDependency */,
				__Dependency_Hoedown /* PBXTargetDependency */,
				__Dependency_LibYAML /* PBXTargetDependency */,
				__Dependency_YAML /* PBXTargetDependency */,
				__Dependency_Witness /* PBXTargetDependency */,
				__Dependency_Spelt /* PBXTargetDependency */,
			);
			name = CLI;
			productName = CLI;
			productReference = "_____Product_CLI" /* CLI */;
			productType = "com.apple.product-type.tool";
		};
		"______Target_Hoedown" /* Hoedown */ = {
			isa = PBXNativeTarget;
			buildConfigurationList = "_______Confs_Hoedown" /* Build configuration list for PBXNativeTarget "Hoedown" */;
			buildPhases = (
				CompilePhase_Hoedown /* Sources */,
				"___LinkPhase_Hoedown" /* Frameworks */,
			);
			buildRules = (
			);
			dependencies = (
				__Dependency_CHoedown /* PBXTargetDependency */,
			);
			name = Hoedown;
			productName = Hoedown;
			productReference = "_____Product_Hoedown" /* Hoedown.framework */;
			productType = "com.apple.product-type.framework";
		};
		"______Target_LibYAML" /* LibYAML */ = {
			isa = PBXNativeTarget;
			buildConfigurationList = "_______Confs_LibYAML" /* Build configuration list for PBXNativeTarget "LibYAML" */;
			buildPhases = (
				CompilePhase_LibYAML /* Sources */,
				"___LinkPhase_LibYAML" /* Frameworks */,
			);
			buildRules = (
			);
			dependencies = (
			);
			name = LibYAML;
			productName = LibYAML;
			productReference = "_____Product_LibYAML" /* LibYAML.framework */;
			productType = "com.apple.product-type.framework";
		};
		"______Target_Spelt" /* Spelt */ = {
			isa = PBXNativeTarget;
			buildConfigurationList = "_______Confs_Spelt" /* Build configuration list for PBXNativeTarget "Spelt" */;
			buildPhases = (
				CompilePhase_Spelt /* Sources */,
				"___LinkPhase_Spelt" /* Frameworks */,
			);
			buildRules = (
			);
			dependencies = (
				__Dependency_CHoedown /* PBXTargetDependency */,
				__Dependency_Hoedown /* PBXTargetDependency */,
				__Dependency_LibYAML /* PBXTargetDependency */,
				__Dependency_YAML /* PBXTargetDependency */,
				__Dependency_Witness /* PBXTargetDependency */,
			);
			name = Spelt;
			productName = Spelt;
			productReference = "_____Product_Spelt" /* Spelt.framework */;
			productType = "com.apple.product-type.framework";
		};
		"______Target_SpeltTestSuite" /* SpeltTestSuite */ = {
			isa = PBXNativeTarget;
			buildConfigurationList = "_______Confs_SpeltTestSuite" /* Build configuration list for PBXNativeTarget "SpeltTestSuite" */;
			buildPhases = (
				CompilePhase_SpeltTestSuite /* Sources */,
				"___LinkPhase_SpeltTestSuite" /* Frameworks */,
			);
			buildRules = (
			);
			dependencies = (
				__Dependency_CHoedown /* PBXTargetDependency */,
				__Dependency_Hoedown /* PBXTargetDependency */,
				__Dependency_LibYAML /* PBXTargetDependency */,
				__Dependency_YAML /* PBXTargetDependency */,
				__Dependency_Witness /* PBXTargetDependency */,
				__Dependency_Spelt /* PBXTargetDependency */,
			);
			name = SpeltTestSuite;
			productName = SpeltTestSuite;
			productReference = "_____Product_SpeltTestSuite" /* SpeltTestSuite.xctest */;
			productType = "com.apple.product-type.bundle.unit-test";
		};
		"______Target_Witness" /* Witness */ = {
			isa = PBXNativeTarget;
			buildConfigurationList = "_______Confs_Witness" /* Build configuration list for PBXNativeTarget "Witness" */;
			buildPhases = (
				CompilePhase_Witness /* Sources */,
				"___LinkPhase_Witness" /* Frameworks */,
			);
			buildRules = (
			);
			dependencies = (
			);
			name = Witness;
			productName = Witness;
			productReference = "_____Product_Witness" /* Witness.framework */;
			productType = "com.apple.product-type.framework";
		};
		"______Target_YAML" /* YAML */ = {
			isa = PBXNativeTarget;
			buildConfigurationList = "_______Confs_YAML" /* Build configuration list for PBXNativeTarget "YAML" */;
			buildPhases = (
				CompilePhase_YAML /* Sources */,
				"___LinkPhase_YAML" /* Frameworks */,
			);
			buildRules = (
			);
			dependencies = (
				__Dependency_LibYAML /* PBXTargetDependency */,
			);
			name = YAML;
			productName = YAML;
			productReference = "_____Product_YAML" /* YAML.framework */;
			productType = "com.apple.product-type.framework";
		};
/* End PBXNativeTarget section */

/* Begin PBXProject section */
		__RootObject_ /* Project object */ = {
			isa = PBXProject;
			attributes = {
				LastUpgradeCheck = 9999;
			};
			buildConfigurationList = "___RootConfs_" /* Build configuration list for PBXProject "SpeltPackage" */;
			compatibilityVersion = "Xcode 3.2";
			developmentRegion = English;
			hasScannedForEncodings = 0;
			knownRegions = (
				en,
			);
			mainGroup = "___RootGroup_";
			productRefGroup = "____Products_" /* Products */;
			projectDirPath = "";
			projectRoot = "";
			targets = (
				"______Target_Witness" /* Witness */,
				"______Target_LibYAML" /* LibYAML */,
				"______Target_YAML" /* YAML */,
				"______Target_CHoedown" /* CHoedown */,
				"______Target_Hoedown" /* Hoedown */,
				"______Target_CLI" /* CLI */,
				"______Target_Spelt" /* Spelt */,
				"______Target_SpeltTestSuite" /* SpeltTestSuite */,
			);
		};
/* End PBXProject section */

/* Begin PBXSourcesBuildPhase section */
		CompilePhase_CHoedown /* Sources */ = {
			isa = PBXSourcesBuildPhase;
			buildActionMask = 0;
			files = (
				"__src_cc_ref_Packages/Hoedown-0.1.2/Sources/CHoedown/autolink.c" /* autolink.c in Sources */,
				"__src_cc_ref_Packages/Hoedown-0.1.2/Sources/CHoedown/buffer.c" /* buffer.c in Sources */,
				"__src_cc_ref_Packages/Hoedown-0.1.2/Sources/CHoedown/document.c" /* document.c in Sources */,
				"__src_cc_ref_Packages/Hoedown-0.1.2/Sources/CHoedown/escape.c" /* escape.c in Sources */,
				"__src_cc_ref_Packages/Hoedown-0.1.2/Sources/CHoedown/hoedown.c" /* hoedown.c in Sources */,
				"__src_cc_ref_Packages/Hoedown-0.1.2/Sources/CHoedown/html.c" /* html.c in Sources */,
				"__src_cc_ref_Packages/Hoedown-0.1.2/Sources/CHoedown/html_blocks.c" /* html_blocks.c in Sources */,
				"__src_cc_ref_Packages/Hoedown-0.1.2/Sources/CHoedown/html_smartypants.c" /* html_smartypants.c in Sources */,
				"__src_cc_ref_Packages/Hoedown-0.1.2/Sources/CHoedown/stack.c" /* stack.c in Sources */,
				"__src_cc_ref_Packages/Hoedown-0.1.2/Sources/CHoedown/version.c" /* version.c in Sources */,
			);
			runOnlyForDeploymentPostprocessing = 0;
		};
		CompilePhase_CLI /* Sources */ = {
			isa = PBXSourcesBuildPhase;
			buildActionMask = 0;
			files = (
				__src_cc_ref_Sources/CLI/main.swift /* main.swift in Sources */,
			);
			runOnlyForDeploymentPostprocessing = 0;
		};
		CompilePhase_Hoedown /* Sources */ = {
			isa = PBXSourcesBuildPhase;
			buildActionMask = 0;
			files = (
				"__src_cc_ref_Packages/Hoedown-0.1.2/Sources/Hoedown/Hoedown.swift" /* Hoedown.swift in Sources */,
			);
			runOnlyForDeploymentPostprocessing = 0;
		};
		CompilePhase_LibYAML /* Sources */ = {
			isa = PBXSourcesBuildPhase;
			buildActionMask = 0;
			files = (
				"__src_cc_ref_Packages/YAML-0.1.1/Sources/LibYAML/api.c" /* api.c in Sources */,
				"__src_cc_ref_Packages/YAML-0.1.1/Sources/LibYAML/dumper.c" /* dumper.c in Sources */,
				"__src_cc_ref_Packages/YAML-0.1.1/Sources/LibYAML/emitter.c" /* emitter.c in Sources */,
				"__src_cc_ref_Packages/YAML-0.1.1/Sources/LibYAML/loader.c" /* loader.c in Sources */,
				"__src_cc_ref_Packages/YAML-0.1.1/Sources/LibYAML/parser.c" /* parser.c in Sources */,
				"__src_cc_ref_Packages/YAML-0.1.1/Sources/LibYAML/reader.c" /* reader.c in Sources */,
				"__src_cc_ref_Packages/YAML-0.1.1/Sources/LibYAML/scanner.c" /* scanner.c in Sources */,
				"__src_cc_ref_Packages/YAML-0.1.1/Sources/LibYAML/writer.c" /* writer.c in Sources */,
				"__src_cc_ref_Packages/YAML-0.1.1/Sources/LibYAML/yaml_helpers.c" /* yaml_helpers.c in Sources */,
			);
			runOnlyForDeploymentPostprocessing = 0;
		};
		CompilePhase_Spelt /* Sources */ = {
			isa = PBXSourcesBuildPhase;
			buildActionMask = 0;
			files = (
				__src_cc_ref_Sources/Spelt/Document.swift /* Document.swift in Sources */,
				__src_cc_ref_Sources/Spelt/Site.swift /* Site.swift in Sources */,
				__src_cc_ref_Sources/Spelt/SiteReader.swift /* SiteReader.swift in Sources */,
				__src_cc_ref_Sources/Spelt/StaticFile.swift /* StaticFile.swift in Sources */,
			);
			runOnlyForDeploymentPostprocessing = 0;
		};
		CompilePhase_SpeltTestSuite /* Sources */ = {
			isa = PBXSourcesBuildPhase;
			buildActionMask = 0;
			files = (
				__src_cc_ref_Tests/Spelt/SiteReaderTests.swift /* SiteReaderTests.swift in Sources */,
				__src_cc_ref_Tests/Spelt/SiteTests.swift /* SiteTests.swift in Sources */,
			);
			runOnlyForDeploymentPostprocessing = 0;
		};
		CompilePhase_Witness /* Sources */ = {
			isa = PBXSourcesBuildPhase;
			buildActionMask = 0;
			files = (
				"__src_cc_ref_Packages/Witness-0.1.1/Sources/EventStream.swift" /* EventStream.swift in Sources */,
				"__src_cc_ref_Packages/Witness-0.1.1/Sources/FileEvent.swift" /* FileEvent.swift in Sources */,
				"__src_cc_ref_Packages/Witness-0.1.1/Sources/Witness.swift" /* Witness.swift in Sources */,
			);
			runOnlyForDeploymentPostprocessing = 0;
		};
		CompilePhase_YAML /* Sources */ = {
			isa = PBXSourcesBuildPhase;
			buildActionMask = 0;
			files = (
				"__src_cc_ref_Packages/YAML-0.1.1/Sources/YAML/YAML.swift" /* YAML.swift in Sources */,
				"__src_cc_ref_Packages/YAML-0.1.1/Sources/YAML/YAMLEmitter.swift" /* YAMLEmitter.swift in Sources */,
				"__src_cc_ref_Packages/YAML-0.1.1/Sources/YAML/YAMLParser.swift" /* YAMLParser.swift in Sources */,
				"__src_cc_ref_Packages/YAML-0.1.1/Sources/YAML/YAMLValue.swift" /* YAMLValue.swift in Sources */,
			);
			runOnlyForDeploymentPostprocessing = 0;
		};
/* End PBXSourcesBuildPhase section */

/* Begin PBXTargetDependency section */
		__Dependency_CHoedown /* PBXTargetDependency */ = {
			isa = PBXTargetDependency;
			target = "______Target_CHoedown" /* CHoedown */;
			targetProxy = FD8531971D4A26C600658286 /* PBXContainerItemProxy */;
		};
		__Dependency_Hoedown /* PBXTargetDependency */ = {
			isa = PBXTargetDependency;
			target = "______Target_Hoedown" /* Hoedown */;
			targetProxy = FD8531981D4A26C600658286 /* PBXContainerItemProxy */;
		};
		__Dependency_LibYAML /* PBXTargetDependency */ = {
			isa = PBXTargetDependency;
			target = "______Target_LibYAML" /* LibYAML */;
			targetProxy = FD8531961D4A26C600658286 /* PBXContainerItemProxy */;
		};
		__Dependency_Spelt /* PBXTargetDependency */ = {
			isa = PBXTargetDependency;
			target = "______Target_Spelt" /* Spelt */;
			targetProxy = FD85319B1D4A26C600658286 /* PBXContainerItemProxy */;
		};
		__Dependency_Witness /* PBXTargetDependency */ = {
			isa = PBXTargetDependency;
			target = "______Target_Witness" /* Witness */;
			targetProxy = FD85319A1D4A26C600658286 /* PBXContainerItemProxy */;
		};
		__Dependency_YAML /* PBXTargetDependency */ = {
			isa = PBXTargetDependency;
			target = "______Target_YAML" /* YAML */;
			targetProxy = FD8531991D4A26C600658286 /* PBXContainerItemProxy */;
		};
/* End PBXTargetDependency section */

/* Begin XCBuildConfiguration section */
		_ReleaseConf_CHoedown /* Release */ = {
			isa = XCBuildConfiguration;
			buildSettings = {
				DEFINES_MODULE = YES;
				ENABLE_TESTABILITY = YES;
				FRAMEWORK_SEARCH_PATHS = "$(PLATFORM_DIR)/Developer/Library/Frameworks";
				INFOPLIST_FILE = SpeltPackage.xcodeproj/CHoedown_Info.plist;
				LD_RUNPATH_SEARCH_PATHS = "$(TOOLCHAIN_DIR)/usr/lib/swift/macosx";
				MODULEMAP_FILE = SpeltPackage.xcodeproj/GeneratedModuleMap/CHoedown/module.modulemap;
				OTHER_LDFLAGS = "$(inherited)";
				OTHER_SWIFT_FLAGS = "$(inherited)";
				PRODUCT_MODULE_NAME = "$(TARGET_NAME:c99extidentifier)";
				PRODUCT_NAME = "$(TARGET_NAME:c99extidentifier)";
			};
			name = Release;
		};
		_ReleaseConf_CLI /* Release */ = {
			isa = XCBuildConfiguration;
			buildSettings = {
				FRAMEWORK_SEARCH_PATHS = "$(PLATFORM_DIR)/Developer/Library/Frameworks";
				HEADER_SEARCH_PATHS = (
					"/Users/njdehoog/Projects/Spelt/framework/Packages/Hoedown-0.1.2/Sources/CHoedown/include",
					"/Users/njdehoog/Projects/Spelt/framework/Packages/YAML-0.1.1/Sources/LibYAML/include",
				);
				LD_RUNPATH_SEARCH_PATHS = "$(TOOLCHAIN_DIR)/usr/lib/swift/macosx @executable_path";
				OTHER_LDFLAGS = "$(inherited)";
				OTHER_SWIFT_FLAGS = "$(inherited)";
				SWIFT_FORCE_DYNAMIC_LINK_STDLIB = YES;
				SWIFT_FORCE_STATIC_LINK_STDLIB = NO;
			};
			name = Release;
		};
		_ReleaseConf_Hoedown /* Release */ = {
			isa = XCBuildConfiguration;
			buildSettings = {
				ENABLE_TESTABILITY = YES;
				FRAMEWORK_SEARCH_PATHS = "$(PLATFORM_DIR)/Developer/Library/Frameworks";
				HEADER_SEARCH_PATHS = "/Users/njdehoog/Projects/Spelt/framework/Packages/Hoedown-0.1.2/Sources/CHoedown/include";
				INFOPLIST_FILE = SpeltPackage.xcodeproj/Hoedown_Info.plist;
				LD_RUNPATH_SEARCH_PATHS = "$(TOOLCHAIN_DIR)/usr/lib/swift/macosx";
				OTHER_LDFLAGS = "$(inherited)";
				OTHER_SWIFT_FLAGS = "$(inherited)";
				PRODUCT_MODULE_NAME = "$(TARGET_NAME:c99extidentifier)";
				PRODUCT_NAME = "$(TARGET_NAME:c99extidentifier)";
			};
			name = Release;
		};
		_ReleaseConf_LibYAML /* Release */ = {
			isa = XCBuildConfiguration;
			buildSettings = {
				DEFINES_MODULE = YES;
				ENABLE_TESTABILITY = YES;
				FRAMEWORK_SEARCH_PATHS = "$(PLATFORM_DIR)/Developer/Library/Frameworks";
				INFOPLIST_FILE = SpeltPackage.xcodeproj/LibYAML_Info.plist;
				LD_RUNPATH_SEARCH_PATHS = "$(TOOLCHAIN_DIR)/usr/lib/swift/macosx";
				MODULEMAP_FILE = SpeltPackage.xcodeproj/GeneratedModuleMap/LibYAML/module.modulemap;
				OTHER_LDFLAGS = "$(inherited)";
				OTHER_SWIFT_FLAGS = "$(inherited)";
				PRODUCT_MODULE_NAME = "$(TARGET_NAME:c99extidentifier)";
				PRODUCT_NAME = "$(TARGET_NAME:c99extidentifier)";
			};
			name = Release;
		};
		_ReleaseConf_Spelt /* Release */ = {
			isa = XCBuildConfiguration;
			buildSettings = {
				ENABLE_TESTABILITY = YES;
				FRAMEWORK_SEARCH_PATHS = "$(PLATFORM_DIR)/Developer/Library/Frameworks";
				HEADER_SEARCH_PATHS = (
					"/Users/njdehoog/Projects/Spelt/framework/Packages/Hoedown-0.1.2/Sources/CHoedown/include",
					"/Users/njdehoog/Projects/Spelt/framework/Packages/YAML-0.1.1/Sources/LibYAML/include",
				);
				INFOPLIST_FILE = SpeltPackage.xcodeproj/Spelt_Info.plist;
				LD_RUNPATH_SEARCH_PATHS = "$(TOOLCHAIN_DIR)/usr/lib/swift/macosx";
				OTHER_LDFLAGS = "$(inherited)";
				OTHER_SWIFT_FLAGS = "$(inherited)";
				PRODUCT_MODULE_NAME = "$(TARGET_NAME:c99extidentifier)";
				PRODUCT_NAME = "$(TARGET_NAME:c99extidentifier)";
			};
			name = Release;
		};
		_ReleaseConf_SpeltTestSuite /* Release */ = {
			isa = XCBuildConfiguration;
			buildSettings = {
				EMBEDDED_CONTENT_CONTAINS_SWIFT = YES;
				FRAMEWORK_SEARCH_PATHS = "$(PLATFORM_DIR)/Developer/Library/Frameworks";
				HEADER_SEARCH_PATHS = (
					"/Users/njdehoog/Projects/Spelt/framework/Packages/Hoedown-0.1.2/Sources/CHoedown/include",
					"/Users/njdehoog/Projects/Spelt/framework/Packages/YAML-0.1.1/Sources/LibYAML/include",
				);
				INFOPLIST_FILE = SpeltPackage.xcodeproj/SpeltTestSuite_Info.plist;
				LD_RUNPATH_SEARCH_PATHS = "@loader_path/../Frameworks";
				OTHER_LDFLAGS = "$(inherited)";
				OTHER_SWIFT_FLAGS = "$(inherited)";
			};
			name = Release;
		};
		_ReleaseConf_Witness /* Release */ = {
			isa = XCBuildConfiguration;
			buildSettings = {
				ENABLE_TESTABILITY = YES;
				FRAMEWORK_SEARCH_PATHS = "$(PLATFORM_DIR)/Developer/Library/Frameworks";
				INFOPLIST_FILE = SpeltPackage.xcodeproj/Witness_Info.plist;
				LD_RUNPATH_SEARCH_PATHS = "$(TOOLCHAIN_DIR)/usr/lib/swift/macosx";
				OTHER_LDFLAGS = "$(inherited)";
				OTHER_SWIFT_FLAGS = "$(inherited)";
				PRODUCT_MODULE_NAME = "$(TARGET_NAME:c99extidentifier)";
				PRODUCT_NAME = "$(TARGET_NAME:c99extidentifier)";
				SWIFT_INCLUDE_PATHS = "";
			};
			name = Release;
		};
		_ReleaseConf_YAML /* Release */ = {
			isa = XCBuildConfiguration;
			buildSettings = {
				ENABLE_TESTABILITY = YES;
				FRAMEWORK_SEARCH_PATHS = "$(PLATFORM_DIR)/Developer/Library/Frameworks";
				HEADER_SEARCH_PATHS = "/Users/njdehoog/Projects/Spelt/framework/Packages/YAML-0.1.1/Sources/LibYAML/include";
				INFOPLIST_FILE = SpeltPackage.xcodeproj/YAML_Info.plist;
				LD_RUNPATH_SEARCH_PATHS = "$(TOOLCHAIN_DIR)/usr/lib/swift/macosx";
				OTHER_LDFLAGS = "$(inherited)";
				OTHER_SWIFT_FLAGS = "$(inherited)";
				PRODUCT_MODULE_NAME = "$(TARGET_NAME:c99extidentifier)";
				PRODUCT_NAME = "$(TARGET_NAME:c99extidentifier)";
			};
			name = Release;
		};
		"___DebugConf_CHoedown" /* Debug */ = {
			isa = XCBuildConfiguration;
			buildSettings = {
				DEFINES_MODULE = YES;
				ENABLE_TESTABILITY = YES;
				FRAMEWORK_SEARCH_PATHS = "$(PLATFORM_DIR)/Developer/Library/Frameworks";
				INFOPLIST_FILE = SpeltPackage.xcodeproj/CHoedown_Info.plist;
				LD_RUNPATH_SEARCH_PATHS = "$(TOOLCHAIN_DIR)/usr/lib/swift/macosx";
				MODULEMAP_FILE = SpeltPackage.xcodeproj/GeneratedModuleMap/CHoedown/module.modulemap;
				OTHER_LDFLAGS = "$(inherited)";
				OTHER_SWIFT_FLAGS = "$(inherited)";
				PRODUCT_MODULE_NAME = "$(TARGET_NAME:c99extidentifier)";
				PRODUCT_NAME = "$(TARGET_NAME:c99extidentifier)";
				SWIFT_OPTIMIZATION_LEVEL = "-Onone";
			};
			name = Debug;
		};
		"___DebugConf_CLI" /* Debug */ = {
			isa = XCBuildConfiguration;
			buildSettings = {
				FRAMEWORK_SEARCH_PATHS = "$(PLATFORM_DIR)/Developer/Library/Frameworks";
				HEADER_SEARCH_PATHS = (
					"/Users/njdehoog/Projects/Spelt/framework/Packages/Hoedown-0.1.2/Sources/CHoedown/include",
					"/Users/njdehoog/Projects/Spelt/framework/Packages/YAML-0.1.1/Sources/LibYAML/include",
				);
				LD_RUNPATH_SEARCH_PATHS = "$(TOOLCHAIN_DIR)/usr/lib/swift/macosx @executable_path";
				OTHER_LDFLAGS = "$(inherited)";
				OTHER_SWIFT_FLAGS = "$(inherited)";
				SWIFT_FORCE_DYNAMIC_LINK_STDLIB = YES;
				SWIFT_FORCE_STATIC_LINK_STDLIB = NO;
				SWIFT_OPTIMIZATION_LEVEL = "-Onone";
			};
			name = Debug;
		};
		"___DebugConf_Hoedown" /* Debug */ = {
			isa = XCBuildConfiguration;
			buildSettings = {
				ENABLE_TESTABILITY = YES;
				FRAMEWORK_SEARCH_PATHS = "$(PLATFORM_DIR)/Developer/Library/Frameworks";
				HEADER_SEARCH_PATHS = "/Users/njdehoog/Projects/Spelt/framework/Packages/Hoedown-0.1.2/Sources/CHoedown/include";
				INFOPLIST_FILE = SpeltPackage.xcodeproj/Hoedown_Info.plist;
				LD_RUNPATH_SEARCH_PATHS = "$(TOOLCHAIN_DIR)/usr/lib/swift/macosx";
				OTHER_LDFLAGS = "$(inherited)";
				OTHER_SWIFT_FLAGS = "$(inherited)";
				PRODUCT_MODULE_NAME = "$(TARGET_NAME:c99extidentifier)";
				PRODUCT_NAME = "$(TARGET_NAME:c99extidentifier)";
				SWIFT_OPTIMIZATION_LEVEL = "-Onone";
			};
			name = Debug;
		};
		"___DebugConf_LibYAML" /* Debug */ = {
			isa = XCBuildConfiguration;
			buildSettings = {
				DEFINES_MODULE = YES;
				ENABLE_TESTABILITY = YES;
				FRAMEWORK_SEARCH_PATHS = "$(PLATFORM_DIR)/Developer/Library/Frameworks";
				INFOPLIST_FILE = SpeltPackage.xcodeproj/LibYAML_Info.plist;
				LD_RUNPATH_SEARCH_PATHS = "$(TOOLCHAIN_DIR)/usr/lib/swift/macosx";
				MODULEMAP_FILE = SpeltPackage.xcodeproj/GeneratedModuleMap/LibYAML/module.modulemap;
				OTHER_LDFLAGS = "$(inherited)";
				OTHER_SWIFT_FLAGS = "$(inherited)";
				PRODUCT_MODULE_NAME = "$(TARGET_NAME:c99extidentifier)";
				PRODUCT_NAME = "$(TARGET_NAME:c99extidentifier)";
				SWIFT_OPTIMIZATION_LEVEL = "-Onone";
			};
			name = Debug;
		};
		"___DebugConf_Spelt" /* Debug */ = {
			isa = XCBuildConfiguration;
			buildSettings = {
				ENABLE_TESTABILITY = YES;
				FRAMEWORK_SEARCH_PATHS = "$(PLATFORM_DIR)/Developer/Library/Frameworks";
				HEADER_SEARCH_PATHS = (
					"/Users/njdehoog/Projects/Spelt/framework/Packages/Hoedown-0.1.2/Sources/CHoedown/include",
					"/Users/njdehoog/Projects/Spelt/framework/Packages/YAML-0.1.1/Sources/LibYAML/include",
				);
				INFOPLIST_FILE = SpeltPackage.xcodeproj/Spelt_Info.plist;
				LD_RUNPATH_SEARCH_PATHS = "$(TOOLCHAIN_DIR)/usr/lib/swift/macosx";
				OTHER_LDFLAGS = "$(inherited)";
				OTHER_SWIFT_FLAGS = "$(inherited)";
				PRODUCT_MODULE_NAME = "$(TARGET_NAME:c99extidentifier)";
				PRODUCT_NAME = "$(TARGET_NAME:c99extidentifier)";
				SWIFT_OPTIMIZATION_LEVEL = "-Onone";
			};
			name = Debug;
		};
		"___DebugConf_SpeltTestSuite" /* Debug */ = {
			isa = XCBuildConfiguration;
			buildSettings = {
				EMBEDDED_CONTENT_CONTAINS_SWIFT = YES;
				FRAMEWORK_SEARCH_PATHS = "$(PLATFORM_DIR)/Developer/Library/Frameworks";
				HEADER_SEARCH_PATHS = (
					"/Users/njdehoog/Projects/Spelt/framework/Packages/Hoedown-0.1.2/Sources/CHoedown/include",
					"/Users/njdehoog/Projects/Spelt/framework/Packages/YAML-0.1.1/Sources/LibYAML/include",
				);
				INFOPLIST_FILE = SpeltPackage.xcodeproj/SpeltTestSuite_Info.plist;
				LD_RUNPATH_SEARCH_PATHS = "@loader_path/../Frameworks";
				OTHER_LDFLAGS = "$(inherited)";
				OTHER_SWIFT_FLAGS = "$(inherited)";
				SWIFT_OPTIMIZATION_LEVEL = "-Onone";
			};
			name = Debug;
		};
		"___DebugConf_Witness" /* Debug */ = {
			isa = XCBuildConfiguration;
			buildSettings = {
				ENABLE_TESTABILITY = YES;
				FRAMEWORK_SEARCH_PATHS = "$(PLATFORM_DIR)/Developer/Library/Frameworks";
				INFOPLIST_FILE = SpeltPackage.xcodeproj/Witness_Info.plist;
				LD_RUNPATH_SEARCH_PATHS = "$(TOOLCHAIN_DIR)/usr/lib/swift/macosx";
				OTHER_LDFLAGS = "$(inherited)";
				OTHER_SWIFT_FLAGS = "$(inherited)";
				PRODUCT_MODULE_NAME = "$(TARGET_NAME:c99extidentifier)";
				PRODUCT_NAME = "$(TARGET_NAME:c99extidentifier)";
				SWIFT_INCLUDE_PATHS = "";
				SWIFT_OPTIMIZATION_LEVEL = "-Onone";
			};
			name = Debug;
		};
		"___DebugConf_YAML" /* Debug */ = {
			isa = XCBuildConfiguration;
			buildSettings = {
				ENABLE_TESTABILITY = YES;
				FRAMEWORK_SEARCH_PATHS = "$(PLATFORM_DIR)/Developer/Library/Frameworks";
				HEADER_SEARCH_PATHS = "/Users/njdehoog/Projects/Spelt/framework/Packages/YAML-0.1.1/Sources/LibYAML/include";
				INFOPLIST_FILE = SpeltPackage.xcodeproj/YAML_Info.plist;
				LD_RUNPATH_SEARCH_PATHS = "$(TOOLCHAIN_DIR)/usr/lib/swift/macosx";
				OTHER_LDFLAGS = "$(inherited)";
				OTHER_SWIFT_FLAGS = "$(inherited)";
				PRODUCT_MODULE_NAME = "$(TARGET_NAME:c99extidentifier)";
				PRODUCT_NAME = "$(TARGET_NAME:c99extidentifier)";
				SWIFT_OPTIMIZATION_LEVEL = "-Onone";
			};
			name = Debug;
		};
		"_____Release_" /* Release */ = {
			isa = XCBuildConfiguration;
			baseConfigurationReference = __PBXFileRef_SpeltPackage.xcodeproj/Configs/Project.xcconfig /* Project.xcconfig */;
			buildSettings = {
				SWIFT_INCLUDE_PATHS = "$(SRCROOT)/.build/debug/";
				SWIFT_VERSION = 3.0;
			};
			name = Release;
		};
		"_______Debug_" /* Debug */ = {
			isa = XCBuildConfiguration;
			baseConfigurationReference = __PBXFileRef_SpeltPackage.xcodeproj/Configs/Project.xcconfig /* Project.xcconfig */;
			buildSettings = {
				SWIFT_INCLUDE_PATHS = "$(SRCROOT)/.build/debug/";
				SWIFT_VERSION = 3.0;
			};
			name = Debug;
		};
/* End XCBuildConfiguration section */

/* Begin XCConfigurationList section */
		"___RootConfs_" /* Build configuration list for PBXProject "SpeltPackage" */ = {
			isa = XCConfigurationList;
			buildConfigurations = (
				"_______Debug_" /* Debug */,
				"_____Release_" /* Release */,
			);
			defaultConfigurationIsVisible = 0;
			defaultConfigurationName = Debug;
		};
		"_______Confs_CHoedown" /* Build configuration list for PBXNativeTarget "CHoedown" */ = {
			isa = XCConfigurationList;
			buildConfigurations = (
				"___DebugConf_CHoedown" /* Debug */,
				_ReleaseConf_CHoedown /* Release */,
			);
			defaultConfigurationIsVisible = 0;
			defaultConfigurationName = Debug;
		};
		"_______Confs_CLI" /* Build configuration list for PBXNativeTarget "CLI" */ = {
			isa = XCConfigurationList;
			buildConfigurations = (
				"___DebugConf_CLI" /* Debug */,
				_ReleaseConf_CLI /* Release */,
			);
			defaultConfigurationIsVisible = 0;
			defaultConfigurationName = Debug;
		};
		"_______Confs_Hoedown" /* Build configuration list for PBXNativeTarget "Hoedown" */ = {
			isa = XCConfigurationList;
			buildConfigurations = (
				"___DebugConf_Hoedown" /* Debug */,
				_ReleaseConf_Hoedown /* Release */,
			);
			defaultConfigurationIsVisible = 0;
			defaultConfigurationName = Debug;
		};
		"_______Confs_LibYAML" /* Build configuration list for PBXNativeTarget "LibYAML" */ = {
			isa = XCConfigurationList;
			buildConfigurations = (
				"___DebugConf_LibYAML" /* Debug */,
				_ReleaseConf_LibYAML /* Release */,
			);
			defaultConfigurationIsVisible = 0;
			defaultConfigurationName = Debug;
		};
		"_______Confs_Spelt" /* Build configuration list for PBXNativeTarget "Spelt" */ = {
			isa = XCConfigurationList;
			buildConfigurations = (
				"___DebugConf_Spelt" /* Debug */,
				_ReleaseConf_Spelt /* Release */,
			);
			defaultConfigurationIsVisible = 0;
			defaultConfigurationName = Debug;
		};
		"_______Confs_SpeltTestSuite" /* Build configuration list for PBXNativeTarget "SpeltTestSuite" */ = {
			isa = XCConfigurationList;
			buildConfigurations = (
				"___DebugConf_SpeltTestSuite" /* Debug */,
				_ReleaseConf_SpeltTestSuite /* Release */,
			);
			defaultConfigurationIsVisible = 0;
			defaultConfigurationName = Debug;
		};
		"_______Confs_Witness" /* Build configuration list for PBXNativeTarget "Witness" */ = {
			isa = XCConfigurationList;
			buildConfigurations = (
				"___DebugConf_Witness" /* Debug */,
				_ReleaseConf_Witness /* Release */,
			);
			defaultConfigurationIsVisible = 0;
			defaultConfigurationName = Debug;
		};
		"_______Confs_YAML" /* Build configuration list for PBXNativeTarget "YAML" */ = {
			isa = XCConfigurationList;
			buildConfigurations = (
				"___DebugConf_YAML" /* Debug */,
				_ReleaseConf_YAML /* Release */,
			);
			defaultConfigurationIsVisible = 0;
			defaultConfigurationName = Debug;
		};
/* End XCConfigurationList section */
	};
	rootObject = __RootObject_ /* Project object */;
}
